
Microsoft Visual Studio Solution File, Format Version 11.00
# Visual Studio 2010
Project("{FAE04EC0-301F-11D3-BF4B-00C04F79EFBC}") = "CAS.SqlExecute", "CAS.SqlExecute.csproj", "{A72CDBB9-6175-41F0-8AC2-0F3B10CCC499}"
EndProject
Global
	GlobalSection(SolutionConfigurationPlatforms) = preSolution
		Debug|Any CPU = Debug|Any CPU
		Release|Any CPU = Release|Any CPU
	EndGlobalSection
	GlobalSection(ProjectConfigurationPlatforms) = postSolution
		{A72CDBB9-6175-41F0-8AC2-0F3B10CCC499}.Debug|Any CPU.ActiveCfg = Debug|Any CPU
		{A72CDBB9-6175-41F0-8AC2-0F3B10CCC499}.Debug|Any CPU.Build.0 = Debug|Any CPU
		{A72CDBB9-6175-41F0-8AC2-0F3B10CCC499}.Release|Any CPU.ActiveCfg = Release|Any CPU
		{A72CDBB9-6175-41F0-8AC2-0F3B10CCC499}.Release|Any CPU.Build.0 = Release|Any CPU
	EndGlobalSection
	GlobalSection(SolutionProperties) = preSolution
		HideSolutionNode = FALSE
	EndGlobalSection
EndGlobal
