
Microsoft Visual Studio Solution File, Format Version 12.00
# Visual Studio 2013
VisualStudioVersion = 12.0.21005.1
MinimumVisualStudioVersion = 10.0.40219.1
Project("{2150E333-8FDC-42A3-9474-1A3956D46DE8}") = "FxtNHibernate", "FxtNHibernate", "{FCE8A60B-7165-43C8-BD36-EF9C5FCD9993}"
EndProject
Project("{2150E333-8FDC-42A3-9474-1A3956D46DE8}") = "FxtService", "FxtService", "{5FA68A65-A125-48F2-BC79-D5FE7155D80E}"
EndProject
Project("{FAE04EC0-301F-11D3-BF4B-00C04F79EFBC}") = "FxtService.Contract", "FxtService.Contract\FxtService.Contract.csproj", "{F69DB682-26E7-42D8-BFDD-FC7789BF4C44}"
EndProject
Project("{FAE04EC0-301F-11D3-BF4B-00C04F79EFBC}") = "FxtService.Service", "FxtService.Service\FxtService.Service.csproj", "{2B9C4CFE-30F5-476A-BACD-259D90433BE3}"
EndProject
Project("{FAE04EC0-301F-11D3-BF4B-00C04F79EFBC}") = "FxtService.Hosting", "FxtService.Hosting\FxtService.Hosting.csproj", "{72480FE0-585C-46EF-92AA-F64A7E7DE53E}"
EndProject
Project("{FAE04EC0-301F-11D3-BF4B-00C04F79EFBC}") = "FxtService.Test", "FxtService.Test\FxtService.Test.csproj", "{D7D9D8A1-BD73-403C-9AA8-44E0EB5E5247}"
EndProject
Project("{FAE04EC0-301F-11D3-BF4B-00C04F79EFBC}") = "FxtService.Proxy", "FxtService.Proxy\FxtService.Proxy.csproj", "{E47FA4B6-19B7-4536-BA20-4DB086B2F8CA}"
	ProjectSection(ProjectDependencies) = postProject
		{72480FE0-585C-46EF-92AA-F64A7E7DE53E} = {72480FE0-585C-46EF-92AA-F64A7E7DE53E}
	EndProjectSection
EndProject
Project("{FAE04EC0-301F-11D3-BF4B-00C04F79EFBC}") = "FxtService.Common", "FxtService.Common\FxtService.Common.csproj", "{8EEA3BC1-89BC-4650-AC22-A1D7B0291F6F}"
EndProject
Project("{FAE04EC0-301F-11D3-BF4B-00C04F79EFBC}") = "FxtNHibernater.Data", "FxtNHibernater.Data\FxtNHibernater.Data.csproj", "{BF7A0279-12E0-4679-887C-8E87F70D80DC}"
EndProject
Project("{FAE04EC0-301F-11D3-BF4B-00C04F79EFBC}") = "FxtNHibernate.FxtDataUserDomain", "FxtNHibernate.FxtDataUserDomain\FxtNHibernate.FxtDataUserDomain.csproj", "{33967EF1-D246-4EC2-BDF5-981B78B82387}"
EndProject
Project("{FAE04EC0-301F-11D3-BF4B-00C04F79EFBC}") = "FxtNHibernate.DTODomain", "FxtNHibernate.DTODomain\FxtNHibernate.DTODomain.csproj", "{36FCCDF4-CA87-4BFC-8C2C-02230FCF9B90}"
EndProject
Project("{FAE04EC0-301F-11D3-BF4B-00C04F79EFBC}") = "FxtNHibernate.DATProjectDomain", "FxtNHibernate.DATProjectDomain\FxtNHibernate.DATProjectDomain.csproj", "{50C6C35D-8D7D-4B1F-B510-B07374413A27}"
EndProject
Project("{FAE04EC0-301F-11D3-BF4B-00C04F79EFBC}") = "FxtNHibernate.FxtLoanDomain", "FxtNHibernate.FxtLoanDomain\FxtNHibernate.FxtLoanDomain.csproj", "{EBF122FC-1CE4-4E96-9854-F9C1867F583F}"
EndProject
Project("{FAE04EC0-301F-11D3-BF4B-00C04F79EFBC}") = "FxtCommonLibrary", "..\FxtCollateralManager\FxtCommonLibrary\FxtCommonLibrary.csproj", "{5B8C38D2-582F-4C82-8EF5-2B052272DAD9}"
EndProject
Project("{FAE04EC0-301F-11D3-BF4B-00C04F79EFBC}") = "FxtNHibernate.FxtTempDomain", "FxtNHibernate.FxtTempDomain\FxtNHibernate.FxtTempDomain.csproj", "{353B326D-79E2-458D-87D8-7ABDEF9BAF2D}"
EndProject
Project("{FAE04EC0-301F-11D3-BF4B-00C04F79EFBC}") = "CAS.Common.MVC4", "..\..\CommonProject\trunk\CAS.Common.MVC4\CAS.Common.MVC4.csproj", "{FA2001F0-7369-4521-924E-05EFF30462F0}"
EndProject
Project("{FAE04EC0-301F-11D3-BF4B-00C04F79EFBC}") = "CAS.Entity", "..\..\CommonProject\trunk\CAS.Entity\CAS.Entity.csproj", "{2C1CBB22-7CBF-485F-8DED-B2162F65F48F}"
EndProject
Project("{FAE04EC0-301F-11D3-BF4B-00C04F79EFBC}") = "CAS.Entity.BaseDAModels", "..\..\CommonDll\CAS.Entity.BaseDAModels\CAS.Entity.BaseDAModels.csproj", "{2F0D611E-E9FC-429E-945B-1656F7435761}"
EndProject
Project("{FAE04EC0-301F-11D3-BF4B-00C04F79EFBC}") = "CAS.DataAccess.BaseDAModels", "..\..\CommonDll\CAS.DataAccess.BaseDAModels\CAS.DataAccess.BaseDAModels.csproj", "{41617BB0-90FA-46C3-ADA2-6B42D68CDE3F}"
EndProject
Global
	GlobalSection(SubversionScc) = preSolution
		Svn-Managed = True
		Manager = AnkhSVN - Subversion Support for Visual Studio
	EndGlobalSection
	GlobalSection(SolutionConfigurationPlatforms) = preSolution
		Debug|Any CPU = Debug|Any CPU
		Debug|Mixed Platforms = Debug|Mixed Platforms
		Debug|x86 = Debug|x86
		godlike|Any CPU = godlike|Any CPU
		godlike|Mixed Platforms = godlike|Mixed Platforms
		godlike|x86 = godlike|x86
		Release|Any CPU = Release|Any CPU
		Release|Mixed Platforms = Release|Mixed Platforms
		Release|x86 = Release|x86
	EndGlobalSection
	GlobalSection(ProjectConfigurationPlatforms) = postSolution
		{F69DB682-26E7-42D8-BFDD-FC7789BF4C44}.Debug|Any CPU.ActiveCfg = Debug|Any CPU
		{F69DB682-26E7-42D8-BFDD-FC7789BF4C44}.Debug|Any CPU.Build.0 = Debug|Any CPU
		{F69DB682-26E7-42D8-BFDD-FC7789BF4C44}.Debug|Mixed Platforms.ActiveCfg = Debug|Any CPU
		{F69DB682-26E7-42D8-BFDD-FC7789BF4C44}.Debug|Mixed Platforms.Build.0 = Debug|Any CPU
		{F69DB682-26E7-42D8-BFDD-FC7789BF4C44}.Debug|x86.ActiveCfg = Debug|Any CPU
		{F69DB682-26E7-42D8-BFDD-FC7789BF4C44}.godlike|Any CPU.ActiveCfg = Release|Any CPU
		{F69DB682-26E7-42D8-BFDD-FC7789BF4C44}.godlike|Any CPU.Build.0 = Release|Any CPU
		{F69DB682-26E7-42D8-BFDD-FC7789BF4C44}.godlike|Mixed Platforms.ActiveCfg = Release|Any CPU
		{F69DB682-26E7-42D8-BFDD-FC7789BF4C44}.godlike|Mixed Platforms.Build.0 = Release|Any CPU
		{F69DB682-26E7-42D8-BFDD-FC7789BF4C44}.godlike|x86.ActiveCfg = Release|Any CPU
		{F69DB682-26E7-42D8-BFDD-FC7789BF4C44}.Release|Any CPU.ActiveCfg = Release|Any CPU
		{F69DB682-26E7-42D8-BFDD-FC7789BF4C44}.Release|Any CPU.Build.0 = Release|Any CPU
		{F69DB682-26E7-42D8-BFDD-FC7789BF4C44}.Release|Mixed Platforms.ActiveCfg = Release|Any CPU
		{F69DB682-26E7-42D8-BFDD-FC7789BF4C44}.Release|Mixed Platforms.Build.0 = Release|Any CPU
		{F69DB682-26E7-42D8-BFDD-FC7789BF4C44}.Release|x86.ActiveCfg = Release|Any CPU
		{2B9C4CFE-30F5-476A-BACD-259D90433BE3}.Debug|Any CPU.ActiveCfg = Debug|Any CPU
		{2B9C4CFE-30F5-476A-BACD-259D90433BE3}.Debug|Any CPU.Build.0 = Debug|Any CPU
		{2B9C4CFE-30F5-476A-BACD-259D90433BE3}.Debug|Mixed Platforms.ActiveCfg = Debug|Any CPU
		{2B9C4CFE-30F5-476A-BACD-259D90433BE3}.Debug|Mixed Platforms.Build.0 = Debug|Any CPU
		{2B9C4CFE-30F5-476A-BACD-259D90433BE3}.Debug|x86.ActiveCfg = Debug|Any CPU
		{2B9C4CFE-30F5-476A-BACD-259D90433BE3}.godlike|Any CPU.ActiveCfg = Release|Any CPU
		{2B9C4CFE-30F5-476A-BACD-259D90433BE3}.godlike|Any CPU.Build.0 = Release|Any CPU
		{2B9C4CFE-30F5-476A-BACD-259D90433BE3}.godlike|Mixed Platforms.ActiveCfg = Release|Any CPU
		{2B9C4CFE-30F5-476A-BACD-259D90433BE3}.godlike|Mixed Platforms.Build.0 = Release|Any CPU
		{2B9C4CFE-30F5-476A-BACD-259D90433BE3}.godlike|x86.ActiveCfg = Release|Any CPU
		{2B9C4CFE-30F5-476A-BACD-259D90433BE3}.Release|Any CPU.ActiveCfg = Release|Any CPU
		{2B9C4CFE-30F5-476A-BACD-259D90433BE3}.Release|Any CPU.Build.0 = Release|Any CPU
		{2B9C4CFE-30F5-476A-BACD-259D90433BE3}.Release|Mixed Platforms.ActiveCfg = Release|Any CPU
		{2B9C4CFE-30F5-476A-BACD-259D90433BE3}.Release|Mixed Platforms.Build.0 = Release|Any CPU
		{2B9C4CFE-30F5-476A-BACD-259D90433BE3}.Release|x86.ActiveCfg = Release|Any CPU
		{72480FE0-585C-46EF-92AA-F64A7E7DE53E}.Debug|Any CPU.ActiveCfg = Debug|Any CPU
		{72480FE0-585C-46EF-92AA-F64A7E7DE53E}.Debug|Any CPU.Build.0 = Debug|Any CPU
		{72480FE0-585C-46EF-92AA-F64A7E7DE53E}.Debug|Mixed Platforms.ActiveCfg = Debug|Any CPU
		{72480FE0-585C-46EF-92AA-F64A7E7DE53E}.Debug|Mixed Platforms.Build.0 = Debug|Any CPU
		{72480FE0-585C-46EF-92AA-F64A7E7DE53E}.Debug|x86.ActiveCfg = Debug|Any CPU
		{72480FE0-585C-46EF-92AA-F64A7E7DE53E}.godlike|Any CPU.ActiveCfg = Release|Any CPU
		{72480FE0-585C-46EF-92AA-F64A7E7DE53E}.godlike|Any CPU.Build.0 = Release|Any CPU
		{72480FE0-585C-46EF-92AA-F64A7E7DE53E}.godlike|Mixed Platforms.ActiveCfg = Release|Any CPU
		{72480FE0-585C-46EF-92AA-F64A7E7DE53E}.godlike|Mixed Platforms.Build.0 = Release|Any CPU
		{72480FE0-585C-46EF-92AA-F64A7E7DE53E}.godlike|x86.ActiveCfg = Release|Any CPU
		{72480FE0-585C-46EF-92AA-F64A7E7DE53E}.Release|Any CPU.ActiveCfg = Release|Any CPU
		{72480FE0-585C-46EF-92AA-F64A7E7DE53E}.Release|Any CPU.Build.0 = Release|Any CPU
		{72480FE0-585C-46EF-92AA-F64A7E7DE53E}.Release|Mixed Platforms.ActiveCfg = Release|Any CPU
		{72480FE0-585C-46EF-92AA-F64A7E7DE53E}.Release|Mixed Platforms.Build.0 = Release|Any CPU
		{72480FE0-585C-46EF-92AA-F64A7E7DE53E}.Release|x86.ActiveCfg = Release|Any CPU
		{D7D9D8A1-BD73-403C-9AA8-44E0EB5E5247}.Debug|Any CPU.ActiveCfg = Debug|x86
		{D7D9D8A1-BD73-403C-9AA8-44E0EB5E5247}.Debug|Mixed Platforms.ActiveCfg = Debug|x86
		{D7D9D8A1-BD73-403C-9AA8-44E0EB5E5247}.Debug|Mixed Platforms.Build.0 = Debug|x86
		{D7D9D8A1-BD73-403C-9AA8-44E0EB5E5247}.Debug|x86.ActiveCfg = Debug|x86
		{D7D9D8A1-BD73-403C-9AA8-44E0EB5E5247}.Debug|x86.Build.0 = Debug|x86
		{D7D9D8A1-BD73-403C-9AA8-44E0EB5E5247}.godlike|Any CPU.ActiveCfg = Release|x86
		{D7D9D8A1-BD73-403C-9AA8-44E0EB5E5247}.godlike|Mixed Platforms.ActiveCfg = Release|x86
		{D7D9D8A1-BD73-403C-9AA8-44E0EB5E5247}.godlike|Mixed Platforms.Build.0 = Release|x86
		{D7D9D8A1-BD73-403C-9AA8-44E0EB5E5247}.godlike|x86.ActiveCfg = Release|x86
		{D7D9D8A1-BD73-403C-9AA8-44E0EB5E5247}.godlike|x86.Build.0 = Release|x86
		{D7D9D8A1-BD73-403C-9AA8-44E0EB5E5247}.Release|Any CPU.ActiveCfg = Release|x86
		{D7D9D8A1-BD73-403C-9AA8-44E0EB5E5247}.Release|Mixed Platforms.ActiveCfg = Release|x86
		{D7D9D8A1-BD73-403C-9AA8-44E0EB5E5247}.Release|Mixed Platforms.Build.0 = Release|x86
		{D7D9D8A1-BD73-403C-9AA8-44E0EB5E5247}.Release|x86.ActiveCfg = Release|x86
		{D7D9D8A1-BD73-403C-9AA8-44E0EB5E5247}.Release|x86.Build.0 = Release|x86
		{E47FA4B6-19B7-4536-BA20-4DB086B2F8CA}.Debug|Any CPU.ActiveCfg = Debug|Any CPU
		{E47FA4B6-19B7-4536-BA20-4DB086B2F8CA}.Debug|Any CPU.Build.0 = Debug|Any CPU
		{E47FA4B6-19B7-4536-BA20-4DB086B2F8CA}.Debug|Mixed Platforms.ActiveCfg = Debug|Any CPU
		{E47FA4B6-19B7-4536-BA20-4DB086B2F8CA}.Debug|Mixed Platforms.Build.0 = Debug|Any CPU
		{E47FA4B6-19B7-4536-BA20-4DB086B2F8CA}.Debug|x86.ActiveCfg = Debug|Any CPU
		{E47FA4B6-19B7-4536-BA20-4DB086B2F8CA}.godlike|Any CPU.ActiveCfg = Release|Any CPU
		{E47FA4B6-19B7-4536-BA20-4DB086B2F8CA}.godlike|Any CPU.Build.0 = Release|Any CPU
		{E47FA4B6-19B7-4536-BA20-4DB086B2F8CA}.godlike|Mixed Platforms.ActiveCfg = Release|Any CPU
		{E47FA4B6-19B7-4536-BA20-4DB086B2F8CA}.godlike|Mixed Platforms.Build.0 = Release|Any CPU
		{E47FA4B6-19B7-4536-BA20-4DB086B2F8CA}.godlike|x86.ActiveCfg = Release|Any CPU
		{E47FA4B6-19B7-4536-BA20-4DB086B2F8CA}.Release|Any CPU.ActiveCfg = Release|Any CPU
		{E47FA4B6-19B7-4536-BA20-4DB086B2F8CA}.Release|Any CPU.Build.0 = Release|Any CPU
		{E47FA4B6-19B7-4536-BA20-4DB086B2F8CA}.Release|Mixed Platforms.ActiveCfg = Release|Any CPU
		{E47FA4B6-19B7-4536-BA20-4DB086B2F8CA}.Release|Mixed Platforms.Build.0 = Release|Any CPU
		{E47FA4B6-19B7-4536-BA20-4DB086B2F8CA}.Release|x86.ActiveCfg = Release|Any CPU
		{8EEA3BC1-89BC-4650-AC22-A1D7B0291F6F}.Debug|Any CPU.ActiveCfg = Debug|Any CPU
		{8EEA3BC1-89BC-4650-AC22-A1D7B0291F6F}.Debug|Any CPU.Build.0 = Debug|Any CPU
		{8EEA3BC1-89BC-4650-AC22-A1D7B0291F6F}.Debug|Mixed Platforms.ActiveCfg = Debug|Any CPU
		{8EEA3BC1-89BC-4650-AC22-A1D7B0291F6F}.Debug|Mixed Platforms.Build.0 = Debug|Any CPU
		{8EEA3BC1-89BC-4650-AC22-A1D7B0291F6F}.Debug|x86.ActiveCfg = Debug|Any CPU
		{8EEA3BC1-89BC-4650-AC22-A1D7B0291F6F}.godlike|Any CPU.ActiveCfg = Release|Any CPU
		{8EEA3BC1-89BC-4650-AC22-A1D7B0291F6F}.godlike|Any CPU.Build.0 = Release|Any CPU
		{8EEA3BC1-89BC-4650-AC22-A1D7B0291F6F}.godlike|Mixed Platforms.ActiveCfg = Release|Any CPU
		{8EEA3BC1-89BC-4650-AC22-A1D7B0291F6F}.godlike|Mixed Platforms.Build.0 = Release|Any CPU
		{8EEA3BC1-89BC-4650-AC22-A1D7B0291F6F}.godlike|x86.ActiveCfg = Release|Any CPU
		{8EEA3BC1-89BC-4650-AC22-A1D7B0291F6F}.Release|Any CPU.ActiveCfg = Release|Any CPU
		{8EEA3BC1-89BC-4650-AC22-A1D7B0291F6F}.Release|Any CPU.Build.0 = Release|Any CPU
		{8EEA3BC1-89BC-4650-AC22-A1D7B0291F6F}.Release|Mixed Platforms.ActiveCfg = Release|Any CPU
		{8EEA3BC1-89BC-4650-AC22-A1D7B0291F6F}.Release|Mixed Platforms.Build.0 = Release|Any CPU
		{8EEA3BC1-89BC-4650-AC22-A1D7B0291F6F}.Release|x86.ActiveCfg = Release|Any CPU
		{BF7A0279-12E0-4679-887C-8E87F70D80DC}.Debug|Any CPU.ActiveCfg = Debug|Any CPU
		{BF7A0279-12E0-4679-887C-8E87F70D80DC}.Debug|Any CPU.Build.0 = Debug|Any CPU
		{BF7A0279-12E0-4679-887C-8E87F70D80DC}.Debug|Mixed Platforms.ActiveCfg = Debug|Any CPU
		{BF7A0279-12E0-4679-887C-8E87F70D80DC}.Debug|Mixed Platforms.Build.0 = Debug|Any CPU
		{BF7A0279-12E0-4679-887C-8E87F70D80DC}.Debug|x86.ActiveCfg = Debug|Any CPU
		{BF7A0279-12E0-4679-887C-8E87F70D80DC}.godlike|Any CPU.ActiveCfg = Release|Any CPU
		{BF7A0279-12E0-4679-887C-8E87F70D80DC}.godlike|Any CPU.Build.0 = Release|Any CPU
		{BF7A0279-12E0-4679-887C-8E87F70D80DC}.godlike|Mixed Platforms.ActiveCfg = Release|Any CPU
		{BF7A0279-12E0-4679-887C-8E87F70D80DC}.godlike|Mixed Platforms.Build.0 = Release|Any CPU
		{BF7A0279-12E0-4679-887C-8E87F70D80DC}.godlike|x86.ActiveCfg = Release|Any CPU
		{BF7A0279-12E0-4679-887C-8E87F70D80DC}.Release|Any CPU.ActiveCfg = Release|Any CPU
		{BF7A0279-12E0-4679-887C-8E87F70D80DC}.Release|Any CPU.Build.0 = Release|Any CPU
		{BF7A0279-12E0-4679-887C-8E87F70D80DC}.Release|Mixed Platforms.ActiveCfg = Release|Any CPU
		{BF7A0279-12E0-4679-887C-8E87F70D80DC}.Release|Mixed Platforms.Build.0 = Release|Any CPU
		{BF7A0279-12E0-4679-887C-8E87F70D80DC}.Release|x86.ActiveCfg = Release|Any CPU
		{33967EF1-D246-4EC2-BDF5-981B78B82387}.Debug|Any CPU.ActiveCfg = Debug|Any CPU
		{33967EF1-D246-4EC2-BDF5-981B78B82387}.Debug|Any CPU.Build.0 = Debug|Any CPU
		{33967EF1-D246-4EC2-BDF5-981B78B82387}.Debug|Mixed Platforms.ActiveCfg = Debug|Any CPU
		{33967EF1-D246-4EC2-BDF5-981B78B82387}.Debug|Mixed Platforms.Build.0 = Debug|Any CPU
		{33967EF1-D246-4EC2-BDF5-981B78B82387}.Debug|x86.ActiveCfg = Debug|Any CPU
		{33967EF1-D246-4EC2-BDF5-981B78B82387}.godlike|Any CPU.ActiveCfg = Release|Any CPU
		{33967EF1-D246-4EC2-BDF5-981B78B82387}.godlike|Any CPU.Build.0 = Release|Any CPU
		{33967EF1-D246-4EC2-BDF5-981B78B82387}.godlike|Mixed Platforms.ActiveCfg = Release|Any CPU
		{33967EF1-D246-4EC2-BDF5-981B78B82387}.godlike|Mixed Platforms.Build.0 = Release|Any CPU
		{33967EF1-D246-4EC2-BDF5-981B78B82387}.godlike|x86.ActiveCfg = Release|Any CPU
		{33967EF1-D246-4EC2-BDF5-981B78B82387}.Release|Any CPU.ActiveCfg = Release|Any CPU
		{33967EF1-D246-4EC2-BDF5-981B78B82387}.Release|Any CPU.Build.0 = Release|Any CPU
		{33967EF1-D246-4EC2-BDF5-981B78B82387}.Release|Mixed Platforms.ActiveCfg = Release|Any CPU
		{33967EF1-D246-4EC2-BDF5-981B78B82387}.Release|Mixed Platforms.Build.0 = Release|Any CPU
		{33967EF1-D246-4EC2-BDF5-981B78B82387}.Release|x86.ActiveCfg = Release|Any CPU
		{36FCCDF4-CA87-4BFC-8C2C-02230FCF9B90}.Debug|Any CPU.ActiveCfg = Debug|Any CPU
		{36FCCDF4-CA87-4BFC-8C2C-02230FCF9B90}.Debug|Any CPU.Build.0 = Debug|Any CPU
		{36FCCDF4-CA87-4BFC-8C2C-02230FCF9B90}.Debug|Mixed Platforms.ActiveCfg = Debug|Any CPU
		{36FCCDF4-CA87-4BFC-8C2C-02230FCF9B90}.Debug|Mixed Platforms.Build.0 = Debug|Any CPU
		{36FCCDF4-CA87-4BFC-8C2C-02230FCF9B90}.Debug|x86.ActiveCfg = Debug|Any CPU
		{36FCCDF4-CA87-4BFC-8C2C-02230FCF9B90}.godlike|Any CPU.ActiveCfg = Release|Any CPU
		{36FCCDF4-CA87-4BFC-8C2C-02230FCF9B90}.godlike|Any CPU.Build.0 = Release|Any CPU
		{36FCCDF4-CA87-4BFC-8C2C-02230FCF9B90}.godlike|Mixed Platforms.ActiveCfg = Release|Any CPU
		{36FCCDF4-CA87-4BFC-8C2C-02230FCF9B90}.godlike|Mixed Platforms.Build.0 = Release|Any CPU
		{36FCCDF4-CA87-4BFC-8C2C-02230FCF9B90}.godlike|x86.ActiveCfg = Release|Any CPU
		{36FCCDF4-CA87-4BFC-8C2C-02230FCF9B90}.Release|Any CPU.ActiveCfg = Release|Any CPU
		{36FCCDF4-CA87-4BFC-8C2C-02230FCF9B90}.Release|Any CPU.Build.0 = Release|Any CPU
		{36FCCDF4-CA87-4BFC-8C2C-02230FCF9B90}.Release|Mixed Platforms.ActiveCfg = Release|Any CPU
		{36FCCDF4-CA87-4BFC-8C2C-02230FCF9B90}.Release|Mixed Platforms.Build.0 = Release|Any CPU
		{36FCCDF4-CA87-4BFC-8C2C-02230FCF9B90}.Release|x86.ActiveCfg = Release|Any CPU
		{50C6C35D-8D7D-4B1F-B510-B07374413A27}.Debug|Any CPU.ActiveCfg = Debug|Any CPU
		{50C6C35D-8D7D-4B1F-B510-B07374413A27}.Debug|Any CPU.Build.0 = Debug|Any CPU
		{50C6C35D-8D7D-4B1F-B510-B07374413A27}.Debug|Mixed Platforms.ActiveCfg = Debug|Any CPU
		{50C6C35D-8D7D-4B1F-B510-B07374413A27}.Debug|Mixed Platforms.Build.0 = Debug|Any CPU
		{50C6C35D-8D7D-4B1F-B510-B07374413A27}.Debug|x86.ActiveCfg = Debug|Any CPU
		{50C6C35D-8D7D-4B1F-B510-B07374413A27}.godlike|Any CPU.ActiveCfg = Release|Any CPU
		{50C6C35D-8D7D-4B1F-B510-B07374413A27}.godlike|Any CPU.Build.0 = Release|Any CPU
		{50C6C35D-8D7D-4B1F-B510-B07374413A27}.godlike|Mixed Platforms.ActiveCfg = Release|Any CPU
		{50C6C35D-8D7D-4B1F-B510-B07374413A27}.godlike|Mixed Platforms.Build.0 = Release|Any CPU
		{50C6C35D-8D7D-4B1F-B510-B07374413A27}.godlike|x86.ActiveCfg = Release|Any CPU
		{50C6C35D-8D7D-4B1F-B510-B07374413A27}.Release|Any CPU.ActiveCfg = Release|Any CPU
		{50C6C35D-8D7D-4B1F-B510-B07374413A27}.Release|Any CPU.Build.0 = Release|Any CPU
		{50C6C35D-8D7D-4B1F-B510-B07374413A27}.Release|Mixed Platforms.ActiveCfg = Release|Any CPU
		{50C6C35D-8D7D-4B1F-B510-B07374413A27}.Release|Mixed Platforms.Build.0 = Release|Any CPU
		{50C6C35D-8D7D-4B1F-B510-B07374413A27}.Release|x86.ActiveCfg = Release|Any CPU
		{EBF122FC-1CE4-4E96-9854-F9C1867F583F}.Debug|Any CPU.ActiveCfg = Debug|Any CPU
		{EBF122FC-1CE4-4E96-9854-F9C1867F583F}.Debug|Any CPU.Build.0 = Debug|Any CPU
		{EBF122FC-1CE4-4E96-9854-F9C1867F583F}.Debug|Mixed Platforms.ActiveCfg = Debug|Any CPU
		{EBF122FC-1CE4-4E96-9854-F9C1867F583F}.Debug|Mixed Platforms.Build.0 = Debug|Any CPU
		{EBF122FC-1CE4-4E96-9854-F9C1867F583F}.Debug|x86.ActiveCfg = Debug|Any CPU
		{EBF122FC-1CE4-4E96-9854-F9C1867F583F}.godlike|Any CPU.ActiveCfg = Release|Any CPU
		{EBF122FC-1CE4-4E96-9854-F9C1867F583F}.godlike|Any CPU.Build.0 = Release|Any CPU
		{EBF122FC-1CE4-4E96-9854-F9C1867F583F}.godlike|Mixed Platforms.ActiveCfg = Release|Any CPU
		{EBF122FC-1CE4-4E96-9854-F9C1867F583F}.godlike|Mixed Platforms.Build.0 = Release|Any CPU
		{EBF122FC-1CE4-4E96-9854-F9C1867F583F}.godlike|x86.ActiveCfg = Release|Any CPU
		{EBF122FC-1CE4-4E96-9854-F9C1867F583F}.Release|Any CPU.ActiveCfg = Release|Any CPU
		{EBF122FC-1CE4-4E96-9854-F9C1867F583F}.Release|Any CPU.Build.0 = Release|Any CPU
		{EBF122FC-1CE4-4E96-9854-F9C1867F583F}.Release|Mixed Platforms.ActiveCfg = Release|Any CPU
		{EBF122FC-1CE4-4E96-9854-F9C1867F583F}.Release|Mixed Platforms.Build.0 = Release|Any CPU
		{EBF122FC-1CE4-4E96-9854-F9C1867F583F}.Release|x86.ActiveCfg = Release|Any CPU
		{5B8C38D2-582F-4C82-8EF5-2B052272DAD9}.Debug|Any CPU.ActiveCfg = Debug|Any CPU
		{5B8C38D2-582F-4C82-8EF5-2B052272DAD9}.Debug|Any CPU.Build.0 = Debug|Any CPU
		{5B8C38D2-582F-4C82-8EF5-2B052272DAD9}.Debug|Mixed Platforms.ActiveCfg = Debug|Any CPU
		{5B8C38D2-582F-4C82-8EF5-2B052272DAD9}.Debug|Mixed Platforms.Build.0 = Debug|Any CPU
		{5B8C38D2-582F-4C82-8EF5-2B052272DAD9}.Debug|x86.ActiveCfg = Debug|Any CPU
		{5B8C38D2-582F-4C82-8EF5-2B052272DAD9}.godlike|Any CPU.ActiveCfg = Release|Any CPU
		{5B8C38D2-582F-4C82-8EF5-2B052272DAD9}.godlike|Any CPU.Build.0 = Release|Any CPU
		{5B8C38D2-582F-4C82-8EF5-2B052272DAD9}.godlike|Mixed Platforms.ActiveCfg = Release|Any CPU
		{5B8C38D2-582F-4C82-8EF5-2B052272DAD9}.godlike|Mixed Platforms.Build.0 = Release|Any CPU
		{5B8C38D2-582F-4C82-8EF5-2B052272DAD9}.godlike|x86.ActiveCfg = Release|Any CPU
		{5B8C38D2-582F-4C82-8EF5-2B052272DAD9}.Release|Any CPU.ActiveCfg = Release|Any CPU
		{5B8C38D2-582F-4C82-8EF5-2B052272DAD9}.Release|Any CPU.Build.0 = Release|Any CPU
		{5B8C38D2-582F-4C82-8EF5-2B052272DAD9}.Release|Mixed Platforms.ActiveCfg = Release|Any CPU
		{5B8C38D2-582F-4C82-8EF5-2B052272DAD9}.Release|Mixed Platforms.Build.0 = Release|Any CPU
		{5B8C38D2-582F-4C82-8EF5-2B052272DAD9}.Release|x86.ActiveCfg = Release|Any CPU
		{353B326D-79E2-458D-87D8-7ABDEF9BAF2D}.Debug|Any CPU.ActiveCfg = Debug|Any CPU
		{353B326D-79E2-458D-87D8-7ABDEF9BAF2D}.Debug|Any CPU.Build.0 = Debug|Any CPU
		{353B326D-79E2-458D-87D8-7ABDEF9BAF2D}.Debug|Mixed Platforms.ActiveCfg = Debug|Any CPU
		{353B326D-79E2-458D-87D8-7ABDEF9BAF2D}.Debug|Mixed Platforms.Build.0 = Debug|Any CPU
		{353B326D-79E2-458D-87D8-7ABDEF9BAF2D}.Debug|x86.ActiveCfg = Debug|Any CPU
		{353B326D-79E2-458D-87D8-7ABDEF9BAF2D}.godlike|Any CPU.ActiveCfg = Release|Any CPU
		{353B326D-79E2-458D-87D8-7ABDEF9BAF2D}.godlike|Any CPU.Build.0 = Release|Any CPU
		{353B326D-79E2-458D-87D8-7ABDEF9BAF2D}.godlike|Mixed Platforms.ActiveCfg = Release|Any CPU
		{353B326D-79E2-458D-87D8-7ABDEF9BAF2D}.godlike|Mixed Platforms.Build.0 = Release|Any CPU
		{353B326D-79E2-458D-87D8-7ABDEF9BAF2D}.godlike|x86.ActiveCfg = Release|Any CPU
		{353B326D-79E2-458D-87D8-7ABDEF9BAF2D}.Release|Any CPU.ActiveCfg = Release|Any CPU
		{353B326D-79E2-458D-87D8-7ABDEF9BAF2D}.Release|Any CPU.Build.0 = Release|Any CPU
		{353B326D-79E2-458D-87D8-7ABDEF9BAF2D}.Release|Mixed Platforms.ActiveCfg = Release|Any CPU
		{353B326D-79E2-458D-87D8-7ABDEF9BAF2D}.Release|Mixed Platforms.Build.0 = Release|Any CPU
		{353B326D-79E2-458D-87D8-7ABDEF9BAF2D}.Release|x86.ActiveCfg = Release|Any CPU
		{FA2001F0-7369-4521-924E-05EFF30462F0}.Debug|Any CPU.ActiveCfg = Debug|Any CPU
		{FA2001F0-7369-4521-924E-05EFF30462F0}.Debug|Any CPU.Build.0 = Debug|Any CPU
		{FA2001F0-7369-4521-924E-05EFF30462F0}.Debug|Mixed Platforms.ActiveCfg = Debug|Any CPU
		{FA2001F0-7369-4521-924E-05EFF30462F0}.Debug|Mixed Platforms.Build.0 = Debug|Any CPU
		{FA2001F0-7369-4521-924E-05EFF30462F0}.Debug|x86.ActiveCfg = Debug|Any CPU
		{FA2001F0-7369-4521-924E-05EFF30462F0}.godlike|Any CPU.ActiveCfg = godlike|Any CPU
		{FA2001F0-7369-4521-924E-05EFF30462F0}.godlike|Any CPU.Build.0 = godlike|Any CPU
		{FA2001F0-7369-4521-924E-05EFF30462F0}.godlike|Mixed Platforms.ActiveCfg = godlike|Any CPU
		{FA2001F0-7369-4521-924E-05EFF30462F0}.godlike|Mixed Platforms.Build.0 = godlike|Any CPU
		{FA2001F0-7369-4521-924E-05EFF30462F0}.godlike|x86.ActiveCfg = godlike|Any CPU
		{FA2001F0-7369-4521-924E-05EFF30462F0}.Release|Any CPU.ActiveCfg = Release|Any CPU
		{FA2001F0-7369-4521-924E-05EFF30462F0}.Release|Any CPU.Build.0 = Release|Any CPU
		{FA2001F0-7369-4521-924E-05EFF30462F0}.Release|Mixed Platforms.ActiveCfg = Release|Any CPU
		{FA2001F0-7369-4521-924E-05EFF30462F0}.Release|Mixed Platforms.Build.0 = Release|Any CPU
		{FA2001F0-7369-4521-924E-05EFF30462F0}.Release|x86.ActiveCfg = Release|Any CPU
		{2C1CBB22-7CBF-485F-8DED-B2162F65F48F}.Debug|Any CPU.ActiveCfg = Debug|Any CPU
		{2C1CBB22-7CBF-485F-8DED-B2162F65F48F}.Debug|Any CPU.Build.0 = Debug|Any CPU
		{2C1CBB22-7CBF-485F-8DED-B2162F65F48F}.Debug|Mixed Platforms.ActiveCfg = Debug|Any CPU
		{2C1CBB22-7CBF-485F-8DED-B2162F65F48F}.Debug|Mixed Platforms.Build.0 = Debug|Any CPU
		{2C1CBB22-7CBF-485F-8DED-B2162F65F48F}.Debug|x86.ActiveCfg = Debug|Any CPU
		{2C1CBB22-7CBF-485F-8DED-B2162F65F48F}.godlike|Any CPU.ActiveCfg = godlike|Any CPU
		{2C1CBB22-7CBF-485F-8DED-B2162F65F48F}.godlike|Any CPU.Build.0 = godlike|Any CPU
		{2C1CBB22-7CBF-485F-8DED-B2162F65F48F}.godlike|Mixed Platforms.ActiveCfg = godlike|Any CPU
		{2C1CBB22-7CBF-485F-8DED-B2162F65F48F}.godlike|Mixed Platforms.Build.0 = godlike|Any CPU
		{2C1CBB22-7CBF-485F-8DED-B2162F65F48F}.godlike|x86.ActiveCfg = godlike|Any CPU
		{2C1CBB22-7CBF-485F-8DED-B2162F65F48F}.Release|Any CPU.ActiveCfg = Release|Any CPU
		{2C1CBB22-7CBF-485F-8DED-B2162F65F48F}.Release|Any CPU.Build.0 = Release|Any CPU
		{2C1CBB22-7CBF-485F-8DED-B2162F65F48F}.Release|Mixed Platforms.ActiveCfg = Release|Any CPU
		{2C1CBB22-7CBF-485F-8DED-B2162F65F48F}.Release|Mixed Platforms.Build.0 = Release|Any CPU
		{2C1CBB22-7CBF-485F-8DED-B2162F65F48F}.Release|x86.ActiveCfg = Release|Any CPU
		{2F0D611E-E9FC-429E-945B-1656F7435761}.Debug|Any CPU.ActiveCfg = Debug|Any CPU
		{2F0D611E-E9FC-429E-945B-1656F7435761}.Debug|Any CPU.Build.0 = Debug|Any CPU
		{2F0D611E-E9FC-429E-945B-1656F7435761}.Debug|Mixed Platforms.ActiveCfg = Debug|Any CPU
		{2F0D611E-E9FC-429E-945B-1656F7435761}.Debug|Mixed Platforms.Build.0 = Debug|Any CPU
		{2F0D611E-E9FC-429E-945B-1656F7435761}.Debug|x86.ActiveCfg = Debug|Any CPU
		{2F0D611E-E9FC-429E-945B-1656F7435761}.godlike|Any CPU.ActiveCfg = Release|Any CPU
		{2F0D611E-E9FC-429E-945B-1656F7435761}.godlike|Any CPU.Build.0 = Release|Any CPU
		{2F0D611E-E9FC-429E-945B-1656F7435761}.godlike|Mixed Platforms.ActiveCfg = Release|Any CPU
		{2F0D611E-E9FC-429E-945B-1656F7435761}.godlike|Mixed Platforms.Build.0 = Release|Any CPU
		{2F0D611E-E9FC-429E-945B-1656F7435761}.godlike|x86.ActiveCfg = Release|Any CPU
		{2F0D611E-E9FC-429E-945B-1656F7435761}.Release|Any CPU.ActiveCfg = Release|Any CPU
		{2F0D611E-E9FC-429E-945B-1656F7435761}.Release|Any CPU.Build.0 = Release|Any CPU
		{2F0D611E-E9FC-429E-945B-1656F7435761}.Release|Mixed Platforms.ActiveCfg = Release|Any CPU
		{2F0D611E-E9FC-429E-945B-1656F7435761}.Release|Mixed Platforms.Build.0 = Release|Any CPU
		{2F0D611E-E9FC-429E-945B-1656F7435761}.Release|x86.ActiveCfg = Release|Any CPU
		{41617BB0-90FA-46C3-ADA2-6B42D68CDE3F}.Debug|Any CPU.ActiveCfg = Debug|Any CPU
		{41617BB0-90FA-46C3-ADA2-6B42D68CDE3F}.Debug|Any CPU.Build.0 = Debug|Any CPU
		{41617BB0-90FA-46C3-ADA2-6B42D68CDE3F}.Debug|Mixed Platforms.ActiveCfg = Debug|Any CPU
		{41617BB0-90FA-46C3-ADA2-6B42D68CDE3F}.Debug|Mixed Platforms.Build.0 = Debug|Any CPU
		{41617BB0-90FA-46C3-ADA2-6B42D68CDE3F}.Debug|x86.ActiveCfg = Debug|Any CPU
		{41617BB0-90FA-46C3-ADA2-6B42D68CDE3F}.godlike|Any CPU.ActiveCfg = Release|Any CPU
		{41617BB0-90FA-46C3-ADA2-6B42D68CDE3F}.godlike|Any CPU.Build.0 = Release|Any CPU
		{41617BB0-90FA-46C3-ADA2-6B42D68CDE3F}.godlike|Mixed Platforms.ActiveCfg = Release|Any CPU
		{41617BB0-90FA-46C3-ADA2-6B42D68CDE3F}.godlike|Mixed Platforms.Build.0 = Release|Any CPU
		{41617BB0-90FA-46C3-ADA2-6B42D68CDE3F}.godlike|x86.ActiveCfg = Release|Any CPU
		{41617BB0-90FA-46C3-ADA2-6B42D68CDE3F}.Release|Any CPU.ActiveCfg = Release|Any CPU
		{41617BB0-90FA-46C3-ADA2-6B42D68CDE3F}.Release|Any CPU.Build.0 = Release|Any CPU
		{41617BB0-90FA-46C3-ADA2-6B42D68CDE3F}.Release|Mixed Platforms.ActiveCfg = Release|Any CPU
		{41617BB0-90FA-46C3-ADA2-6B42D68CDE3F}.Release|Mixed Platforms.Build.0 = Release|Any CPU
		{41617BB0-90FA-46C3-ADA2-6B42D68CDE3F}.Release|x86.ActiveCfg = Release|Any CPU
	EndGlobalSection
	GlobalSection(SolutionProperties) = preSolution
		HideSolutionNode = FALSE
	EndGlobalSection
	GlobalSection(NestedProjects) = preSolution
		{BF7A0279-12E0-4679-887C-8E87F70D80DC} = {FCE8A60B-7165-43C8-BD36-EF9C5FCD9993}
		{33967EF1-D246-4EC2-BDF5-981B78B82387} = {FCE8A60B-7165-43C8-BD36-EF9C5FCD9993}
		{36FCCDF4-CA87-4BFC-8C2C-02230FCF9B90} = {FCE8A60B-7165-43C8-BD36-EF9C5FCD9993}
		{50C6C35D-8D7D-4B1F-B510-B07374413A27} = {FCE8A60B-7165-43C8-BD36-EF9C5FCD9993}
		{EBF122FC-1CE4-4E96-9854-F9C1867F583F} = {FCE8A60B-7165-43C8-BD36-EF9C5FCD9993}
		{353B326D-79E2-458D-87D8-7ABDEF9BAF2D} = {FCE8A60B-7165-43C8-BD36-EF9C5FCD9993}
		{F69DB682-26E7-42D8-BFDD-FC7789BF4C44} = {5FA68A65-A125-48F2-BC79-D5FE7155D80E}
		{2B9C4CFE-30F5-476A-BACD-259D90433BE3} = {5FA68A65-A125-48F2-BC79-D5FE7155D80E}
		{72480FE0-585C-46EF-92AA-F64A7E7DE53E} = {5FA68A65-A125-48F2-BC79-D5FE7155D80E}
		{E47FA4B6-19B7-4536-BA20-4DB086B2F8CA} = {5FA68A65-A125-48F2-BC79-D5FE7155D80E}
		{8EEA3BC1-89BC-4650-AC22-A1D7B0291F6F} = {5FA68A65-A125-48F2-BC79-D5FE7155D80E}
	EndGlobalSection
EndGlobal
