
Microsoft Visual Studio Solution File, Format Version 12.00
# Visual Studio 2012
Project("{2150E333-8FDC-42A3-9474-1A3956D46DE8}") = "1-Presentation", "1-Presentation", "{F2512295-FDE1-4DCB-A44C-F7B6040F898D}"
EndProject
Project("{2150E333-8FDC-42A3-9474-1A3956D46DE8}") = "3-Domain", "3-Domain", "{1283FADB-0F4F-4B56-A7A9-145D30D5C16E}"
EndProject
Project("{2150E333-8FDC-42A3-9474-1A3956D46DE8}") = "4-Infrastructure", "4-Infrastructure", "{433C4C64-5C0C-402E-B13C-42AA0D4BB8E3}"
EndProject
Project("{2150E333-8FDC-42A3-9474-1A3956D46DE8}") = "5-Distribute Services", "5-Distribute Services", "{6A317ADF-03E2-4A15-910C-862385F09D91}"
EndProject
Project("{2150E333-8FDC-42A3-9474-1A3956D46DE8}") = "WCF", "WCF", "{B7ED971A-C750-4C59-81FC-FF2ED5A73CEE}"
EndProject
Project("{2150E333-8FDC-42A3-9474-1A3956D46DE8}") = "2-Application", "2-Application", "{FE3B89B3-BAD7-4247-A154-1AE9B63F1603}"
EndProject
Project("{FAE04EC0-301F-11D3-BF4B-00C04F79EFBC}") = "FXT.DataCenter.WebUI", "FXT.DataCenter.WebUI\FXT.DataCenter.WebUI.csproj", "{34B9BF01-0491-46AA-A0E9-ACDAFCC4568F}"
EndProject
Project("{FAE04EC0-301F-11D3-BF4B-00C04F79EFBC}") = "FXT.DataCenter.Application", "FXT.DataCenter.Application\FXT.DataCenter.Application.csproj", "{CC439221-2A68-44C2-A461-0D5224AE965E}"
EndProject
Project("{FAE04EC0-301F-11D3-BF4B-00C04F79EFBC}") = "FXT.DataCenter.Domain", "FXT.DataCenter.Domain\FXT.DataCenter.Domain.csproj", "{C368021B-9C65-4BDC-A6EE-523EFC2969F3}"
EndProject
Project("{FAE04EC0-301F-11D3-BF4B-00C04F79EFBC}") = "FXT.DataCenter.Infrastructure.Common", "FXT.DataCenter.Infrastructure.Common\FXT.DataCenter.Infrastructure.Common.csproj", "{ED63DE3F-A21B-4316-987F-634BCC3939BB}"
EndProject
Project("{FAE04EC0-301F-11D3-BF4B-00C04F79EFBC}") = "FXT.DataCenter.Infrastructure.Data", "FXT.DataCenter.Infrastructure.Data\FXT.DataCenter.Infrastructure.Data.csproj", "{20CE707A-120F-4761-8F38-7BE5EE164F97}"
EndProject
Project("{FAE04EC0-301F-11D3-BF4B-00C04F79EFBC}") = "FXT.DataCenter.Infrastructure.IoC", "FXT.DataCenter.Infrastructure.IoC\FXT.DataCenter.Infrastructure.IoC.csproj", "{DF06AB7C-F8AA-4AD9-9835-C18C4558499B}"
EndProject
Project("{FAE04EC0-301F-11D3-BF4B-00C04F79EFBC}") = "FXT.DataCenter.Infrastructure.Lucene", "FXT.DataCenter.Infrastructure.Lucene\FXT.DataCenter.Infrastructure.Lucene.csproj", "{CFE528B9-D9AA-4D98-A88B-2E5167181C86}"
EndProject
Project("{FAE04EC0-301F-11D3-BF4B-00C04F79EFBC}") = "FXT.DataCenter.WCF.Contract", "FXT.DataCenter.WCF.Contract\FXT.DataCenter.WCF.Contract.csproj", "{55F97D48-8922-4013-AB82-1F1E1028B66F}"
EndProject
Project("{FAE04EC0-301F-11D3-BF4B-00C04F79EFBC}") = "FXT.DataCenter.WCF.Services", "FXT.DataCenter.WCF.Services\FXT.DataCenter.WCF.Services.csproj", "{5A17D848-85B3-4FDC-A7D3-7AEF8C1BDC30}"
EndProject
Project("{FAE04EC0-301F-11D3-BF4B-00C04F79EFBC}") = "FXT.DataCenter.WCF.Hosting", "FXT.DataCenter.WCF.Hosting\FXT.DataCenter.WCF.Hosting.csproj", "{B2E69808-F848-4441-8965-03AC408CB19F}"
EndProject
Project("{FAE04EC0-301F-11D3-BF4B-00C04F79EFBC}") = "FXT.DataCenter.Infrastructure.Redis", "FXT.DataCenter.Infrastructure.Redis\FXT.DataCenter.Infrastructure.Redis.csproj", "{36ADF15F-E5C6-440A-A149-27A294703ACC}"
EndProject
Global
	GlobalSection(SolutionConfigurationPlatforms) = preSolution
		Debug|Any CPU = Debug|Any CPU
		Release|Any CPU = Release|Any CPU
	EndGlobalSection
	GlobalSection(ProjectConfigurationPlatforms) = postSolution
		{34B9BF01-0491-46AA-A0E9-ACDAFCC4568F}.Debug|Any CPU.ActiveCfg = Debug|Any CPU
		{34B9BF01-0491-46AA-A0E9-ACDAFCC4568F}.Debug|Any CPU.Build.0 = Debug|Any CPU
		{34B9BF01-0491-46AA-A0E9-ACDAFCC4568F}.Release|Any CPU.ActiveCfg = Release|Any CPU
		{34B9BF01-0491-46AA-A0E9-ACDAFCC4568F}.Release|Any CPU.Build.0 = Release|Any CPU
		{CC439221-2A68-44C2-A461-0D5224AE965E}.Debug|Any CPU.ActiveCfg = Debug|Any CPU
		{CC439221-2A68-44C2-A461-0D5224AE965E}.Debug|Any CPU.Build.0 = Debug|Any CPU
		{CC439221-2A68-44C2-A461-0D5224AE965E}.Release|Any CPU.ActiveCfg = Release|Any CPU
		{CC439221-2A68-44C2-A461-0D5224AE965E}.Release|Any CPU.Build.0 = Release|Any CPU
		{C368021B-9C65-4BDC-A6EE-523EFC2969F3}.Debug|Any CPU.ActiveCfg = Debug|Any CPU
		{C368021B-9C65-4BDC-A6EE-523EFC2969F3}.Debug|Any CPU.Build.0 = Debug|Any CPU
		{C368021B-9C65-4BDC-A6EE-523EFC2969F3}.Release|Any CPU.ActiveCfg = Release|Any CPU
		{C368021B-9C65-4BDC-A6EE-523EFC2969F3}.Release|Any CPU.Build.0 = Release|Any CPU
		{ED63DE3F-A21B-4316-987F-634BCC3939BB}.Debug|Any CPU.ActiveCfg = Debug|Any CPU
		{ED63DE3F-A21B-4316-987F-634BCC3939BB}.Debug|Any CPU.Build.0 = Debug|Any CPU
		{ED63DE3F-A21B-4316-987F-634BCC3939BB}.Release|Any CPU.ActiveCfg = Release|Any CPU
		{ED63DE3F-A21B-4316-987F-634BCC3939BB}.Release|Any CPU.Build.0 = Release|Any CPU
		{20CE707A-120F-4761-8F38-7BE5EE164F97}.Debug|Any CPU.ActiveCfg = Debug|Any CPU
		{20CE707A-120F-4761-8F38-7BE5EE164F97}.Debug|Any CPU.Build.0 = Debug|Any CPU
		{20CE707A-120F-4761-8F38-7BE5EE164F97}.Release|Any CPU.ActiveCfg = Release|Any CPU
		{20CE707A-120F-4761-8F38-7BE5EE164F97}.Release|Any CPU.Build.0 = Release|Any CPU
		{DF06AB7C-F8AA-4AD9-9835-C18C4558499B}.Debug|Any CPU.ActiveCfg = Debug|Any CPU
		{DF06AB7C-F8AA-4AD9-9835-C18C4558499B}.Debug|Any CPU.Build.0 = Debug|Any CPU
		{DF06AB7C-F8AA-4AD9-9835-C18C4558499B}.Release|Any CPU.ActiveCfg = Release|Any CPU
		{DF06AB7C-F8AA-4AD9-9835-C18C4558499B}.Release|Any CPU.Build.0 = Release|Any CPU
		{CFE528B9-D9AA-4D98-A88B-2E5167181C86}.Debug|Any CPU.ActiveCfg = Debug|Any CPU
		{CFE528B9-D9AA-4D98-A88B-2E5167181C86}.Debug|Any CPU.Build.0 = Debug|Any CPU
		{CFE528B9-D9AA-4D98-A88B-2E5167181C86}.Release|Any CPU.ActiveCfg = Release|Any CPU
		{CFE528B9-D9AA-4D98-A88B-2E5167181C86}.Release|Any CPU.Build.0 = Release|Any CPU
		{55F97D48-8922-4013-AB82-1F1E1028B66F}.Debug|Any CPU.ActiveCfg = Debug|Any CPU
		{55F97D48-8922-4013-AB82-1F1E1028B66F}.Debug|Any CPU.Build.0 = Debug|Any CPU
		{55F97D48-8922-4013-AB82-1F1E1028B66F}.Release|Any CPU.ActiveCfg = Release|Any CPU
		{55F97D48-8922-4013-AB82-1F1E1028B66F}.Release|Any CPU.Build.0 = Release|Any CPU
		{5A17D848-85B3-4FDC-A7D3-7AEF8C1BDC30}.Debug|Any CPU.ActiveCfg = Debug|Any CPU
		{5A17D848-85B3-4FDC-A7D3-7AEF8C1BDC30}.Debug|Any CPU.Build.0 = Debug|Any CPU
		{5A17D848-85B3-4FDC-A7D3-7AEF8C1BDC30}.Release|Any CPU.ActiveCfg = Release|Any CPU
		{5A17D848-85B3-4FDC-A7D3-7AEF8C1BDC30}.Release|Any CPU.Build.0 = Release|Any CPU
		{B2E69808-F848-4441-8965-03AC408CB19F}.Debug|Any CPU.ActiveCfg = Debug|Any CPU
		{B2E69808-F848-4441-8965-03AC408CB19F}.Debug|Any CPU.Build.0 = Debug|Any CPU
		{B2E69808-F848-4441-8965-03AC408CB19F}.Release|Any CPU.ActiveCfg = Release|Any CPU
		{B2E69808-F848-4441-8965-03AC408CB19F}.Release|Any CPU.Build.0 = Release|Any CPU
		{36ADF15F-E5C6-440A-A149-27A294703ACC}.Debug|Any CPU.ActiveCfg = Debug|Any CPU
		{36ADF15F-E5C6-440A-A149-27A294703ACC}.Debug|Any CPU.Build.0 = Debug|Any CPU
		{36ADF15F-E5C6-440A-A149-27A294703ACC}.Release|Any CPU.ActiveCfg = Release|Any CPU
		{36ADF15F-E5C6-440A-A149-27A294703ACC}.Release|Any CPU.Build.0 = Release|Any CPU
	EndGlobalSection
	GlobalSection(SolutionProperties) = preSolution
		HideSolutionNode = FALSE
	EndGlobalSection
	GlobalSection(NestedProjects) = preSolution
		{34B9BF01-0491-46AA-A0E9-ACDAFCC4568F} = {F2512295-FDE1-4DCB-A44C-F7B6040F898D}
		{C368021B-9C65-4BDC-A6EE-523EFC2969F3} = {1283FADB-0F4F-4B56-A7A9-145D30D5C16E}
		{ED63DE3F-A21B-4316-987F-634BCC3939BB} = {433C4C64-5C0C-402E-B13C-42AA0D4BB8E3}
		{20CE707A-120F-4761-8F38-7BE5EE164F97} = {433C4C64-5C0C-402E-B13C-42AA0D4BB8E3}
		{DF06AB7C-F8AA-4AD9-9835-C18C4558499B} = {433C4C64-5C0C-402E-B13C-42AA0D4BB8E3}
		{CFE528B9-D9AA-4D98-A88B-2E5167181C86} = {433C4C64-5C0C-402E-B13C-42AA0D4BB8E3}
		{36ADF15F-E5C6-440A-A149-27A294703ACC} = {433C4C64-5C0C-402E-B13C-42AA0D4BB8E3}
		{B7ED971A-C750-4C59-81FC-FF2ED5A73CEE} = {6A317ADF-03E2-4A15-910C-862385F09D91}
		{55F97D48-8922-4013-AB82-1F1E1028B66F} = {B7ED971A-C750-4C59-81FC-FF2ED5A73CEE}
		{5A17D848-85B3-4FDC-A7D3-7AEF8C1BDC30} = {B7ED971A-C750-4C59-81FC-FF2ED5A73CEE}
		{B2E69808-F848-4441-8965-03AC408CB19F} = {B7ED971A-C750-4C59-81FC-FF2ED5A73CEE}
		{CC439221-2A68-44C2-A461-0D5224AE965E} = {FE3B89B3-BAD7-4247-A154-1AE9B63F1603}
	EndGlobalSection
	GlobalSection(SubversionScc) = preSolution
		Svn-Managed = True
		Manager = AnkhSVN - Subversion Support for Visual Studio
	EndGlobalSection
EndGlobal
