
Microsoft Visual Studio Solution File, Format Version 12.00
# Visual Studio 15
VisualStudioVersion = 15.0.27130.2027
MinimumVisualStudioVersion = 10.0.40219.1
Project("{2150E333-8FDC-42A3-9474-1A3956D46DE8}") = "_Framework", "_Framework", "{37CB0357-0851-490B-9A39-2C8193156D4D}"
EndProject
Project("{2150E333-8FDC-42A3-9474-1A3956D46DE8}") = "_Core", "_Core", "{CEBC9D73-2745-46DB-8DCB-1651F581177F}"
EndProject
Project("{2150E333-8FDC-42A3-9474-1A3956D46DE8}") = "WEB", "WEB", "{27FDFCC9-2984-4AE8-BF68-41CA976C17EF}"
EndProject
Project("{2150E333-8FDC-42A3-9474-1A3956D46DE8}") = "Tbx", "Tbx", "{D6C0A9E6-2E50-40AD-9CF9-DB401AB360BA}"
EndProject
Project("{FAE04EC0-301F-11D3-BF4B-00C04F79EFBC}") = "CBSS.Web.Admin", "CBSS.Web.Admin\CBSS.Web.Admin.csproj", "{8432BF29-D2F6-4727-97D9-656247B13EFF}"
EndProject
Project("{FAE04EC0-301F-11D3-BF4B-00C04F79EFBC}") = "CBSS.Web", "CBSS.Web\CBSS.Web.csproj", "{E905FFE6-A1D5-48B2-81B7-8E8D4BC5F895}"
EndProject
Project("{FAE04EC0-301F-11D3-BF4B-00C04F79EFBC}") = "CBSS.Framework.Contract", "CBSS.Framework.Contract\CBSS.Framework.Contract.csproj", "{11214D97-F23C-4E16-AA12-ECD824454744}"
EndProject
Project("{FAE04EC0-301F-11D3-BF4B-00C04F79EFBC}") = "CBSS.Framework.Web", "CBSS.Framework.Web\CBSS.Framework.Web.csproj", "{AA76F90E-2594-44C8-89D6-302A0C8757AD}"
EndProject
Project("{FAE04EC0-301F-11D3-BF4B-00C04F79EFBC}") = "CBSS.Core.Cache", "CBSS.Core.Cache\CBSS.Core.Cache.csproj", "{A155C5D8-FEE0-415C-940A-26C94D61BE9B}"
EndProject
Project("{FAE04EC0-301F-11D3-BF4B-00C04F79EFBC}") = "CBSS.Core.Log", "CBSS.Core.Log\CBSS.Core.Log.csproj", "{8AE51EE2-67DB-4F57-98FE-CBB890C9A5A2}"
EndProject
Project("{FAE04EC0-301F-11D3-BF4B-00C04F79EFBC}") = "CBSS.Core.Module", "CBSS.Core.Module\CBSS.Core.Module.csproj", "{CD06E340-B210-43F0-B963-D99D16073B79}"
EndProject
Project("{FAE04EC0-301F-11D3-BF4B-00C04F79EFBC}") = "CBSS.Core.Service", "CBSS.Core.Service\CBSS.Core.Service.csproj", "{812C05FD-2BAA-4799-B0AB-2711781133BA}"
EndProject
Project("{FAE04EC0-301F-11D3-BF4B-00C04F79EFBC}") = "CBSS.Core.Upload", "CBSS.Core.Upload\CBSS.Core.Upload.csproj", "{99D0022F-17D5-4DD5-B4D3-BA8FDC81F7AF}"
EndProject
Project("{FAE04EC0-301F-11D3-BF4B-00C04F79EFBC}") = "CBSS.Framework.SqlSuger", "CBSS.Framework.SqlSuger\CBSS.Framework.SqlSuger.csproj", "{D988D0DA-99C9-4BB6-98BB-4C0526F6F524}"
EndProject
Project("{FAE04EC0-301F-11D3-BF4B-00C04F79EFBC}") = "CBSS.Framework.Sql", "CBSS.Framework.Data\CBSS.Framework.Sql.csproj", "{290B5D69-973B-444E-A956-555534090CD7}"
EndProject
Project("{FAE04EC0-301F-11D3-BF4B-00C04F79EFBC}") = "CBSS.Framework.Redis", "CBSS.Framework.Redis\CBSS.Framework.Redis.csproj", "{5EAB063D-E939-4A48-A836-EA2CF771E4A8}"
EndProject
Project("{2150E333-8FDC-42A3-9474-1A3956D46DE8}") = "Application", "Application", "{9B245F95-32CE-4E1E-9C0A-8A006BD3454D}"
EndProject
Project("{FAE04EC0-301F-11D3-BF4B-00C04F79EFBC}") = "CBSS.Core.Offices", "CBSS.Core.Offices\CBSS.Core.Offices.csproj", "{F52D88A1-FF0B-4E54-B3F9-E48F9121134A}"
EndProject
Project("{FAE04EC0-301F-11D3-BF4B-00C04F79EFBC}") = "CBSS.Web.FS", "CBSS.Web.FS\CBSS.Web.FS.csproj", "{9AF5B6CB-3A31-4EE2-8688-3732793359FF}"
EndProject
Project("{FAE04EC0-301F-11D3-BF4B-00C04F79EFBC}") = "CBSS.Core.Config", "CBSS.Core.Config\CBSS.Core.Config.csproj", "{3BF4147E-D01D-4FFF-B8E7-FE24959B2D7E}"
EndProject
Project("{FAE04EC0-301F-11D3-BF4B-00C04F79EFBC}") = "CBSS.Web.H5", "CBSS.Web.H5\CBSS.Web.H5.csproj", "{50C65DBC-C6F4-4B1C-86B5-9BC6E90121A4}"
EndProject
Project("{FAE04EC0-301F-11D3-BF4B-00C04F79EFBC}") = "CBSS.Tbx.BLL", "CBSS.Tbx.BLL\CBSS.Tbx.BLL.csproj", "{B7CFF757-E14D-418C-A75F-D8344D408BF2}"
EndProject
Project("{FAE04EC0-301F-11D3-BF4B-00C04F79EFBC}") = "CBSS.Tbx.Contract", "CBSS.Tbx.Contract\CBSS.Tbx.Contract.csproj", "{B5C93A51-4CBF-419C-A8B1-290B3F163B5E}"
EndProject
Project("{FAE04EC0-301F-11D3-BF4B-00C04F79EFBC}") = "CBSS.Tbx.DAL", "CBSS.Tbx.DAL\CBSS.Tbx.DAL.csproj", "{4846CCAB-BF12-460E-95EB-CCAD0D76871E}"
EndProject
Project("{2150E333-8FDC-42A3-9474-1A3956D46DE8}") = "Account", "Account", "{7DD23B2F-855E-4265-A755-FBEB4B23DD55}"
EndProject
Project("{2150E333-8FDC-42A3-9474-1A3956D46DE8}") = "Cfgmanager", "Cfgmanager", "{E6686132-6E85-489F-94E8-27BB1ACF4B0A}"
EndProject
Project("{FAE04EC0-301F-11D3-BF4B-00C04F79EFBC}") = "CBSS.Cfgmanager.BLL", "CBSS.Cfgmanager.BLL\CBSS.Cfgmanager.BLL.csproj", "{8437191E-D061-4AA4-804E-81C188AE214F}"
EndProject
Project("{FAE04EC0-301F-11D3-BF4B-00C04F79EFBC}") = "CBSS.Cfgmanager.Contract", "CBSS.Cfgmanager.Contract\CBSS.Cfgmanager.Contract.csproj", "{6BA5DFFC-5C6B-4C1F-B32A-075FBA752AB1}"
EndProject
Project("{FAE04EC0-301F-11D3-BF4B-00C04F79EFBC}") = "CBSS.Cfgmanager.DAL", "CBSS.Cfgmanager.DAL\CBSS.Cfgmanager.DAL.csproj", "{296AAADC-AECD-49D9-8F61-3F59604D47CA}"
EndProject
Project("{FAE04EC0-301F-11D3-BF4B-00C04F79EFBC}") = "CBSS.Tbx.IBLL", "CBSS.Tbx.IBLL\CBSS.Tbx.IBLL.csproj", "{0AAA741A-86C9-4EF4-8627-572E17E5C816}"
EndProject
Project("{FAE04EC0-301F-11D3-BF4B-00C04F79EFBC}") = "CBSS.Cfgmanager.IBLL", "CBSS.Cfgmanager.IBLL\CBSS.Cfgmanager.IBLL.csproj", "{AE486FBE-A1CC-412A-80C3-DAEB8350B863}"
EndProject
Project("{FAE04EC0-301F-11D3-BF4B-00C04F79EFBC}") = "CBSS.Account.IBLL", "CBSS.Account.IBLL\CBSS.Account.IBLL.csproj", "{D75273F5-C24C-42EF-906D-3081CFF23FF7}"
EndProject
Project("{2150E333-8FDC-42A3-9474-1A3956D46DE8}") = "IBS", "IBS", "{716801D7-EC1A-424C-913A-FF351C371405}"
EndProject
Project("{FAE04EC0-301F-11D3-BF4B-00C04F79EFBC}") = "CBSS.IBS.BLL", "CBSS.IBS.BLL\CBSS.IBS.BLL.csproj", "{822B6750-1096-4324-9AA8-4F2A5E54662C}"
EndProject
Project("{FAE04EC0-301F-11D3-BF4B-00C04F79EFBC}") = "CBSS.IBS.Contract", "CBSS.IBS.Contract\CBSS.IBS.Contract.csproj", "{9399D7E8-C520-4750-9D5F-38A25E776852}"
EndProject
Project("{FAE04EC0-301F-11D3-BF4B-00C04F79EFBC}") = "CBSS.IBS.DAL", "CBSS.IBS.DAL\CBSS.IBS.DAL.csproj", "{944EC3D9-3953-410D-8F36-5C06097CD56F}"
EndProject
Project("{FAE04EC0-301F-11D3-BF4B-00C04F79EFBC}") = "CBSS.Web.API", "CBSS.Web.API\CBSS.Web.API.csproj", "{7D06445A-A1FC-47D7-AAB8-38F531B4BFB6}"
EndProject
Project("{FAE04EC0-301F-11D3-BF4B-00C04F79EFBC}") = "CBSS.Core.Utility", "CBSS.Core.Utility\CBSS.Core.Utility.csproj", "{9F519EF8-800F-40CB-9545-9AEADF0F387D}"
EndProject
Project("{FAE04EC0-301F-11D3-BF4B-00C04F79EFBC}") = "CBSS.Account.BLL", "CBSS.Account.BLL\CBSS.Account.BLL.csproj", "{70A7663C-09AB-4BAB-9BFC-F0649FE6C8F4}"
EndProject
Project("{FAE04EC0-301F-11D3-BF4B-00C04F79EFBC}") = "CBSS.Account.Contract", "CBSS.Account.Contract\CBSS.Account.Contract.csproj", "{08CFB8BA-AA0E-42F5-B6BF-140C64E34377}"
EndProject
Project("{FAE04EC0-301F-11D3-BF4B-00C04F79EFBC}") = "CBSS.Account.DAL", "CBSS.Account.DAL\CBSS.Account.DAL.csproj", "{36C53C41-48DB-4D74-9D83-78DF614DC83B}"
EndProject
Project("{FAE04EC0-301F-11D3-BF4B-00C04F79EFBC}") = "CBSS.IBS.IBLL", "CBSS.IBS.IBLL\CBSS.IBS.IBLL.csproj", "{78E08736-F39A-4C14-BF1F-4BB078048C10}"
EndProject
Project("{2150E333-8FDC-42A3-9474-1A3956D46DE8}") = "UserOrder", "UserOrder", "{73946B50-FB8F-4455-90C9-0055F9CAC157}"
EndProject
Project("{FAE04EC0-301F-11D3-BF4B-00C04F79EFBC}") = "CBSS.UserOrder.BLL", "CBSS.UserOrder.BLL\CBSS.UserOrder.BLL.csproj", "{52C52CED-C46E-4665-9208-7637476F428B}"
EndProject
Project("{FAE04EC0-301F-11D3-BF4B-00C04F79EFBC}") = "CBSS.UserOrder.DAL", "CBSS.UserOrder.DAL\CBSS.UserOrder.DAL.csproj", "{38577CF5-6C97-4C0F-A910-01253E2F50AB}"
EndProject
Project("{FAE04EC0-301F-11D3-BF4B-00C04F79EFBC}") = "CBSS.UserOrder.IBLL", "CBSS.UserOrder.IBLL\CBSS.UserOrder.IBLL.csproj", "{E56AF654-E414-44C1-A357-6E1168EE239F}"
EndProject
Project("{FAE04EC0-301F-11D3-BF4B-00C04F79EFBC}") = "CBSS.UserOrder.Contract", "CBSS.UserOrder.Contract\CBSS.UserOrder.Contract.csproj", "{E7D92797-7B72-4AED-BBC6-745106773A2B}"
EndProject
Project("{FAE04EC0-301F-11D3-BF4B-00C04F79EFBC}") = "CBSS.Core.Pay", "CBSS.Core.Pay\CBSS.Core.Pay.csproj", "{47FF994B-7C36-49DC-937E-535A950F1966}"
EndProject
Project("{2150E333-8FDC-42A3-9474-1A3956D46DE8}") = "Pay", "Pay", "{3945F981-1718-4E8A-ADF7-4F947DF4C7F6}"
EndProject
Project("{FAE04EC0-301F-11D3-BF4B-00C04F79EFBC}") = "CBSS.Pay.BLL", "CBSS.Pay.BLL\CBSS.Pay.BLL.csproj", "{E418B61E-B5F8-48B8-ADD4-309FEF7A4AA9}"
EndProject
Project("{FAE04EC0-301F-11D3-BF4B-00C04F79EFBC}") = "CBSS.Pay.Contract", "CBSS.Pay.Contract\CBSS.Pay.Contract.csproj", "{15147F27-6F62-4AAE-B40C-888EEBCB56B6}"
EndProject
Project("{FAE04EC0-301F-11D3-BF4B-00C04F79EFBC}") = "CBSS.Pay.DAL", "CBSS.Pay.DAL\CBSS.Pay.DAL.csproj", "{163CE1D9-0BEA-41BA-98F3-6B1C98CDC176}"
EndProject
Project("{FAE04EC0-301F-11D3-BF4B-00C04F79EFBC}") = "CBSS.Pay.IBLL", "CBSS.Pay.IBLL\CBSS.Pay.IBLL.csproj", "{946F8A47-4642-40DA-9A42-B6BF75B70C49}"
EndProject
Project("{2150E333-8FDC-42A3-9474-1A3956D46DE8}") = "Test", "Test", "{5D6CB89A-6B0A-4F99-8FDF-154190C0B815}"
EndProject
Project("{FAE04EC0-301F-11D3-BF4B-00C04F79EFBC}") = "CBSS.Test.API", "CBSS.Test.API\CBSS.Test.API.csproj", "{6C764754-4A2B-4CE1-8BC2-674D0F64F4CE}"
EndProject
Project("{2150E333-8FDC-42A3-9474-1A3956D46DE8}") = "Resources", "Resources", "{C7AB215F-9635-4130-A9CF-AA5C43F1D280}"
EndProject
Project("{FAE04EC0-301F-11D3-BF4B-00C04F79EFBC}") = "CBSS.Resources.BLL", "CBSS.Resources.BLL\CBSS.Resources.BLL.csproj", "{6E824491-DC07-44F0-A8E1-5F3504AD5885}"
EndProject
Project("{FAE04EC0-301F-11D3-BF4B-00C04F79EFBC}") = "CBSS.Resources.Contract", "CBSS.Resources.Contract\CBSS.Resources.Contract.csproj", "{7B809DF1-6DC8-4A89-A7D1-A494B8D091A4}"
EndProject
Project("{FAE04EC0-301F-11D3-BF4B-00C04F79EFBC}") = "CBSS.Resources.DAL", "CBSS.Resources.DAL\CBSS.Resources.DAL.csproj", "{A0D1908C-06E8-4675-B94E-0E6CD498ADBA}"
EndProject
Project("{FAE04EC0-301F-11D3-BF4B-00C04F79EFBC}") = "CBSS.Resources.IBLL", "CBSS.Resources.IBLL\CBSS.Resources.IBLL.csproj", "{29893B70-4ACA-449E-959F-602AA4FF6529}"
EndProject
Global
	GlobalSection(SolutionConfigurationPlatforms) = preSolution
		Debug|Any CPU = Debug|Any CPU
		Release|Any CPU = Release|Any CPU
	EndGlobalSection
	GlobalSection(ProjectConfigurationPlatforms) = postSolution
		{8432BF29-D2F6-4727-97D9-656247B13EFF}.Debug|Any CPU.ActiveCfg = Debug|Any CPU
		{8432BF29-D2F6-4727-97D9-656247B13EFF}.Debug|Any CPU.Build.0 = Debug|Any CPU
		{8432BF29-D2F6-4727-97D9-656247B13EFF}.Release|Any CPU.ActiveCfg = Release|Any CPU
		{8432BF29-D2F6-4727-97D9-656247B13EFF}.Release|Any CPU.Build.0 = Release|Any CPU
		{E905FFE6-A1D5-48B2-81B7-8E8D4BC5F895}.Debug|Any CPU.ActiveCfg = Debug|Any CPU
		{E905FFE6-A1D5-48B2-81B7-8E8D4BC5F895}.Debug|Any CPU.Build.0 = Debug|Any CPU
		{E905FFE6-A1D5-48B2-81B7-8E8D4BC5F895}.Release|Any CPU.ActiveCfg = Release|Any CPU
		{E905FFE6-A1D5-48B2-81B7-8E8D4BC5F895}.Release|Any CPU.Build.0 = Release|Any CPU
		{11214D97-F23C-4E16-AA12-ECD824454744}.Debug|Any CPU.ActiveCfg = Debug|Any CPU
		{11214D97-F23C-4E16-AA12-ECD824454744}.Debug|Any CPU.Build.0 = Debug|Any CPU
		{11214D97-F23C-4E16-AA12-ECD824454744}.Release|Any CPU.ActiveCfg = Release|Any CPU
		{11214D97-F23C-4E16-AA12-ECD824454744}.Release|Any CPU.Build.0 = Release|Any CPU
		{AA76F90E-2594-44C8-89D6-302A0C8757AD}.Debug|Any CPU.ActiveCfg = Debug|Any CPU
		{AA76F90E-2594-44C8-89D6-302A0C8757AD}.Debug|Any CPU.Build.0 = Debug|Any CPU
		{AA76F90E-2594-44C8-89D6-302A0C8757AD}.Release|Any CPU.ActiveCfg = Release|Any CPU
		{AA76F90E-2594-44C8-89D6-302A0C8757AD}.Release|Any CPU.Build.0 = Release|Any CPU
		{A155C5D8-FEE0-415C-940A-26C94D61BE9B}.Debug|Any CPU.ActiveCfg = Debug|Any CPU
		{A155C5D8-FEE0-415C-940A-26C94D61BE9B}.Debug|Any CPU.Build.0 = Debug|Any CPU
		{A155C5D8-FEE0-415C-940A-26C94D61BE9B}.Release|Any CPU.ActiveCfg = Release|Any CPU
		{A155C5D8-FEE0-415C-940A-26C94D61BE9B}.Release|Any CPU.Build.0 = Release|Any CPU
		{8AE51EE2-67DB-4F57-98FE-CBB890C9A5A2}.Debug|Any CPU.ActiveCfg = Debug|Any CPU
		{8AE51EE2-67DB-4F57-98FE-CBB890C9A5A2}.Debug|Any CPU.Build.0 = Debug|Any CPU
		{8AE51EE2-67DB-4F57-98FE-CBB890C9A5A2}.Release|Any CPU.ActiveCfg = Release|Any CPU
		{8AE51EE2-67DB-4F57-98FE-CBB890C9A5A2}.Release|Any CPU.Build.0 = Release|Any CPU
		{CD06E340-B210-43F0-B963-D99D16073B79}.Debug|Any CPU.ActiveCfg = Debug|Any CPU
		{CD06E340-B210-43F0-B963-D99D16073B79}.Debug|Any CPU.Build.0 = Debug|Any CPU
		{CD06E340-B210-43F0-B963-D99D16073B79}.Release|Any CPU.ActiveCfg = Release|Any CPU
		{CD06E340-B210-43F0-B963-D99D16073B79}.Release|Any CPU.Build.0 = Release|Any CPU
		{812C05FD-2BAA-4799-B0AB-2711781133BA}.Debug|Any CPU.ActiveCfg = Debug|Any CPU
		{812C05FD-2BAA-4799-B0AB-2711781133BA}.Debug|Any CPU.Build.0 = Debug|Any CPU
		{812C05FD-2BAA-4799-B0AB-2711781133BA}.Release|Any CPU.ActiveCfg = Release|Any CPU
		{812C05FD-2BAA-4799-B0AB-2711781133BA}.Release|Any CPU.Build.0 = Release|Any CPU
		{99D0022F-17D5-4DD5-B4D3-BA8FDC81F7AF}.Debug|Any CPU.ActiveCfg = Debug|Any CPU
		{99D0022F-17D5-4DD5-B4D3-BA8FDC81F7AF}.Debug|Any CPU.Build.0 = Debug|Any CPU
		{99D0022F-17D5-4DD5-B4D3-BA8FDC81F7AF}.Release|Any CPU.ActiveCfg = Release|Any CPU
		{99D0022F-17D5-4DD5-B4D3-BA8FDC81F7AF}.Release|Any CPU.Build.0 = Release|Any CPU
		{D988D0DA-99C9-4BB6-98BB-4C0526F6F524}.Debug|Any CPU.ActiveCfg = Debug|Any CPU
		{D988D0DA-99C9-4BB6-98BB-4C0526F6F524}.Debug|Any CPU.Build.0 = Debug|Any CPU
		{D988D0DA-99C9-4BB6-98BB-4C0526F6F524}.Release|Any CPU.ActiveCfg = Release|Any CPU
		{D988D0DA-99C9-4BB6-98BB-4C0526F6F524}.Release|Any CPU.Build.0 = Release|Any CPU
		{290B5D69-973B-444E-A956-555534090CD7}.Debug|Any CPU.ActiveCfg = Debug|Any CPU
		{290B5D69-973B-444E-A956-555534090CD7}.Debug|Any CPU.Build.0 = Debug|Any CPU
		{290B5D69-973B-444E-A956-555534090CD7}.Release|Any CPU.ActiveCfg = Release|Any CPU
		{290B5D69-973B-444E-A956-555534090CD7}.Release|Any CPU.Build.0 = Release|Any CPU
		{5EAB063D-E939-4A48-A836-EA2CF771E4A8}.Debug|Any CPU.ActiveCfg = Debug|Any CPU
		{5EAB063D-E939-4A48-A836-EA2CF771E4A8}.Debug|Any CPU.Build.0 = Debug|Any CPU
		{5EAB063D-E939-4A48-A836-EA2CF771E4A8}.Release|Any CPU.ActiveCfg = Release|Any CPU
		{5EAB063D-E939-4A48-A836-EA2CF771E4A8}.Release|Any CPU.Build.0 = Release|Any CPU
		{F52D88A1-FF0B-4E54-B3F9-E48F9121134A}.Debug|Any CPU.ActiveCfg = Debug|Any CPU
		{F52D88A1-FF0B-4E54-B3F9-E48F9121134A}.Debug|Any CPU.Build.0 = Debug|Any CPU
		{F52D88A1-FF0B-4E54-B3F9-E48F9121134A}.Release|Any CPU.ActiveCfg = Release|Any CPU
		{F52D88A1-FF0B-4E54-B3F9-E48F9121134A}.Release|Any CPU.Build.0 = Release|Any CPU
		{9AF5B6CB-3A31-4EE2-8688-3732793359FF}.Debug|Any CPU.ActiveCfg = Debug|Any CPU
		{9AF5B6CB-3A31-4EE2-8688-3732793359FF}.Debug|Any CPU.Build.0 = Debug|Any CPU
		{9AF5B6CB-3A31-4EE2-8688-3732793359FF}.Release|Any CPU.ActiveCfg = Release|Any CPU
		{9AF5B6CB-3A31-4EE2-8688-3732793359FF}.Release|Any CPU.Build.0 = Release|Any CPU
		{3BF4147E-D01D-4FFF-B8E7-FE24959B2D7E}.Debug|Any CPU.ActiveCfg = Debug|Any CPU
		{3BF4147E-D01D-4FFF-B8E7-FE24959B2D7E}.Debug|Any CPU.Build.0 = Debug|Any CPU
		{3BF4147E-D01D-4FFF-B8E7-FE24959B2D7E}.Release|Any CPU.ActiveCfg = Release|Any CPU
		{3BF4147E-D01D-4FFF-B8E7-FE24959B2D7E}.Release|Any CPU.Build.0 = Release|Any CPU
		{50C65DBC-C6F4-4B1C-86B5-9BC6E90121A4}.Debug|Any CPU.ActiveCfg = Debug|Any CPU
		{50C65DBC-C6F4-4B1C-86B5-9BC6E90121A4}.Debug|Any CPU.Build.0 = Debug|Any CPU
		{50C65DBC-C6F4-4B1C-86B5-9BC6E90121A4}.Release|Any CPU.ActiveCfg = Release|Any CPU
		{50C65DBC-C6F4-4B1C-86B5-9BC6E90121A4}.Release|Any CPU.Build.0 = Release|Any CPU
		{B7CFF757-E14D-418C-A75F-D8344D408BF2}.Debug|Any CPU.ActiveCfg = Debug|Any CPU
		{B7CFF757-E14D-418C-A75F-D8344D408BF2}.Debug|Any CPU.Build.0 = Debug|Any CPU
		{B7CFF757-E14D-418C-A75F-D8344D408BF2}.Release|Any CPU.ActiveCfg = Release|Any CPU
		{B7CFF757-E14D-418C-A75F-D8344D408BF2}.Release|Any CPU.Build.0 = Release|Any CPU
		{B5C93A51-4CBF-419C-A8B1-290B3F163B5E}.Debug|Any CPU.ActiveCfg = Debug|Any CPU
		{B5C93A51-4CBF-419C-A8B1-290B3F163B5E}.Debug|Any CPU.Build.0 = Debug|Any CPU
		{B5C93A51-4CBF-419C-A8B1-290B3F163B5E}.Release|Any CPU.ActiveCfg = Release|Any CPU
		{B5C93A51-4CBF-419C-A8B1-290B3F163B5E}.Release|Any CPU.Build.0 = Release|Any CPU
		{4846CCAB-BF12-460E-95EB-CCAD0D76871E}.Debug|Any CPU.ActiveCfg = Debug|Any CPU
		{4846CCAB-BF12-460E-95EB-CCAD0D76871E}.Debug|Any CPU.Build.0 = Debug|Any CPU
		{4846CCAB-BF12-460E-95EB-CCAD0D76871E}.Release|Any CPU.ActiveCfg = Release|Any CPU
		{4846CCAB-BF12-460E-95EB-CCAD0D76871E}.Release|Any CPU.Build.0 = Release|Any CPU
		{8437191E-D061-4AA4-804E-81C188AE214F}.Debug|Any CPU.ActiveCfg = Debug|Any CPU
		{8437191E-D061-4AA4-804E-81C188AE214F}.Debug|Any CPU.Build.0 = Debug|Any CPU
		{8437191E-D061-4AA4-804E-81C188AE214F}.Release|Any CPU.ActiveCfg = Release|Any CPU
		{8437191E-D061-4AA4-804E-81C188AE214F}.Release|Any CPU.Build.0 = Release|Any CPU
		{6BA5DFFC-5C6B-4C1F-B32A-075FBA752AB1}.Debug|Any CPU.ActiveCfg = Debug|Any CPU
		{6BA5DFFC-5C6B-4C1F-B32A-075FBA752AB1}.Debug|Any CPU.Build.0 = Debug|Any CPU
		{6BA5DFFC-5C6B-4C1F-B32A-075FBA752AB1}.Release|Any CPU.ActiveCfg = Release|Any CPU
		{6BA5DFFC-5C6B-4C1F-B32A-075FBA752AB1}.Release|Any CPU.Build.0 = Release|Any CPU
		{296AAADC-AECD-49D9-8F61-3F59604D47CA}.Debug|Any CPU.ActiveCfg = Debug|Any CPU
		{296AAADC-AECD-49D9-8F61-3F59604D47CA}.Debug|Any CPU.Build.0 = Debug|Any CPU
		{296AAADC-AECD-49D9-8F61-3F59604D47CA}.Release|Any CPU.ActiveCfg = Release|Any CPU
		{296AAADC-AECD-49D9-8F61-3F59604D47CA}.Release|Any CPU.Build.0 = Release|Any CPU
		{0AAA741A-86C9-4EF4-8627-572E17E5C816}.Debug|Any CPU.ActiveCfg = Debug|Any CPU
		{0AAA741A-86C9-4EF4-8627-572E17E5C816}.Debug|Any CPU.Build.0 = Debug|Any CPU
		{0AAA741A-86C9-4EF4-8627-572E17E5C816}.Release|Any CPU.ActiveCfg = Release|Any CPU
		{0AAA741A-86C9-4EF4-8627-572E17E5C816}.Release|Any CPU.Build.0 = Release|Any CPU
		{AE486FBE-A1CC-412A-80C3-DAEB8350B863}.Debug|Any CPU.ActiveCfg = Debug|Any CPU
		{AE486FBE-A1CC-412A-80C3-DAEB8350B863}.Debug|Any CPU.Build.0 = Debug|Any CPU
		{AE486FBE-A1CC-412A-80C3-DAEB8350B863}.Release|Any CPU.ActiveCfg = Release|Any CPU
		{AE486FBE-A1CC-412A-80C3-DAEB8350B863}.Release|Any CPU.Build.0 = Release|Any CPU
		{D75273F5-C24C-42EF-906D-3081CFF23FF7}.Debug|Any CPU.ActiveCfg = Debug|Any CPU
		{D75273F5-C24C-42EF-906D-3081CFF23FF7}.Debug|Any CPU.Build.0 = Debug|Any CPU
		{D75273F5-C24C-42EF-906D-3081CFF23FF7}.Release|Any CPU.ActiveCfg = Release|Any CPU
		{D75273F5-C24C-42EF-906D-3081CFF23FF7}.Release|Any CPU.Build.0 = Release|Any CPU
		{822B6750-1096-4324-9AA8-4F2A5E54662C}.Debug|Any CPU.ActiveCfg = Debug|Any CPU
		{822B6750-1096-4324-9AA8-4F2A5E54662C}.Debug|Any CPU.Build.0 = Debug|Any CPU
		{822B6750-1096-4324-9AA8-4F2A5E54662C}.Release|Any CPU.ActiveCfg = Release|Any CPU
		{822B6750-1096-4324-9AA8-4F2A5E54662C}.Release|Any CPU.Build.0 = Release|Any CPU
		{9399D7E8-C520-4750-9D5F-38A25E776852}.Debug|Any CPU.ActiveCfg = Debug|Any CPU
		{9399D7E8-C520-4750-9D5F-38A25E776852}.Debug|Any CPU.Build.0 = Debug|Any CPU
		{9399D7E8-C520-4750-9D5F-38A25E776852}.Release|Any CPU.ActiveCfg = Release|Any CPU
		{9399D7E8-C520-4750-9D5F-38A25E776852}.Release|Any CPU.Build.0 = Release|Any CPU
		{944EC3D9-3953-410D-8F36-5C06097CD56F}.Debug|Any CPU.ActiveCfg = Debug|Any CPU
		{944EC3D9-3953-410D-8F36-5C06097CD56F}.Debug|Any CPU.Build.0 = Debug|Any CPU
		{944EC3D9-3953-410D-8F36-5C06097CD56F}.Release|Any CPU.ActiveCfg = Release|Any CPU
		{944EC3D9-3953-410D-8F36-5C06097CD56F}.Release|Any CPU.Build.0 = Release|Any CPU
		{7D06445A-A1FC-47D7-AAB8-38F531B4BFB6}.Debug|Any CPU.ActiveCfg = Debug|Any CPU
		{7D06445A-A1FC-47D7-AAB8-38F531B4BFB6}.Debug|Any CPU.Build.0 = Debug|Any CPU
		{7D06445A-A1FC-47D7-AAB8-38F531B4BFB6}.Release|Any CPU.ActiveCfg = Release|Any CPU
		{7D06445A-A1FC-47D7-AAB8-38F531B4BFB6}.Release|Any CPU.Build.0 = Release|Any CPU
		{9F519EF8-800F-40CB-9545-9AEADF0F387D}.Debug|Any CPU.ActiveCfg = Debug|Any CPU
		{9F519EF8-800F-40CB-9545-9AEADF0F387D}.Debug|Any CPU.Build.0 = Debug|Any CPU
		{9F519EF8-800F-40CB-9545-9AEADF0F387D}.Release|Any CPU.ActiveCfg = Release|Any CPU
		{9F519EF8-800F-40CB-9545-9AEADF0F387D}.Release|Any CPU.Build.0 = Release|Any CPU
		{70A7663C-09AB-4BAB-9BFC-F0649FE6C8F4}.Debug|Any CPU.ActiveCfg = Debug|Any CPU
		{70A7663C-09AB-4BAB-9BFC-F0649FE6C8F4}.Debug|Any CPU.Build.0 = Debug|Any CPU
		{70A7663C-09AB-4BAB-9BFC-F0649FE6C8F4}.Release|Any CPU.ActiveCfg = Release|Any CPU
		{70A7663C-09AB-4BAB-9BFC-F0649FE6C8F4}.Release|Any CPU.Build.0 = Release|Any CPU
		{08CFB8BA-AA0E-42F5-B6BF-140C64E34377}.Debug|Any CPU.ActiveCfg = Debug|Any CPU
		{08CFB8BA-AA0E-42F5-B6BF-140C64E34377}.Debug|Any CPU.Build.0 = Debug|Any CPU
		{08CFB8BA-AA0E-42F5-B6BF-140C64E34377}.Release|Any CPU.ActiveCfg = Release|Any CPU
		{08CFB8BA-AA0E-42F5-B6BF-140C64E34377}.Release|Any CPU.Build.0 = Release|Any CPU
		{36C53C41-48DB-4D74-9D83-78DF614DC83B}.Debug|Any CPU.ActiveCfg = Debug|Any CPU
		{36C53C41-48DB-4D74-9D83-78DF614DC83B}.Debug|Any CPU.Build.0 = Debug|Any CPU
		{36C53C41-48DB-4D74-9D83-78DF614DC83B}.Release|Any CPU.ActiveCfg = Release|Any CPU
		{36C53C41-48DB-4D74-9D83-78DF614DC83B}.Release|Any CPU.Build.0 = Release|Any CPU
		{78E08736-F39A-4C14-BF1F-4BB078048C10}.Debug|Any CPU.ActiveCfg = Debug|Any CPU
		{78E08736-F39A-4C14-BF1F-4BB078048C10}.Debug|Any CPU.Build.0 = Debug|Any CPU
		{78E08736-F39A-4C14-BF1F-4BB078048C10}.Release|Any CPU.ActiveCfg = Release|Any CPU
		{78E08736-F39A-4C14-BF1F-4BB078048C10}.Release|Any CPU.Build.0 = Release|Any CPU
		{52C52CED-C46E-4665-9208-7637476F428B}.Debug|Any CPU.ActiveCfg = Debug|Any CPU
		{52C52CED-C46E-4665-9208-7637476F428B}.Debug|Any CPU.Build.0 = Debug|Any CPU
		{52C52CED-C46E-4665-9208-7637476F428B}.Release|Any CPU.ActiveCfg = Release|Any CPU
		{52C52CED-C46E-4665-9208-7637476F428B}.Release|Any CPU.Build.0 = Release|Any CPU
		{38577CF5-6C97-4C0F-A910-01253E2F50AB}.Debug|Any CPU.ActiveCfg = Debug|Any CPU
		{38577CF5-6C97-4C0F-A910-01253E2F50AB}.Debug|Any CPU.Build.0 = Debug|Any CPU
		{38577CF5-6C97-4C0F-A910-01253E2F50AB}.Release|Any CPU.ActiveCfg = Release|Any CPU
		{38577CF5-6C97-4C0F-A910-01253E2F50AB}.Release|Any CPU.Build.0 = Release|Any CPU
		{E56AF654-E414-44C1-A357-6E1168EE239F}.Debug|Any CPU.ActiveCfg = Debug|Any CPU
		{E56AF654-E414-44C1-A357-6E1168EE239F}.Debug|Any CPU.Build.0 = Debug|Any CPU
		{E56AF654-E414-44C1-A357-6E1168EE239F}.Release|Any CPU.ActiveCfg = Release|Any CPU
		{E56AF654-E414-44C1-A357-6E1168EE239F}.Release|Any CPU.Build.0 = Release|Any CPU
		{E7D92797-7B72-4AED-BBC6-745106773A2B}.Debug|Any CPU.ActiveCfg = Debug|Any CPU
		{E7D92797-7B72-4AED-BBC6-745106773A2B}.Debug|Any CPU.Build.0 = Debug|Any CPU
		{E7D92797-7B72-4AED-BBC6-745106773A2B}.Release|Any CPU.ActiveCfg = Release|Any CPU
		{E7D92797-7B72-4AED-BBC6-745106773A2B}.Release|Any CPU.Build.0 = Release|Any CPU
		{47FF994B-7C36-49DC-937E-535A950F1966}.Debug|Any CPU.ActiveCfg = Debug|Any CPU
		{47FF994B-7C36-49DC-937E-535A950F1966}.Debug|Any CPU.Build.0 = Debug|Any CPU
		{47FF994B-7C36-49DC-937E-535A950F1966}.Release|Any CPU.ActiveCfg = Release|Any CPU
		{47FF994B-7C36-49DC-937E-535A950F1966}.Release|Any CPU.Build.0 = Release|Any CPU
		{E418B61E-B5F8-48B8-ADD4-309FEF7A4AA9}.Debug|Any CPU.ActiveCfg = Debug|Any CPU
		{E418B61E-B5F8-48B8-ADD4-309FEF7A4AA9}.Debug|Any CPU.Build.0 = Debug|Any CPU
		{E418B61E-B5F8-48B8-ADD4-309FEF7A4AA9}.Release|Any CPU.ActiveCfg = Release|Any CPU
		{E418B61E-B5F8-48B8-ADD4-309FEF7A4AA9}.Release|Any CPU.Build.0 = Release|Any CPU
		{15147F27-6F62-4AAE-B40C-888EEBCB56B6}.Debug|Any CPU.ActiveCfg = Debug|Any CPU
		{15147F27-6F62-4AAE-B40C-888EEBCB56B6}.Debug|Any CPU.Build.0 = Debug|Any CPU
		{15147F27-6F62-4AAE-B40C-888EEBCB56B6}.Release|Any CPU.ActiveCfg = Release|Any CPU
		{15147F27-6F62-4AAE-B40C-888EEBCB56B6}.Release|Any CPU.Build.0 = Release|Any CPU
		{163CE1D9-0BEA-41BA-98F3-6B1C98CDC176}.Debug|Any CPU.ActiveCfg = Debug|Any CPU
		{163CE1D9-0BEA-41BA-98F3-6B1C98CDC176}.Debug|Any CPU.Build.0 = Debug|Any CPU
		{163CE1D9-0BEA-41BA-98F3-6B1C98CDC176}.Release|Any CPU.ActiveCfg = Release|Any CPU
		{163CE1D9-0BEA-41BA-98F3-6B1C98CDC176}.Release|Any CPU.Build.0 = Release|Any CPU
		{946F8A47-4642-40DA-9A42-B6BF75B70C49}.Debug|Any CPU.ActiveCfg = Debug|Any CPU
		{946F8A47-4642-40DA-9A42-B6BF75B70C49}.Debug|Any CPU.Build.0 = Debug|Any CPU
		{946F8A47-4642-40DA-9A42-B6BF75B70C49}.Release|Any CPU.ActiveCfg = Release|Any CPU
		{946F8A47-4642-40DA-9A42-B6BF75B70C49}.Release|Any CPU.Build.0 = Release|Any CPU
		{6C764754-4A2B-4CE1-8BC2-674D0F64F4CE}.Debug|Any CPU.ActiveCfg = Debug|Any CPU
		{6C764754-4A2B-4CE1-8BC2-674D0F64F4CE}.Debug|Any CPU.Build.0 = Debug|Any CPU
		{6C764754-4A2B-4CE1-8BC2-674D0F64F4CE}.Release|Any CPU.ActiveCfg = Release|Any CPU
		{6C764754-4A2B-4CE1-8BC2-674D0F64F4CE}.Release|Any CPU.Build.0 = Release|Any CPU
		{6E824491-DC07-44F0-A8E1-5F3504AD5885}.Debug|Any CPU.ActiveCfg = Debug|Any CPU
		{6E824491-DC07-44F0-A8E1-5F3504AD5885}.Debug|Any CPU.Build.0 = Debug|Any CPU
		{6E824491-DC07-44F0-A8E1-5F3504AD5885}.Release|Any CPU.ActiveCfg = Release|Any CPU
		{6E824491-DC07-44F0-A8E1-5F3504AD5885}.Release|Any CPU.Build.0 = Release|Any CPU
		{7B809DF1-6DC8-4A89-A7D1-A494B8D091A4}.Debug|Any CPU.ActiveCfg = Debug|Any CPU
		{7B809DF1-6DC8-4A89-A7D1-A494B8D091A4}.Debug|Any CPU.Build.0 = Debug|Any CPU
		{7B809DF1-6DC8-4A89-A7D1-A494B8D091A4}.Release|Any CPU.ActiveCfg = Release|Any CPU
		{7B809DF1-6DC8-4A89-A7D1-A494B8D091A4}.Release|Any CPU.Build.0 = Release|Any CPU
		{A0D1908C-06E8-4675-B94E-0E6CD498ADBA}.Debug|Any CPU.ActiveCfg = Debug|Any CPU
		{A0D1908C-06E8-4675-B94E-0E6CD498ADBA}.Debug|Any CPU.Build.0 = Debug|Any CPU
		{A0D1908C-06E8-4675-B94E-0E6CD498ADBA}.Release|Any CPU.ActiveCfg = Release|Any CPU
		{A0D1908C-06E8-4675-B94E-0E6CD498ADBA}.Release|Any CPU.Build.0 = Release|Any CPU
		{29893B70-4ACA-449E-959F-602AA4FF6529}.Debug|Any CPU.ActiveCfg = Debug|Any CPU
		{29893B70-4ACA-449E-959F-602AA4FF6529}.Debug|Any CPU.Build.0 = Debug|Any CPU
		{29893B70-4ACA-449E-959F-602AA4FF6529}.Release|Any CPU.ActiveCfg = Release|Any CPU
		{29893B70-4ACA-449E-959F-602AA4FF6529}.Release|Any CPU.Build.0 = Release|Any CPU
	EndGlobalSection
	GlobalSection(SolutionProperties) = preSolution
		HideSolutionNode = FALSE
	EndGlobalSection
	GlobalSection(NestedProjects) = preSolution
		{D6C0A9E6-2E50-40AD-9CF9-DB401AB360BA} = {9B245F95-32CE-4E1E-9C0A-8A006BD3454D}
		{8432BF29-D2F6-4727-97D9-656247B13EFF} = {27FDFCC9-2984-4AE8-BF68-41CA976C17EF}
		{E905FFE6-A1D5-48B2-81B7-8E8D4BC5F895} = {27FDFCC9-2984-4AE8-BF68-41CA976C17EF}
		{11214D97-F23C-4E16-AA12-ECD824454744} = {37CB0357-0851-490B-9A39-2C8193156D4D}
		{AA76F90E-2594-44C8-89D6-302A0C8757AD} = {37CB0357-0851-490B-9A39-2C8193156D4D}
		{A155C5D8-FEE0-415C-940A-26C94D61BE9B} = {CEBC9D73-2745-46DB-8DCB-1651F581177F}
		{8AE51EE2-67DB-4F57-98FE-CBB890C9A5A2} = {CEBC9D73-2745-46DB-8DCB-1651F581177F}
		{CD06E340-B210-43F0-B963-D99D16073B79} = {CEBC9D73-2745-46DB-8DCB-1651F581177F}
		{812C05FD-2BAA-4799-B0AB-2711781133BA} = {CEBC9D73-2745-46DB-8DCB-1651F581177F}
		{99D0022F-17D5-4DD5-B4D3-BA8FDC81F7AF} = {CEBC9D73-2745-46DB-8DCB-1651F581177F}
		{D988D0DA-99C9-4BB6-98BB-4C0526F6F524} = {37CB0357-0851-490B-9A39-2C8193156D4D}
		{290B5D69-973B-444E-A956-555534090CD7} = {37CB0357-0851-490B-9A39-2C8193156D4D}
		{5EAB063D-E939-4A48-A836-EA2CF771E4A8} = {37CB0357-0851-490B-9A39-2C8193156D4D}
		{F52D88A1-FF0B-4E54-B3F9-E48F9121134A} = {CEBC9D73-2745-46DB-8DCB-1651F581177F}
		{9AF5B6CB-3A31-4EE2-8688-3732793359FF} = {27FDFCC9-2984-4AE8-BF68-41CA976C17EF}
		{3BF4147E-D01D-4FFF-B8E7-FE24959B2D7E} = {CEBC9D73-2745-46DB-8DCB-1651F581177F}
		{50C65DBC-C6F4-4B1C-86B5-9BC6E90121A4} = {27FDFCC9-2984-4AE8-BF68-41CA976C17EF}
		{B7CFF757-E14D-418C-A75F-D8344D408BF2} = {D6C0A9E6-2E50-40AD-9CF9-DB401AB360BA}
		{B5C93A51-4CBF-419C-A8B1-290B3F163B5E} = {D6C0A9E6-2E50-40AD-9CF9-DB401AB360BA}
		{4846CCAB-BF12-460E-95EB-CCAD0D76871E} = {D6C0A9E6-2E50-40AD-9CF9-DB401AB360BA}
		{7DD23B2F-855E-4265-A755-FBEB4B23DD55} = {9B245F95-32CE-4E1E-9C0A-8A006BD3454D}
		{E6686132-6E85-489F-94E8-27BB1ACF4B0A} = {9B245F95-32CE-4E1E-9C0A-8A006BD3454D}
		{8437191E-D061-4AA4-804E-81C188AE214F} = {E6686132-6E85-489F-94E8-27BB1ACF4B0A}
		{6BA5DFFC-5C6B-4C1F-B32A-075FBA752AB1} = {E6686132-6E85-489F-94E8-27BB1ACF4B0A}
		{296AAADC-AECD-49D9-8F61-3F59604D47CA} = {E6686132-6E85-489F-94E8-27BB1ACF4B0A}
		{0AAA741A-86C9-4EF4-8627-572E17E5C816} = {D6C0A9E6-2E50-40AD-9CF9-DB401AB360BA}
		{AE486FBE-A1CC-412A-80C3-DAEB8350B863} = {E6686132-6E85-489F-94E8-27BB1ACF4B0A}
		{D75273F5-C24C-42EF-906D-3081CFF23FF7} = {7DD23B2F-855E-4265-A755-FBEB4B23DD55}
		{716801D7-EC1A-424C-913A-FF351C371405} = {9B245F95-32CE-4E1E-9C0A-8A006BD3454D}
		{822B6750-1096-4324-9AA8-4F2A5E54662C} = {716801D7-EC1A-424C-913A-FF351C371405}
		{9399D7E8-C520-4750-9D5F-38A25E776852} = {716801D7-EC1A-424C-913A-FF351C371405}
		{944EC3D9-3953-410D-8F36-5C06097CD56F} = {716801D7-EC1A-424C-913A-FF351C371405}
		{7D06445A-A1FC-47D7-AAB8-38F531B4BFB6} = {27FDFCC9-2984-4AE8-BF68-41CA976C17EF}
		{9F519EF8-800F-40CB-9545-9AEADF0F387D} = {CEBC9D73-2745-46DB-8DCB-1651F581177F}
		{70A7663C-09AB-4BAB-9BFC-F0649FE6C8F4} = {7DD23B2F-855E-4265-A755-FBEB4B23DD55}
		{08CFB8BA-AA0E-42F5-B6BF-140C64E34377} = {7DD23B2F-855E-4265-A755-FBEB4B23DD55}
		{36C53C41-48DB-4D74-9D83-78DF614DC83B} = {7DD23B2F-855E-4265-A755-FBEB4B23DD55}
		{78E08736-F39A-4C14-BF1F-4BB078048C10} = {716801D7-EC1A-424C-913A-FF351C371405}
		{73946B50-FB8F-4455-90C9-0055F9CAC157} = {9B245F95-32CE-4E1E-9C0A-8A006BD3454D}
		{52C52CED-C46E-4665-9208-7637476F428B} = {73946B50-FB8F-4455-90C9-0055F9CAC157}
		{38577CF5-6C97-4C0F-A910-01253E2F50AB} = {73946B50-FB8F-4455-90C9-0055F9CAC157}
		{E56AF654-E414-44C1-A357-6E1168EE239F} = {73946B50-FB8F-4455-90C9-0055F9CAC157}
		{E7D92797-7B72-4AED-BBC6-745106773A2B} = {73946B50-FB8F-4455-90C9-0055F9CAC157}
		{47FF994B-7C36-49DC-937E-535A950F1966} = {CEBC9D73-2745-46DB-8DCB-1651F581177F}
		{3945F981-1718-4E8A-ADF7-4F947DF4C7F6} = {9B245F95-32CE-4E1E-9C0A-8A006BD3454D}
		{E418B61E-B5F8-48B8-ADD4-309FEF7A4AA9} = {3945F981-1718-4E8A-ADF7-4F947DF4C7F6}
		{15147F27-6F62-4AAE-B40C-888EEBCB56B6} = {3945F981-1718-4E8A-ADF7-4F947DF4C7F6}
		{163CE1D9-0BEA-41BA-98F3-6B1C98CDC176} = {3945F981-1718-4E8A-ADF7-4F947DF4C7F6}
		{946F8A47-4642-40DA-9A42-B6BF75B70C49} = {3945F981-1718-4E8A-ADF7-4F947DF4C7F6}
		{6C764754-4A2B-4CE1-8BC2-674D0F64F4CE} = {5D6CB89A-6B0A-4F99-8FDF-154190C0B815}
		{C7AB215F-9635-4130-A9CF-AA5C43F1D280} = {9B245F95-32CE-4E1E-9C0A-8A006BD3454D}
		{6E824491-DC07-44F0-A8E1-5F3504AD5885} = {C7AB215F-9635-4130-A9CF-AA5C43F1D280}
		{7B809DF1-6DC8-4A89-A7D1-A494B8D091A4} = {C7AB215F-9635-4130-A9CF-AA5C43F1D280}
		{A0D1908C-06E8-4675-B94E-0E6CD498ADBA} = {C7AB215F-9635-4130-A9CF-AA5C43F1D280}
		{29893B70-4ACA-449E-959F-602AA4FF6529} = {C7AB215F-9635-4130-A9CF-AA5C43F1D280}
	EndGlobalSection
	GlobalSection(ExtensibilityGlobals) = postSolution
		SolutionGuid = {EB86FCFF-A2E4-405B-A41C-9A90205C321E}
	EndGlobalSection
EndGlobal
