
Microsoft Visual Studio Solution File, Format Version 12.00
# Visual Studio 2013
VisualStudioVersion = 12.0.40629.0
MinimumVisualStudioVersion = 10.0.40219.1
Project("{2150E333-8FDC-42A3-9474-1A3956D46DE8}") = "ExamPaper", "ExamPaper", "{20859925-193B-4824-93D7-95CD9714E07D}"
EndProject
Project("{2150E333-8FDC-42A3-9474-1A3956D46DE8}") = "SpokenBroadcas", "SpokenBroadcas", "{004A1160-3AAE-4F84-9B1E-BEE8F7C4FE03}"
EndProject
Project("{FAE04EC0-301F-11D3-BF4B-00C04F79EFBC}") = "Kingsun.SynchronousStudy.Web", "Kingsun.SynchronousStudy.Web\Kingsun.SynchronousStudy.Web.csproj", "{95A4C3CC-0973-4DF3-BE38-1E9371E9E38A}"
EndProject
Project("{FAE04EC0-301F-11D3-BF4B-00C04F79EFBC}") = "Kingsun.SynchronousStudy.Common", "Kingsun.SynchronousStudy.Common\Kingsun.SynchronousStudy.Common.csproj", "{11F1A8E9-0472-4167-8E9D-1AFA684508F6}"
EndProject
Project("{FAE04EC0-301F-11D3-BF4B-00C04F79EFBC}") = "Kingsun.SynchronousStudy.Models", "Kingsun.SynchronousStudy.Models\Kingsun.SynchronousStudy.Models.csproj", "{E7E44629-9180-45D0-B3AD-C739405064D9}"
EndProject
Project("{FAE04EC0-301F-11D3-BF4B-00C04F79EFBC}") = "Kingsun.SynchronousStudy.DAL", "Kingsun.SynchronousStudy.DAL\Kingsun.SynchronousStudy.DAL.csproj", "{495EB23B-63A1-4BA5-BF58-ADF8E584000D}"
EndProject
Project("{FAE04EC0-301F-11D3-BF4B-00C04F79EFBC}") = "Kingsun.SynchronousStudy.BLL", "Kingsun.SynchronousStudy.BLL\Kingsun.SynchronousStudy.BLL.csproj", "{24B153EF-7D94-4D16-B9EA-2ED51727D41D}"
EndProject
Project("{FAE04EC0-301F-11D3-BF4B-00C04F79EFBC}") = "Kingsun.PSO", "Kingsun.PSO\Kingsun.PSO.csproj", "{30C5073D-C4CB-4CA0-A100-7CB234A737C3}"
EndProject
Project("{FAE04EC0-301F-11D3-BF4B-00C04F79EFBC}") = "Kingsun.SynchronousStudy.App", "Kingsun.SynchronousStudy.Web\Servers\Kingsun.SynchronousStudy.App\Kingsun.SynchronousStudy.App.csproj", "{21ED9B68-A475-444C-9D17-C80910153108}"
EndProject
Project("{FAE04EC0-301F-11D3-BF4B-00C04F79EFBC}") = "Kingsun.ExamPaper.Api", "Kingsun.ExamPaper.Api\Kingsun.ExamPaper.Api.csproj", "{6BB91A5B-3FCA-4548-A6A6-3B46CFB1B583}"
EndProject
Project("{FAE04EC0-301F-11D3-BF4B-00C04F79EFBC}") = "Kingsun.ExamPaper.Common", "Kingsun.ExamPaper.Common\Kingsun.ExamPaper.Common.csproj", "{66BCE65B-373F-4E62-8A18-811E4EAF3EF7}"
EndProject
Project("{FAE04EC0-301F-11D3-BF4B-00C04F79EFBC}") = "Kingsun.ExamPaper.DAL", "Kingsun.ExamPaper.DAL\Kingsun.ExamPaper.DAL.csproj", "{14D39972-0466-4E6C-869C-8A22F59EA4B5}"
EndProject
Project("{FAE04EC0-301F-11D3-BF4B-00C04F79EFBC}") = "Kingsun.ExamPaper.BLL", "Kingsun.ExamPaper.BLL\Kingsun.ExamPaper.BLL.csproj", "{09433796-0891-4005-AC0C-5B3752B45E7D}"
EndProject
Project("{FAE04EC0-301F-11D3-BF4B-00C04F79EFBC}") = "Kingsun.ExamPaper.Model", "Kingsun.ExamPaper.Model\Kingsun.ExamPaper.Model.csproj", "{ED1EE774-8043-43BD-A2F9-002B54693B07}"
EndProject
Project("{FAE04EC0-301F-11D3-BF4B-00C04F79EFBC}") = "Kingsun.SpokenBroadcas.BLL", "Kingsun.SpokenBroadcas.BLL\Kingsun.SpokenBroadcas.BLL.csproj", "{2A35BF12-F932-44E7-86EB-4DC3F319B7CD}"
EndProject
Project("{FAE04EC0-301F-11D3-BF4B-00C04F79EFBC}") = "Kingsun.SpokenBroadcas.DAL", "KingsSun.SpokenBroadcas.DAL\Kingsun.SpokenBroadcas.DAL.csproj", "{98F2860A-4965-4D07-82BD-C5A848851F71}"
EndProject
Project("{FAE04EC0-301F-11D3-BF4B-00C04F79EFBC}") = "Kingsun.SpokenBroadcas.Common", "Kingsun.SpokenBroadcas.Common\Kingsun.SpokenBroadcas.Common.csproj", "{02DC672F-F44E-4D68-82C7-A95E82E5E26A}"
EndProject
Project("{FAE04EC0-301F-11D3-BF4B-00C04F79EFBC}") = "Kingsun.SpokenBroadcas.Model", "Kingsun.SpokenBroadcas.Model\Kingsun.SpokenBroadcas.Model.csproj", "{30EE649B-E26D-41DA-AFBD-5CF16864AE85}"
EndProject
Project("{FAE04EC0-301F-11D3-BF4B-00C04F79EFBC}") = "Kingsun.SpokenBroadcas.Web", "Kingsun.SpokenBroadcas.Web\Kingsun.SpokenBroadcas.Web.csproj", "{387D5261-A9EB-4BDA-8FAA-B0671743B04F}"
EndProject
Project("{FAE04EC0-301F-11D3-BF4B-00C04F79EFBC}") = "Kingsun.ExamPaper.Web", "Kingsun.ExamPaper.Web\Kingsun.ExamPaper.Web.csproj", "{8C1174C4-582C-4709-ADE6-E34B237C212E}"
EndProject
Project("{FAE04EC0-301F-11D3-BF4B-00C04F79EFBC}") = "Kingsun.SpokenBroadcas.Api", "Kingsun.SpokenBroadcas.Api\Kingsun.SpokenBroadcas.Api.csproj", "{5F7C1268-A9F4-4245-B4B9-6B487ADDAE58}"
EndProject
Project("{FAE04EC0-301F-11D3-BF4B-00C04F79EFBC}") = "Kingsun.ExamPaper.WeChat", "Kingsun.ExamPaper.WeChat\Kingsun.ExamPaper.WeChat.csproj", "{78334B76-C770-4367-93AC-1268ABC7900A}"
EndProject
Project("{2150E333-8FDC-42A3-9474-1A3956D46DE8}") = "InterestDubbingGame", "InterestDubbingGame", "{3FF2EEC9-F677-4C60-8481-4421F34C8B86}"
EndProject
Project("{FAE04EC0-301F-11D3-BF4B-00C04F79EFBC}") = "Kingsun.InterestDubbingGame.BLL", "Kingsun.InterestDubbingGame.BLL\Kingsun.InterestDubbingGame.BLL.csproj", "{A2DCB0C4-6556-49DE-ABFA-D5DDD3F838AA}"
EndProject
Project("{FAE04EC0-301F-11D3-BF4B-00C04F79EFBC}") = "Kingsun.InterestDubbingGame.Common", "Kingsun.InterestDubbingGame.Common\Kingsun.InterestDubbingGame.Common.csproj", "{12338862-A603-4ACC-A7D2-D7AE5FE823D0}"
EndProject
Project("{FAE04EC0-301F-11D3-BF4B-00C04F79EFBC}") = "Kingsun.InterestDubbingGame.Model", "Kingsun.InterestDubbingGame.Model\Kingsun.InterestDubbingGame.Model.csproj", "{AA47FBF1-C98D-4188-A663-408FDC94932E}"
EndProject
Project("{FAE04EC0-301F-11D3-BF4B-00C04F79EFBC}") = "Kingsun.InterestDubbingGame.Web", "Kingsun.InterestDubbingGame.Web\Kingsun.InterestDubbingGame.Web.csproj", "{9367D39E-9A9B-4054-938B-4274C98CE2B4}"
EndProject
Project("{FAE04EC0-301F-11D3-BF4B-00C04F79EFBC}") = "Kingsun.InterestDubbingGame.DAL", "Kingsun.InterestDubbingGame.DAL\Kingsun.InterestDubbingGame.DAL.csproj", "{0B0D8D5D-F99A-45E2-9079-31A8DA2B579A}"
EndProject
Project("{FAE04EC0-301F-11D3-BF4B-00C04F79EFBC}") = "Kingsun.SynchronousStudy.FS", "Kingsun.SynchronousStudy.FS\Kingsun.SynchronousStudy.FS.csproj", "{06E11F43-0CAB-46B2-8821-70A398D83456}"
EndProject
Project("{2150E333-8FDC-42A3-9474-1A3956D46DE8}") = "IBS", "IBS", "{16B3642B-16BE-41CE-A1E6-CC4380C39DBC}"
EndProject
Project("{FAE04EC0-301F-11D3-BF4B-00C04F79EFBC}") = "Kingsun.IBS.Api", "Kingsun.IBS.API\Kingsun.IBS.Api.csproj", "{414C8D59-E750-4C7B-B8F7-1A7E466FC651}"
EndProject
Project("{FAE04EC0-301F-11D3-BF4B-00C04F79EFBC}") = "Kingsun.IBS.BLL", "Kingsun.IBS.BLL\Kingsun.IBS.BLL.csproj", "{989BBA06-1BE9-43C2-8784-D89BE92552C5}"
EndProject
Project("{FAE04EC0-301F-11D3-BF4B-00C04F79EFBC}") = "Kingsun.IBS.DAL", "Kingsun.IBS.DAL\Kingsun.IBS.DAL.csproj", "{DF7CE042-4902-48EC-8A7F-52DA364ECBA2}"
EndProject
Project("{FAE04EC0-301F-11D3-BF4B-00C04F79EFBC}") = "Kingsun.IBS.Model", "Kingsun.IBS.Model\Kingsun.IBS.Model.csproj", "{C3707E30-F728-45BD-8A04-9DC23FA59F88}"
EndProject
Project("{2150E333-8FDC-42A3-9474-1A3956D46DE8}") = "FZ_Temporary", "FZ_Temporary", "{90DF6512-7DEA-4F96-A8DA-609F1D2F6B0C}"
EndProject
Project("{FAE04EC0-301F-11D3-BF4B-00C04F79EFBC}") = "Kingsun.FZ_Temporary.BLL", "Kingsun.FZ_Temporary.BLL\Kingsun.FZ_Temporary.BLL.csproj", "{908EE208-9E81-490A-AB50-236CC32DEFB2}"
EndProject
Project("{FAE04EC0-301F-11D3-BF4B-00C04F79EFBC}") = "Kingsun.FZ_Temporary.Common", "Kingsun.FZ_Temporary.Common\Kingsun.FZ_Temporary.Common.csproj", "{8E506979-5DAB-41B0-9E43-F12F5B4A62CC}"
EndProject
Project("{FAE04EC0-301F-11D3-BF4B-00C04F79EFBC}") = "Kingsun.FZ_Temporary.Model", "Kingsun.FZ_Temporary.Model\Kingsun.FZ_Temporary.Model.csproj", "{065910B8-0077-4CB6-8B4A-5AD800EFCF3B}"
EndProject
Project("{FAE04EC0-301F-11D3-BF4B-00C04F79EFBC}") = "Kingsun.FZ_Temporary.DAL", "Kingsun.FZ_Temporary.DAL\Kingsun.FZ_Temporary.DAL.csproj", "{40562C04-9618-4883-860C-584D753E717A}"
EndProject
Project("{FAE04EC0-301F-11D3-BF4B-00C04F79EFBC}") = "Kingsun.FZ_Temporary.Web", "Kingsun.FZ_Temporary.Web\Kingsun.FZ_Temporary.Web.csproj", "{FD3B33DA-3AA3-4CDD-9A14-DCE74A0A061B}"
EndProject
Project("{FAE04EC0-301F-11D3-BF4B-00C04F79EFBC}") = "Kingsun.IBS.IBLL", "Kingsun.IBS.IBLL\Kingsun.IBS.IBLL.csproj", "{57DC56DD-F3F8-4CAE-99E0-C20B31108C8C}"
EndProject
Project("{FAE04EC0-301F-11D3-BF4B-00C04F79EFBC}") = "Kingsun.IBS.IDAL", "Kingsun.IBS.IDAL\Kingsun.IBS.IDAL.csproj", "{A772FEA1-210C-4464-837B-99D548CF8DCC}"
EndProject
Project("{2150E333-8FDC-42A3-9474-1A3956D46DE8}") = "Infrastructure", "Infrastructure", "{FBBF7DB1-9CFF-473E-BB59-3398B7AE92B2}"
EndProject
Project("{2150E333-8FDC-42A3-9474-1A3956D46DE8}") = "Domain", "Domain", "{D584D317-B28B-4111-BA97-B5C508622057}"
EndProject
Project("{2150E333-8FDC-42A3-9474-1A3956D46DE8}") = "Web", "Web", "{CE1997F8-9F82-4396-B53E-D5B111384A9C}"
EndProject
Project("{2150E333-8FDC-42A3-9474-1A3956D46DE8}") = "SynchronousStudy", "SynchronousStudy", "{724C6524-B1B6-4C7B-84DE-CF9D25DBDB9A}"
EndProject
Project("{FAE04EC0-301F-11D3-BF4B-00C04F79EFBC}") = "Kingsun.SynchronousStudy.Pay", "Kingsun.SynchronousStudy.Pay\Kingsun.SynchronousStudy.Pay.csproj", "{BF035D3A-ACCC-4976-80B5-04C0DD8B45D0}"
EndProject
Project("{FAE04EC0-301F-11D3-BF4B-00C04F79EFBC}") = "Kingsun.SynchronousStudy.AliPay", "Kingsun.SynchronousStudy.AliPay\Kingsun.SynchronousStudy.AliPay.csproj", "{8E08E86B-116D-49F1-8A95-FF3D2A994104}"
EndProject
Project("{2150E333-8FDC-42A3-9474-1A3956D46DE8}") = "Pay", "Pay", "{2C8A9E53-3606-4BEF-AF22-71325172B6C1}"
EndProject
Global
	GlobalSection(SolutionConfigurationPlatforms) = preSolution
		create|Any CPU = create|Any CPU
		Debug|Any CPU = Debug|Any CPU
		Release|Any CPU = Release|Any CPU
	EndGlobalSection
	GlobalSection(ProjectConfigurationPlatforms) = postSolution
		{95A4C3CC-0973-4DF3-BE38-1E9371E9E38A}.create|Any CPU.ActiveCfg = create|Any CPU
		{95A4C3CC-0973-4DF3-BE38-1E9371E9E38A}.create|Any CPU.Build.0 = create|Any CPU
		{95A4C3CC-0973-4DF3-BE38-1E9371E9E38A}.Debug|Any CPU.ActiveCfg = Debug|Any CPU
		{95A4C3CC-0973-4DF3-BE38-1E9371E9E38A}.Debug|Any CPU.Build.0 = Debug|Any CPU
		{95A4C3CC-0973-4DF3-BE38-1E9371E9E38A}.Release|Any CPU.ActiveCfg = Release|Any CPU
		{95A4C3CC-0973-4DF3-BE38-1E9371E9E38A}.Release|Any CPU.Build.0 = Release|Any CPU
		{11F1A8E9-0472-4167-8E9D-1AFA684508F6}.create|Any CPU.ActiveCfg = create|Any CPU
		{11F1A8E9-0472-4167-8E9D-1AFA684508F6}.create|Any CPU.Build.0 = create|Any CPU
		{11F1A8E9-0472-4167-8E9D-1AFA684508F6}.Debug|Any CPU.ActiveCfg = Debug|Any CPU
		{11F1A8E9-0472-4167-8E9D-1AFA684508F6}.Debug|Any CPU.Build.0 = Debug|Any CPU
		{11F1A8E9-0472-4167-8E9D-1AFA684508F6}.Release|Any CPU.ActiveCfg = Release|Any CPU
		{11F1A8E9-0472-4167-8E9D-1AFA684508F6}.Release|Any CPU.Build.0 = Release|Any CPU
		{E7E44629-9180-45D0-B3AD-C739405064D9}.create|Any CPU.ActiveCfg = create|Any CPU
		{E7E44629-9180-45D0-B3AD-C739405064D9}.create|Any CPU.Build.0 = create|Any CPU
		{E7E44629-9180-45D0-B3AD-C739405064D9}.Debug|Any CPU.ActiveCfg = Debug|Any CPU
		{E7E44629-9180-45D0-B3AD-C739405064D9}.Debug|Any CPU.Build.0 = Debug|Any CPU
		{E7E44629-9180-45D0-B3AD-C739405064D9}.Release|Any CPU.ActiveCfg = Release|Any CPU
		{E7E44629-9180-45D0-B3AD-C739405064D9}.Release|Any CPU.Build.0 = Release|Any CPU
		{495EB23B-63A1-4BA5-BF58-ADF8E584000D}.create|Any CPU.ActiveCfg = create|Any CPU
		{495EB23B-63A1-4BA5-BF58-ADF8E584000D}.create|Any CPU.Build.0 = create|Any CPU
		{495EB23B-63A1-4BA5-BF58-ADF8E584000D}.Debug|Any CPU.ActiveCfg = Debug|Any CPU
		{495EB23B-63A1-4BA5-BF58-ADF8E584000D}.Debug|Any CPU.Build.0 = Debug|Any CPU
		{495EB23B-63A1-4BA5-BF58-ADF8E584000D}.Release|Any CPU.ActiveCfg = Release|Any CPU
		{495EB23B-63A1-4BA5-BF58-ADF8E584000D}.Release|Any CPU.Build.0 = Release|Any CPU
		{24B153EF-7D94-4D16-B9EA-2ED51727D41D}.create|Any CPU.ActiveCfg = create|Any CPU
		{24B153EF-7D94-4D16-B9EA-2ED51727D41D}.create|Any CPU.Build.0 = create|Any CPU
		{24B153EF-7D94-4D16-B9EA-2ED51727D41D}.Debug|Any CPU.ActiveCfg = Debug|Any CPU
		{24B153EF-7D94-4D16-B9EA-2ED51727D41D}.Debug|Any CPU.Build.0 = Debug|Any CPU
		{24B153EF-7D94-4D16-B9EA-2ED51727D41D}.Release|Any CPU.ActiveCfg = Release|Any CPU
		{24B153EF-7D94-4D16-B9EA-2ED51727D41D}.Release|Any CPU.Build.0 = Release|Any CPU
		{30C5073D-C4CB-4CA0-A100-7CB234A737C3}.create|Any CPU.ActiveCfg = create|Any CPU
		{30C5073D-C4CB-4CA0-A100-7CB234A737C3}.create|Any CPU.Build.0 = create|Any CPU
		{30C5073D-C4CB-4CA0-A100-7CB234A737C3}.Debug|Any CPU.ActiveCfg = Release|Any CPU
		{30C5073D-C4CB-4CA0-A100-7CB234A737C3}.Debug|Any CPU.Build.0 = Release|Any CPU
		{30C5073D-C4CB-4CA0-A100-7CB234A737C3}.Release|Any CPU.ActiveCfg = Release|Any CPU
		{30C5073D-C4CB-4CA0-A100-7CB234A737C3}.Release|Any CPU.Build.0 = Release|Any CPU
		{21ED9B68-A475-444C-9D17-C80910153108}.create|Any CPU.ActiveCfg = create|Any CPU
		{21ED9B68-A475-444C-9D17-C80910153108}.create|Any CPU.Build.0 = create|Any CPU
		{21ED9B68-A475-444C-9D17-C80910153108}.Debug|Any CPU.ActiveCfg = Debug|Any CPU
		{21ED9B68-A475-444C-9D17-C80910153108}.Debug|Any CPU.Build.0 = Debug|Any CPU
		{21ED9B68-A475-444C-9D17-C80910153108}.Release|Any CPU.ActiveCfg = Release|Any CPU
		{21ED9B68-A475-444C-9D17-C80910153108}.Release|Any CPU.Build.0 = Release|Any CPU
		{6BB91A5B-3FCA-4548-A6A6-3B46CFB1B583}.create|Any CPU.ActiveCfg = create|Any CPU
		{6BB91A5B-3FCA-4548-A6A6-3B46CFB1B583}.create|Any CPU.Build.0 = create|Any CPU
		{6BB91A5B-3FCA-4548-A6A6-3B46CFB1B583}.Debug|Any CPU.ActiveCfg = Debug|Any CPU
		{6BB91A5B-3FCA-4548-A6A6-3B46CFB1B583}.Debug|Any CPU.Build.0 = Debug|Any CPU
		{6BB91A5B-3FCA-4548-A6A6-3B46CFB1B583}.Release|Any CPU.ActiveCfg = Release|Any CPU
		{6BB91A5B-3FCA-4548-A6A6-3B46CFB1B583}.Release|Any CPU.Build.0 = Release|Any CPU
		{66BCE65B-373F-4E62-8A18-811E4EAF3EF7}.create|Any CPU.ActiveCfg = create|Any CPU
		{66BCE65B-373F-4E62-8A18-811E4EAF3EF7}.create|Any CPU.Build.0 = create|Any CPU
		{66BCE65B-373F-4E62-8A18-811E4EAF3EF7}.Debug|Any CPU.ActiveCfg = Debug|Any CPU
		{66BCE65B-373F-4E62-8A18-811E4EAF3EF7}.Debug|Any CPU.Build.0 = Debug|Any CPU
		{66BCE65B-373F-4E62-8A18-811E4EAF3EF7}.Release|Any CPU.ActiveCfg = Release|Any CPU
		{66BCE65B-373F-4E62-8A18-811E4EAF3EF7}.Release|Any CPU.Build.0 = Release|Any CPU
		{14D39972-0466-4E6C-869C-8A22F59EA4B5}.create|Any CPU.ActiveCfg = create|Any CPU
		{14D39972-0466-4E6C-869C-8A22F59EA4B5}.create|Any CPU.Build.0 = create|Any CPU
		{14D39972-0466-4E6C-869C-8A22F59EA4B5}.Debug|Any CPU.ActiveCfg = Debug|Any CPU
		{14D39972-0466-4E6C-869C-8A22F59EA4B5}.Debug|Any CPU.Build.0 = Debug|Any CPU
		{14D39972-0466-4E6C-869C-8A22F59EA4B5}.Release|Any CPU.ActiveCfg = Release|Any CPU
		{14D39972-0466-4E6C-869C-8A22F59EA4B5}.Release|Any CPU.Build.0 = Release|Any CPU
		{09433796-0891-4005-AC0C-5B3752B45E7D}.create|Any CPU.ActiveCfg = create|Any CPU
		{09433796-0891-4005-AC0C-5B3752B45E7D}.create|Any CPU.Build.0 = create|Any CPU
		{09433796-0891-4005-AC0C-5B3752B45E7D}.Debug|Any CPU.ActiveCfg = Debug|Any CPU
		{09433796-0891-4005-AC0C-5B3752B45E7D}.Debug|Any CPU.Build.0 = Debug|Any CPU
		{09433796-0891-4005-AC0C-5B3752B45E7D}.Release|Any CPU.ActiveCfg = Release|Any CPU
		{09433796-0891-4005-AC0C-5B3752B45E7D}.Release|Any CPU.Build.0 = Release|Any CPU
		{ED1EE774-8043-43BD-A2F9-002B54693B07}.create|Any CPU.ActiveCfg = create|Any CPU
		{ED1EE774-8043-43BD-A2F9-002B54693B07}.create|Any CPU.Build.0 = create|Any CPU
		{ED1EE774-8043-43BD-A2F9-002B54693B07}.Debug|Any CPU.ActiveCfg = Debug|Any CPU
		{ED1EE774-8043-43BD-A2F9-002B54693B07}.Debug|Any CPU.Build.0 = Debug|Any CPU
		{ED1EE774-8043-43BD-A2F9-002B54693B07}.Release|Any CPU.ActiveCfg = Release|Any CPU
		{ED1EE774-8043-43BD-A2F9-002B54693B07}.Release|Any CPU.Build.0 = Release|Any CPU
		{2A35BF12-F932-44E7-86EB-4DC3F319B7CD}.create|Any CPU.ActiveCfg = create|Any CPU
		{2A35BF12-F932-44E7-86EB-4DC3F319B7CD}.create|Any CPU.Build.0 = create|Any CPU
		{2A35BF12-F932-44E7-86EB-4DC3F319B7CD}.Debug|Any CPU.ActiveCfg = Debug|Any CPU
		{2A35BF12-F932-44E7-86EB-4DC3F319B7CD}.Debug|Any CPU.Build.0 = Debug|Any CPU
		{2A35BF12-F932-44E7-86EB-4DC3F319B7CD}.Release|Any CPU.ActiveCfg = Release|Any CPU
		{2A35BF12-F932-44E7-86EB-4DC3F319B7CD}.Release|Any CPU.Build.0 = Release|Any CPU
		{98F2860A-4965-4D07-82BD-C5A848851F71}.create|Any CPU.ActiveCfg = create|Any CPU
		{98F2860A-4965-4D07-82BD-C5A848851F71}.create|Any CPU.Build.0 = create|Any CPU
		{98F2860A-4965-4D07-82BD-C5A848851F71}.Debug|Any CPU.ActiveCfg = Debug|Any CPU
		{98F2860A-4965-4D07-82BD-C5A848851F71}.Debug|Any CPU.Build.0 = Debug|Any CPU
		{98F2860A-4965-4D07-82BD-C5A848851F71}.Release|Any CPU.ActiveCfg = Release|Any CPU
		{98F2860A-4965-4D07-82BD-C5A848851F71}.Release|Any CPU.Build.0 = Release|Any CPU
		{02DC672F-F44E-4D68-82C7-A95E82E5E26A}.create|Any CPU.ActiveCfg = create|Any CPU
		{02DC672F-F44E-4D68-82C7-A95E82E5E26A}.create|Any CPU.Build.0 = create|Any CPU
		{02DC672F-F44E-4D68-82C7-A95E82E5E26A}.Debug|Any CPU.ActiveCfg = Debug|Any CPU
		{02DC672F-F44E-4D68-82C7-A95E82E5E26A}.Debug|Any CPU.Build.0 = Debug|Any CPU
		{02DC672F-F44E-4D68-82C7-A95E82E5E26A}.Release|Any CPU.ActiveCfg = Release|Any CPU
		{02DC672F-F44E-4D68-82C7-A95E82E5E26A}.Release|Any CPU.Build.0 = Release|Any CPU
		{30EE649B-E26D-41DA-AFBD-5CF16864AE85}.create|Any CPU.ActiveCfg = create|Any CPU
		{30EE649B-E26D-41DA-AFBD-5CF16864AE85}.create|Any CPU.Build.0 = create|Any CPU
		{30EE649B-E26D-41DA-AFBD-5CF16864AE85}.Debug|Any CPU.ActiveCfg = Debug|Any CPU
		{30EE649B-E26D-41DA-AFBD-5CF16864AE85}.Debug|Any CPU.Build.0 = Debug|Any CPU
		{30EE649B-E26D-41DA-AFBD-5CF16864AE85}.Release|Any CPU.ActiveCfg = Release|Any CPU
		{30EE649B-E26D-41DA-AFBD-5CF16864AE85}.Release|Any CPU.Build.0 = Release|Any CPU
		{387D5261-A9EB-4BDA-8FAA-B0671743B04F}.create|Any CPU.ActiveCfg = create|Any CPU
		{387D5261-A9EB-4BDA-8FAA-B0671743B04F}.create|Any CPU.Build.0 = create|Any CPU
		{387D5261-A9EB-4BDA-8FAA-B0671743B04F}.Debug|Any CPU.ActiveCfg = Debug|Any CPU
		{387D5261-A9EB-4BDA-8FAA-B0671743B04F}.Debug|Any CPU.Build.0 = Debug|Any CPU
		{387D5261-A9EB-4BDA-8FAA-B0671743B04F}.Release|Any CPU.ActiveCfg = Release|Any CPU
		{387D5261-A9EB-4BDA-8FAA-B0671743B04F}.Release|Any CPU.Build.0 = Release|Any CPU
		{8C1174C4-582C-4709-ADE6-E34B237C212E}.create|Any CPU.ActiveCfg = create|Any CPU
		{8C1174C4-582C-4709-ADE6-E34B237C212E}.create|Any CPU.Build.0 = create|Any CPU
		{8C1174C4-582C-4709-ADE6-E34B237C212E}.Debug|Any CPU.ActiveCfg = Debug|Any CPU
		{8C1174C4-582C-4709-ADE6-E34B237C212E}.Debug|Any CPU.Build.0 = Debug|Any CPU
		{8C1174C4-582C-4709-ADE6-E34B237C212E}.Release|Any CPU.ActiveCfg = Release|Any CPU
		{8C1174C4-582C-4709-ADE6-E34B237C212E}.Release|Any CPU.Build.0 = Release|Any CPU
		{5F7C1268-A9F4-4245-B4B9-6B487ADDAE58}.create|Any CPU.ActiveCfg = create|Any CPU
		{5F7C1268-A9F4-4245-B4B9-6B487ADDAE58}.create|Any CPU.Build.0 = create|Any CPU
		{5F7C1268-A9F4-4245-B4B9-6B487ADDAE58}.Debug|Any CPU.ActiveCfg = Debug|Any CPU
		{5F7C1268-A9F4-4245-B4B9-6B487ADDAE58}.Debug|Any CPU.Build.0 = Debug|Any CPU
		{5F7C1268-A9F4-4245-B4B9-6B487ADDAE58}.Release|Any CPU.ActiveCfg = Release|Any CPU
		{5F7C1268-A9F4-4245-B4B9-6B487ADDAE58}.Release|Any CPU.Build.0 = Release|Any CPU
		{78334B76-C770-4367-93AC-1268ABC7900A}.create|Any CPU.ActiveCfg = create|Any CPU
		{78334B76-C770-4367-93AC-1268ABC7900A}.create|Any CPU.Build.0 = create|Any CPU
		{78334B76-C770-4367-93AC-1268ABC7900A}.Debug|Any CPU.ActiveCfg = Debug|Any CPU
		{78334B76-C770-4367-93AC-1268ABC7900A}.Debug|Any CPU.Build.0 = Debug|Any CPU
		{78334B76-C770-4367-93AC-1268ABC7900A}.Release|Any CPU.ActiveCfg = Release|Any CPU
		{78334B76-C770-4367-93AC-1268ABC7900A}.Release|Any CPU.Build.0 = Release|Any CPU
		{A2DCB0C4-6556-49DE-ABFA-D5DDD3F838AA}.create|Any CPU.ActiveCfg = create|Any CPU
		{A2DCB0C4-6556-49DE-ABFA-D5DDD3F838AA}.create|Any CPU.Build.0 = create|Any CPU
		{A2DCB0C4-6556-49DE-ABFA-D5DDD3F838AA}.Debug|Any CPU.ActiveCfg = Debug|Any CPU
		{A2DCB0C4-6556-49DE-ABFA-D5DDD3F838AA}.Debug|Any CPU.Build.0 = Debug|Any CPU
		{A2DCB0C4-6556-49DE-ABFA-D5DDD3F838AA}.Release|Any CPU.ActiveCfg = Release|Any CPU
		{A2DCB0C4-6556-49DE-ABFA-D5DDD3F838AA}.Release|Any CPU.Build.0 = Release|Any CPU
		{12338862-A603-4ACC-A7D2-D7AE5FE823D0}.create|Any CPU.ActiveCfg = create|Any CPU
		{12338862-A603-4ACC-A7D2-D7AE5FE823D0}.create|Any CPU.Build.0 = create|Any CPU
		{12338862-A603-4ACC-A7D2-D7AE5FE823D0}.Debug|Any CPU.ActiveCfg = Debug|Any CPU
		{12338862-A603-4ACC-A7D2-D7AE5FE823D0}.Debug|Any CPU.Build.0 = Debug|Any CPU
		{12338862-A603-4ACC-A7D2-D7AE5FE823D0}.Release|Any CPU.ActiveCfg = Release|Any CPU
		{12338862-A603-4ACC-A7D2-D7AE5FE823D0}.Release|Any CPU.Build.0 = Release|Any CPU
		{AA47FBF1-C98D-4188-A663-408FDC94932E}.create|Any CPU.ActiveCfg = create|Any CPU
		{AA47FBF1-C98D-4188-A663-408FDC94932E}.create|Any CPU.Build.0 = create|Any CPU
		{AA47FBF1-C98D-4188-A663-408FDC94932E}.Debug|Any CPU.ActiveCfg = Debug|Any CPU
		{AA47FBF1-C98D-4188-A663-408FDC94932E}.Debug|Any CPU.Build.0 = Debug|Any CPU
		{AA47FBF1-C98D-4188-A663-408FDC94932E}.Release|Any CPU.ActiveCfg = Release|Any CPU
		{AA47FBF1-C98D-4188-A663-408FDC94932E}.Release|Any CPU.Build.0 = Release|Any CPU
		{9367D39E-9A9B-4054-938B-4274C98CE2B4}.create|Any CPU.ActiveCfg = create|Any CPU
		{9367D39E-9A9B-4054-938B-4274C98CE2B4}.create|Any CPU.Build.0 = create|Any CPU
		{9367D39E-9A9B-4054-938B-4274C98CE2B4}.Debug|Any CPU.ActiveCfg = Debug|Any CPU
		{9367D39E-9A9B-4054-938B-4274C98CE2B4}.Debug|Any CPU.Build.0 = Debug|Any CPU
		{9367D39E-9A9B-4054-938B-4274C98CE2B4}.Release|Any CPU.ActiveCfg = Release|Any CPU
		{9367D39E-9A9B-4054-938B-4274C98CE2B4}.Release|Any CPU.Build.0 = Release|Any CPU
		{0B0D8D5D-F99A-45E2-9079-31A8DA2B579A}.create|Any CPU.ActiveCfg = create|Any CPU
		{0B0D8D5D-F99A-45E2-9079-31A8DA2B579A}.create|Any CPU.Build.0 = create|Any CPU
		{0B0D8D5D-F99A-45E2-9079-31A8DA2B579A}.Debug|Any CPU.ActiveCfg = Debug|Any CPU
		{0B0D8D5D-F99A-45E2-9079-31A8DA2B579A}.Debug|Any CPU.Build.0 = Debug|Any CPU
		{0B0D8D5D-F99A-45E2-9079-31A8DA2B579A}.Release|Any CPU.ActiveCfg = Release|Any CPU
		{0B0D8D5D-F99A-45E2-9079-31A8DA2B579A}.Release|Any CPU.Build.0 = Release|Any CPU
		{06E11F43-0CAB-46B2-8821-70A398D83456}.create|Any CPU.ActiveCfg = create|Any CPU
		{06E11F43-0CAB-46B2-8821-70A398D83456}.create|Any CPU.Build.0 = create|Any CPU
		{06E11F43-0CAB-46B2-8821-70A398D83456}.Debug|Any CPU.ActiveCfg = Debug|Any CPU
		{06E11F43-0CAB-46B2-8821-70A398D83456}.Debug|Any CPU.Build.0 = Debug|Any CPU
		{06E11F43-0CAB-46B2-8821-70A398D83456}.Release|Any CPU.ActiveCfg = Release|Any CPU
		{06E11F43-0CAB-46B2-8821-70A398D83456}.Release|Any CPU.Build.0 = Release|Any CPU
		{414C8D59-E750-4C7B-B8F7-1A7E466FC651}.create|Any CPU.ActiveCfg = create|Any CPU
		{414C8D59-E750-4C7B-B8F7-1A7E466FC651}.create|Any CPU.Build.0 = create|Any CPU
		{414C8D59-E750-4C7B-B8F7-1A7E466FC651}.Debug|Any CPU.ActiveCfg = Debug|Any CPU
		{414C8D59-E750-4C7B-B8F7-1A7E466FC651}.Debug|Any CPU.Build.0 = Debug|Any CPU
		{414C8D59-E750-4C7B-B8F7-1A7E466FC651}.Release|Any CPU.ActiveCfg = Release|Any CPU
		{414C8D59-E750-4C7B-B8F7-1A7E466FC651}.Release|Any CPU.Build.0 = Release|Any CPU
		{989BBA06-1BE9-43C2-8784-D89BE92552C5}.create|Any CPU.ActiveCfg = create|Any CPU
		{989BBA06-1BE9-43C2-8784-D89BE92552C5}.create|Any CPU.Build.0 = create|Any CPU
		{989BBA06-1BE9-43C2-8784-D89BE92552C5}.Debug|Any CPU.ActiveCfg = Debug|Any CPU
		{989BBA06-1BE9-43C2-8784-D89BE92552C5}.Debug|Any CPU.Build.0 = Debug|Any CPU
		{989BBA06-1BE9-43C2-8784-D89BE92552C5}.Release|Any CPU.ActiveCfg = Release|Any CPU
		{989BBA06-1BE9-43C2-8784-D89BE92552C5}.Release|Any CPU.Build.0 = Release|Any CPU
		{DF7CE042-4902-48EC-8A7F-52DA364ECBA2}.create|Any CPU.ActiveCfg = create|Any CPU
		{DF7CE042-4902-48EC-8A7F-52DA364ECBA2}.create|Any CPU.Build.0 = create|Any CPU
		{DF7CE042-4902-48EC-8A7F-52DA364ECBA2}.Debug|Any CPU.ActiveCfg = Debug|Any CPU
		{DF7CE042-4902-48EC-8A7F-52DA364ECBA2}.Debug|Any CPU.Build.0 = Debug|Any CPU
		{DF7CE042-4902-48EC-8A7F-52DA364ECBA2}.Release|Any CPU.ActiveCfg = Release|Any CPU
		{DF7CE042-4902-48EC-8A7F-52DA364ECBA2}.Release|Any CPU.Build.0 = Release|Any CPU
		{C3707E30-F728-45BD-8A04-9DC23FA59F88}.create|Any CPU.ActiveCfg = create|Any CPU
		{C3707E30-F728-45BD-8A04-9DC23FA59F88}.create|Any CPU.Build.0 = create|Any CPU
		{C3707E30-F728-45BD-8A04-9DC23FA59F88}.Debug|Any CPU.ActiveCfg = Debug|Any CPU
		{C3707E30-F728-45BD-8A04-9DC23FA59F88}.Debug|Any CPU.Build.0 = Debug|Any CPU
		{C3707E30-F728-45BD-8A04-9DC23FA59F88}.Release|Any CPU.ActiveCfg = Release|Any CPU
		{C3707E30-F728-45BD-8A04-9DC23FA59F88}.Release|Any CPU.Build.0 = Release|Any CPU
		{908EE208-9E81-490A-AB50-236CC32DEFB2}.create|Any CPU.ActiveCfg = create|Any CPU
		{908EE208-9E81-490A-AB50-236CC32DEFB2}.create|Any CPU.Build.0 = create|Any CPU
		{908EE208-9E81-490A-AB50-236CC32DEFB2}.Debug|Any CPU.ActiveCfg = Debug|Any CPU
		{908EE208-9E81-490A-AB50-236CC32DEFB2}.Debug|Any CPU.Build.0 = Debug|Any CPU
		{908EE208-9E81-490A-AB50-236CC32DEFB2}.Release|Any CPU.ActiveCfg = Release|Any CPU
		{908EE208-9E81-490A-AB50-236CC32DEFB2}.Release|Any CPU.Build.0 = Release|Any CPU
		{8E506979-5DAB-41B0-9E43-F12F5B4A62CC}.create|Any CPU.ActiveCfg = create|Any CPU
		{8E506979-5DAB-41B0-9E43-F12F5B4A62CC}.create|Any CPU.Build.0 = create|Any CPU
		{8E506979-5DAB-41B0-9E43-F12F5B4A62CC}.Debug|Any CPU.ActiveCfg = Debug|Any CPU
		{8E506979-5DAB-41B0-9E43-F12F5B4A62CC}.Debug|Any CPU.Build.0 = Debug|Any CPU
		{8E506979-5DAB-41B0-9E43-F12F5B4A62CC}.Release|Any CPU.ActiveCfg = Release|Any CPU
		{8E506979-5DAB-41B0-9E43-F12F5B4A62CC}.Release|Any CPU.Build.0 = Release|Any CPU
		{065910B8-0077-4CB6-8B4A-5AD800EFCF3B}.create|Any CPU.ActiveCfg = create|Any CPU
		{065910B8-0077-4CB6-8B4A-5AD800EFCF3B}.create|Any CPU.Build.0 = create|Any CPU
		{065910B8-0077-4CB6-8B4A-5AD800EFCF3B}.Debug|Any CPU.ActiveCfg = Debug|Any CPU
		{065910B8-0077-4CB6-8B4A-5AD800EFCF3B}.Debug|Any CPU.Build.0 = Debug|Any CPU
		{065910B8-0077-4CB6-8B4A-5AD800EFCF3B}.Release|Any CPU.ActiveCfg = Release|Any CPU
		{065910B8-0077-4CB6-8B4A-5AD800EFCF3B}.Release|Any CPU.Build.0 = Release|Any CPU
		{40562C04-9618-4883-860C-584D753E717A}.create|Any CPU.ActiveCfg = create|Any CPU
		{40562C04-9618-4883-860C-584D753E717A}.create|Any CPU.Build.0 = create|Any CPU
		{40562C04-9618-4883-860C-584D753E717A}.Debug|Any CPU.ActiveCfg = Debug|Any CPU
		{40562C04-9618-4883-860C-584D753E717A}.Debug|Any CPU.Build.0 = Debug|Any CPU
		{40562C04-9618-4883-860C-584D753E717A}.Release|Any CPU.ActiveCfg = Release|Any CPU
		{40562C04-9618-4883-860C-584D753E717A}.Release|Any CPU.Build.0 = Release|Any CPU
		{FD3B33DA-3AA3-4CDD-9A14-DCE74A0A061B}.create|Any CPU.ActiveCfg = create|Any CPU
		{FD3B33DA-3AA3-4CDD-9A14-DCE74A0A061B}.create|Any CPU.Build.0 = create|Any CPU
		{FD3B33DA-3AA3-4CDD-9A14-DCE74A0A061B}.Debug|Any CPU.ActiveCfg = Debug|Any CPU
		{FD3B33DA-3AA3-4CDD-9A14-DCE74A0A061B}.Debug|Any CPU.Build.0 = Debug|Any CPU
		{FD3B33DA-3AA3-4CDD-9A14-DCE74A0A061B}.Release|Any CPU.ActiveCfg = Release|Any CPU
		{FD3B33DA-3AA3-4CDD-9A14-DCE74A0A061B}.Release|Any CPU.Build.0 = Release|Any CPU
		{57DC56DD-F3F8-4CAE-99E0-C20B31108C8C}.create|Any CPU.ActiveCfg = create|Any CPU
		{57DC56DD-F3F8-4CAE-99E0-C20B31108C8C}.create|Any CPU.Build.0 = create|Any CPU
		{57DC56DD-F3F8-4CAE-99E0-C20B31108C8C}.Debug|Any CPU.ActiveCfg = Debug|Any CPU
		{57DC56DD-F3F8-4CAE-99E0-C20B31108C8C}.Debug|Any CPU.Build.0 = Debug|Any CPU
		{57DC56DD-F3F8-4CAE-99E0-C20B31108C8C}.Release|Any CPU.ActiveCfg = Release|Any CPU
		{57DC56DD-F3F8-4CAE-99E0-C20B31108C8C}.Release|Any CPU.Build.0 = Release|Any CPU
		{A772FEA1-210C-4464-837B-99D548CF8DCC}.create|Any CPU.ActiveCfg = create|Any CPU
		{A772FEA1-210C-4464-837B-99D548CF8DCC}.create|Any CPU.Build.0 = create|Any CPU
		{A772FEA1-210C-4464-837B-99D548CF8DCC}.Debug|Any CPU.ActiveCfg = Debug|Any CPU
		{A772FEA1-210C-4464-837B-99D548CF8DCC}.Debug|Any CPU.Build.0 = Debug|Any CPU
		{A772FEA1-210C-4464-837B-99D548CF8DCC}.Release|Any CPU.ActiveCfg = Release|Any CPU
		{A772FEA1-210C-4464-837B-99D548CF8DCC}.Release|Any CPU.Build.0 = Release|Any CPU
		{BF035D3A-ACCC-4976-80B5-04C0DD8B45D0}.create|Any CPU.ActiveCfg = Release|Any CPU
		{BF035D3A-ACCC-4976-80B5-04C0DD8B45D0}.create|Any CPU.Build.0 = Release|Any CPU
		{BF035D3A-ACCC-4976-80B5-04C0DD8B45D0}.Debug|Any CPU.ActiveCfg = Debug|Any CPU
		{BF035D3A-ACCC-4976-80B5-04C0DD8B45D0}.Debug|Any CPU.Build.0 = Debug|Any CPU
		{BF035D3A-ACCC-4976-80B5-04C0DD8B45D0}.Release|Any CPU.ActiveCfg = Release|Any CPU
		{BF035D3A-ACCC-4976-80B5-04C0DD8B45D0}.Release|Any CPU.Build.0 = Release|Any CPU
		{8E08E86B-116D-49F1-8A95-FF3D2A994104}.create|Any CPU.ActiveCfg = Release|Any CPU
		{8E08E86B-116D-49F1-8A95-FF3D2A994104}.create|Any CPU.Build.0 = Release|Any CPU
		{8E08E86B-116D-49F1-8A95-FF3D2A994104}.Debug|Any CPU.ActiveCfg = Debug|Any CPU
		{8E08E86B-116D-49F1-8A95-FF3D2A994104}.Debug|Any CPU.Build.0 = Debug|Any CPU
		{8E08E86B-116D-49F1-8A95-FF3D2A994104}.Release|Any CPU.ActiveCfg = Release|Any CPU
		{8E08E86B-116D-49F1-8A95-FF3D2A994104}.Release|Any CPU.Build.0 = Release|Any CPU
	EndGlobalSection
	GlobalSection(SolutionProperties) = preSolution
		HideSolutionNode = FALSE
	EndGlobalSection
	GlobalSection(NestedProjects) = preSolution
		{95A4C3CC-0973-4DF3-BE38-1E9371E9E38A} = {CE1997F8-9F82-4396-B53E-D5B111384A9C}
		{11F1A8E9-0472-4167-8E9D-1AFA684508F6} = {724C6524-B1B6-4C7B-84DE-CF9D25DBDB9A}
		{E7E44629-9180-45D0-B3AD-C739405064D9} = {724C6524-B1B6-4C7B-84DE-CF9D25DBDB9A}
		{495EB23B-63A1-4BA5-BF58-ADF8E584000D} = {724C6524-B1B6-4C7B-84DE-CF9D25DBDB9A}
		{24B153EF-7D94-4D16-B9EA-2ED51727D41D} = {724C6524-B1B6-4C7B-84DE-CF9D25DBDB9A}
		{21ED9B68-A475-444C-9D17-C80910153108} = {CE1997F8-9F82-4396-B53E-D5B111384A9C}
		{6BB91A5B-3FCA-4548-A6A6-3B46CFB1B583} = {CE1997F8-9F82-4396-B53E-D5B111384A9C}
		{66BCE65B-373F-4E62-8A18-811E4EAF3EF7} = {20859925-193B-4824-93D7-95CD9714E07D}
		{14D39972-0466-4E6C-869C-8A22F59EA4B5} = {20859925-193B-4824-93D7-95CD9714E07D}
		{09433796-0891-4005-AC0C-5B3752B45E7D} = {20859925-193B-4824-93D7-95CD9714E07D}
		{ED1EE774-8043-43BD-A2F9-002B54693B07} = {20859925-193B-4824-93D7-95CD9714E07D}
		{2A35BF12-F932-44E7-86EB-4DC3F319B7CD} = {004A1160-3AAE-4F84-9B1E-BEE8F7C4FE03}
		{98F2860A-4965-4D07-82BD-C5A848851F71} = {004A1160-3AAE-4F84-9B1E-BEE8F7C4FE03}
		{02DC672F-F44E-4D68-82C7-A95E82E5E26A} = {004A1160-3AAE-4F84-9B1E-BEE8F7C4FE03}
		{30EE649B-E26D-41DA-AFBD-5CF16864AE85} = {004A1160-3AAE-4F84-9B1E-BEE8F7C4FE03}
		{387D5261-A9EB-4BDA-8FAA-B0671743B04F} = {CE1997F8-9F82-4396-B53E-D5B111384A9C}
		{8C1174C4-582C-4709-ADE6-E34B237C212E} = {CE1997F8-9F82-4396-B53E-D5B111384A9C}
		{5F7C1268-A9F4-4245-B4B9-6B487ADDAE58} = {CE1997F8-9F82-4396-B53E-D5B111384A9C}
		{78334B76-C770-4367-93AC-1268ABC7900A} = {20859925-193B-4824-93D7-95CD9714E07D}
		{A2DCB0C4-6556-49DE-ABFA-D5DDD3F838AA} = {3FF2EEC9-F677-4C60-8481-4421F34C8B86}
		{12338862-A603-4ACC-A7D2-D7AE5FE823D0} = {3FF2EEC9-F677-4C60-8481-4421F34C8B86}
		{AA47FBF1-C98D-4188-A663-408FDC94932E} = {3FF2EEC9-F677-4C60-8481-4421F34C8B86}
		{9367D39E-9A9B-4054-938B-4274C98CE2B4} = {CE1997F8-9F82-4396-B53E-D5B111384A9C}
		{0B0D8D5D-F99A-45E2-9079-31A8DA2B579A} = {3FF2EEC9-F677-4C60-8481-4421F34C8B86}
		{06E11F43-0CAB-46B2-8821-70A398D83456} = {CE1997F8-9F82-4396-B53E-D5B111384A9C}
		{414C8D59-E750-4C7B-B8F7-1A7E466FC651} = {CE1997F8-9F82-4396-B53E-D5B111384A9C}
		{989BBA06-1BE9-43C2-8784-D89BE92552C5} = {D584D317-B28B-4111-BA97-B5C508622057}
		{DF7CE042-4902-48EC-8A7F-52DA364ECBA2} = {FBBF7DB1-9CFF-473E-BB59-3398B7AE92B2}
		{C3707E30-F728-45BD-8A04-9DC23FA59F88} = {D584D317-B28B-4111-BA97-B5C508622057}
		{908EE208-9E81-490A-AB50-236CC32DEFB2} = {90DF6512-7DEA-4F96-A8DA-609F1D2F6B0C}
		{8E506979-5DAB-41B0-9E43-F12F5B4A62CC} = {90DF6512-7DEA-4F96-A8DA-609F1D2F6B0C}
		{065910B8-0077-4CB6-8B4A-5AD800EFCF3B} = {90DF6512-7DEA-4F96-A8DA-609F1D2F6B0C}
		{40562C04-9618-4883-860C-584D753E717A} = {90DF6512-7DEA-4F96-A8DA-609F1D2F6B0C}
		{FD3B33DA-3AA3-4CDD-9A14-DCE74A0A061B} = {CE1997F8-9F82-4396-B53E-D5B111384A9C}
		{57DC56DD-F3F8-4CAE-99E0-C20B31108C8C} = {D584D317-B28B-4111-BA97-B5C508622057}
		{A772FEA1-210C-4464-837B-99D548CF8DCC} = {FBBF7DB1-9CFF-473E-BB59-3398B7AE92B2}
		{FBBF7DB1-9CFF-473E-BB59-3398B7AE92B2} = {16B3642B-16BE-41CE-A1E6-CC4380C39DBC}
		{D584D317-B28B-4111-BA97-B5C508622057} = {16B3642B-16BE-41CE-A1E6-CC4380C39DBC}
		{BF035D3A-ACCC-4976-80B5-04C0DD8B45D0} = {2C8A9E53-3606-4BEF-AF22-71325172B6C1}
		{8E08E86B-116D-49F1-8A95-FF3D2A994104} = {2C8A9E53-3606-4BEF-AF22-71325172B6C1}
	EndGlobalSection
	GlobalSection(SubversionScc) = preSolution
		Svn-Managed = True
		Manager = AnkhSVN - Subversion Support for Visual Studio
	EndGlobalSection
EndGlobal
