
Microsoft Visual Studio Solution File, Format Version 12.00
# Visual Studio 2013
VisualStudioVersion = 12.0.40629.0
MinimumVisualStudioVersion = 10.0.40219.1
Project("{2150E333-8FDC-42A3-9474-1A3956D46DE8}") = "_Core", "_Core", "{313D7F38-8183-4039-B920-C317388BE284}"
EndProject
Project("{2150E333-8FDC-42A3-9474-1A3956D46DE8}") = "_Framework", "_Framework", "{CFBB3C21-3BEF-40FB-BDF9-BD5C0E2EDB13}"
EndProject
Project("{2150E333-8FDC-42A3-9474-1A3956D46DE8}") = "Account", "Account", "{800F48C6-77E1-4A4C-AE86-CB5D7CD82BA6}"
EndProject
Project("{2150E333-8FDC-42A3-9474-1A3956D46DE8}") = "Web", "Web", "{D05C6D4B-7283-4458-8491-4CA0D3F5E839}"
EndProject
Project("{2150E333-8FDC-42A3-9474-1A3956D46DE8}") = "WFM", "WFM", "{AC8CED2F-199B-46B9-B7AC-F596D5C30939}"
EndProject
Project("{FAE04EC0-301F-11D3-BF4B-00C04F79EFBC}") = "KSWF.WFM.BLL", "KSWF.WFM.BLL\KSWF.WFM.BLL.csproj", "{E90A7448-E303-4D4B-B558-B30FE3494702}"
EndProject
Project("{FAE04EC0-301F-11D3-BF4B-00C04F79EFBC}") = "KSWF.WFM.Constract", "KSWF.WFM.Constract\KSWF.WFM.Constract.csproj", "{36478985-CCFF-4CF0-B2ED-66D2A3331F92}"
EndProject
Project("{FAE04EC0-301F-11D3-BF4B-00C04F79EFBC}") = "KSWF.WFM.DAL", "KSWF.WFM.DAL\KSWF.WFM.DAL.csproj", "{DC80CC22-D15C-4E99-ABEB-6D07F3D44E0F}"
EndProject
Project("{FAE04EC0-301F-11D3-BF4B-00C04F79EFBC}") = "KSWF.Account.BLL", "KSWF.Account.BLL\KSWF.Account.BLL.csproj", "{29B467A5-A814-4B7D-BD5F-C0DA8EDB7FB4}"
EndProject
Project("{FAE04EC0-301F-11D3-BF4B-00C04F79EFBC}") = "KSWF.Account.Constract", "KSWF.Account.Constract\KSWF.Account.Constract.csproj", "{B383790E-AFFD-46FD-A278-746F60B69544}"
EndProject
Project("{FAE04EC0-301F-11D3-BF4B-00C04F79EFBC}") = "KSWF.Account.DAL", "KSWF.Account.DAL\KSWF.Account.DAL.csproj", "{5BE7B4BE-6759-419F-BB02-8CC503C758A8}"
EndProject
Project("{FAE04EC0-301F-11D3-BF4B-00C04F79EFBC}") = "KSWF.Framework.DAL", "KSWF.Framework.DAL\KSWF.Framework.DAL.csproj", "{79981C75-4BAE-4921-951D-D2F3CEFAF209}"
EndProject
Project("{FAE04EC0-301F-11D3-BF4B-00C04F79EFBC}") = "KSWF.Framework.BLL", "KSWF.Framework.BLL\KSWF.Framework.BLL.csproj", "{658BE493-D1CC-4EDA-B131-EDB065AFAFAD}"
EndProject
Project("{FAE04EC0-301F-11D3-BF4B-00C04F79EFBC}") = "KSWF.Core.Utility", "KSWF.Core.Utility\KSWF.Core.Utility.csproj", "{4F2D0A34-A2B9-4A06-BDA1-ABF3DA10FCBE}"
EndProject
Project("{FAE04EC0-301F-11D3-BF4B-00C04F79EFBC}") = "KSWF.Web.Admin", "KSWF.Web.Admin\KSWF.Web.Admin.csproj", "{06A02D9B-7E31-4631-95EC-ADB5A1AE43B3}"
EndProject
Project("{2150E333-8FDC-42A3-9474-1A3956D46DE8}") = ".nuget", ".nuget", "{D00D5569-7EAA-426C-AC28-E6C69CA0D1C6}"
	ProjectSection(SolutionItems) = preProject
		.nuget\NuGet.Config = .nuget\NuGet.Config
		.nuget\NuGet.exe = .nuget\NuGet.exe
		.nuget\NuGet.targets = .nuget\NuGet.targets
	EndProjectSection
EndProject
Global
	GlobalSection(SolutionConfigurationPlatforms) = preSolution
		Debug|Any CPU = Debug|Any CPU
		Release|Any CPU = Release|Any CPU
	EndGlobalSection
	GlobalSection(ProjectConfigurationPlatforms) = postSolution
		{E90A7448-E303-4D4B-B558-B30FE3494702}.Debug|Any CPU.ActiveCfg = Debug|Any CPU
		{E90A7448-E303-4D4B-B558-B30FE3494702}.Debug|Any CPU.Build.0 = Debug|Any CPU
		{E90A7448-E303-4D4B-B558-B30FE3494702}.Release|Any CPU.ActiveCfg = Release|Any CPU
		{E90A7448-E303-4D4B-B558-B30FE3494702}.Release|Any CPU.Build.0 = Release|Any CPU
		{36478985-CCFF-4CF0-B2ED-66D2A3331F92}.Debug|Any CPU.ActiveCfg = Debug|Any CPU
		{36478985-CCFF-4CF0-B2ED-66D2A3331F92}.Debug|Any CPU.Build.0 = Debug|Any CPU
		{36478985-CCFF-4CF0-B2ED-66D2A3331F92}.Release|Any CPU.ActiveCfg = Release|Any CPU
		{36478985-CCFF-4CF0-B2ED-66D2A3331F92}.Release|Any CPU.Build.0 = Release|Any CPU
		{DC80CC22-D15C-4E99-ABEB-6D07F3D44E0F}.Debug|Any CPU.ActiveCfg = Debug|Any CPU
		{DC80CC22-D15C-4E99-ABEB-6D07F3D44E0F}.Debug|Any CPU.Build.0 = Debug|Any CPU
		{DC80CC22-D15C-4E99-ABEB-6D07F3D44E0F}.Release|Any CPU.ActiveCfg = Release|Any CPU
		{DC80CC22-D15C-4E99-ABEB-6D07F3D44E0F}.Release|Any CPU.Build.0 = Release|Any CPU
		{29B467A5-A814-4B7D-BD5F-C0DA8EDB7FB4}.Debug|Any CPU.ActiveCfg = Debug|Any CPU
		{29B467A5-A814-4B7D-BD5F-C0DA8EDB7FB4}.Debug|Any CPU.Build.0 = Debug|Any CPU
		{29B467A5-A814-4B7D-BD5F-C0DA8EDB7FB4}.Release|Any CPU.ActiveCfg = Release|Any CPU
		{29B467A5-A814-4B7D-BD5F-C0DA8EDB7FB4}.Release|Any CPU.Build.0 = Release|Any CPU
		{B383790E-AFFD-46FD-A278-746F60B69544}.Debug|Any CPU.ActiveCfg = Debug|Any CPU
		{B383790E-AFFD-46FD-A278-746F60B69544}.Debug|Any CPU.Build.0 = Debug|Any CPU
		{B383790E-AFFD-46FD-A278-746F60B69544}.Release|Any CPU.ActiveCfg = Release|Any CPU
		{B383790E-AFFD-46FD-A278-746F60B69544}.Release|Any CPU.Build.0 = Release|Any CPU
		{5BE7B4BE-6759-419F-BB02-8CC503C758A8}.Debug|Any CPU.ActiveCfg = Debug|Any CPU
		{5BE7B4BE-6759-419F-BB02-8CC503C758A8}.Debug|Any CPU.Build.0 = Debug|Any CPU
		{5BE7B4BE-6759-419F-BB02-8CC503C758A8}.Release|Any CPU.ActiveCfg = Release|Any CPU
		{5BE7B4BE-6759-419F-BB02-8CC503C758A8}.Release|Any CPU.Build.0 = Release|Any CPU
		{79981C75-4BAE-4921-951D-D2F3CEFAF209}.Debug|Any CPU.ActiveCfg = Debug|Any CPU
		{79981C75-4BAE-4921-951D-D2F3CEFAF209}.Debug|Any CPU.Build.0 = Debug|Any CPU
		{79981C75-4BAE-4921-951D-D2F3CEFAF209}.Release|Any CPU.ActiveCfg = Release|Any CPU
		{79981C75-4BAE-4921-951D-D2F3CEFAF209}.Release|Any CPU.Build.0 = Release|Any CPU
		{658BE493-D1CC-4EDA-B131-EDB065AFAFAD}.Debug|Any CPU.ActiveCfg = Debug|Any CPU
		{658BE493-D1CC-4EDA-B131-EDB065AFAFAD}.Debug|Any CPU.Build.0 = Debug|Any CPU
		{658BE493-D1CC-4EDA-B131-EDB065AFAFAD}.Release|Any CPU.ActiveCfg = Release|Any CPU
		{658BE493-D1CC-4EDA-B131-EDB065AFAFAD}.Release|Any CPU.Build.0 = Release|Any CPU
		{4F2D0A34-A2B9-4A06-BDA1-ABF3DA10FCBE}.Debug|Any CPU.ActiveCfg = Debug|Any CPU
		{4F2D0A34-A2B9-4A06-BDA1-ABF3DA10FCBE}.Debug|Any CPU.Build.0 = Debug|Any CPU
		{4F2D0A34-A2B9-4A06-BDA1-ABF3DA10FCBE}.Release|Any CPU.ActiveCfg = Release|Any CPU
		{4F2D0A34-A2B9-4A06-BDA1-ABF3DA10FCBE}.Release|Any CPU.Build.0 = Release|Any CPU
		{06A02D9B-7E31-4631-95EC-ADB5A1AE43B3}.Debug|Any CPU.ActiveCfg = Debug|Any CPU
		{06A02D9B-7E31-4631-95EC-ADB5A1AE43B3}.Debug|Any CPU.Build.0 = Debug|Any CPU
		{06A02D9B-7E31-4631-95EC-ADB5A1AE43B3}.Release|Any CPU.ActiveCfg = Release|Any CPU
		{06A02D9B-7E31-4631-95EC-ADB5A1AE43B3}.Release|Any CPU.Build.0 = Release|Any CPU
	EndGlobalSection
	GlobalSection(SolutionProperties) = preSolution
		HideSolutionNode = FALSE
	EndGlobalSection
	GlobalSection(NestedProjects) = preSolution
		{E90A7448-E303-4D4B-B558-B30FE3494702} = {AC8CED2F-199B-46B9-B7AC-F596D5C30939}
		{36478985-CCFF-4CF0-B2ED-66D2A3331F92} = {AC8CED2F-199B-46B9-B7AC-F596D5C30939}
		{DC80CC22-D15C-4E99-ABEB-6D07F3D44E0F} = {AC8CED2F-199B-46B9-B7AC-F596D5C30939}
		{29B467A5-A814-4B7D-BD5F-C0DA8EDB7FB4} = {800F48C6-77E1-4A4C-AE86-CB5D7CD82BA6}
		{B383790E-AFFD-46FD-A278-746F60B69544} = {800F48C6-77E1-4A4C-AE86-CB5D7CD82BA6}
		{5BE7B4BE-6759-419F-BB02-8CC503C758A8} = {800F48C6-77E1-4A4C-AE86-CB5D7CD82BA6}
		{79981C75-4BAE-4921-951D-D2F3CEFAF209} = {CFBB3C21-3BEF-40FB-BDF9-BD5C0E2EDB13}
		{658BE493-D1CC-4EDA-B131-EDB065AFAFAD} = {CFBB3C21-3BEF-40FB-BDF9-BD5C0E2EDB13}
		{4F2D0A34-A2B9-4A06-BDA1-ABF3DA10FCBE} = {313D7F38-8183-4039-B920-C317388BE284}
		{06A02D9B-7E31-4631-95EC-ADB5A1AE43B3} = {D05C6D4B-7283-4458-8491-4CA0D3F5E839}
	EndGlobalSection
EndGlobal
