
Microsoft Visual Studio Solution File, Format Version 11.00
# Visual Studio 2010
Project("{FAE04EC0-301F-11D3-BF4B-00C04F79EFBC}") = "CAS.Common.Office", "CAS.Common.Office.csproj", "{EECACF96-4BF7-4D40-9A12-0FF640286906}"
EndProject
Global
	GlobalSection(SolutionConfigurationPlatforms) = preSolution
		Debug|Any CPU = Debug|Any CPU
		godlike|Any CPU = godlike|Any CPU
		Release|Any CPU = Release|Any CPU
	EndGlobalSection
	GlobalSection(ProjectConfigurationPlatforms) = postSolution
		{EECACF96-4BF7-4D40-9A12-0FF640286906}.Debug|Any CPU.ActiveCfg = Debug|Any CPU
		{EECACF96-4BF7-4D40-9A12-0FF640286906}.Debug|Any CPU.Build.0 = Debug|Any CPU
		{EECACF96-4BF7-4D40-9A12-0FF640286906}.godlike|Any CPU.ActiveCfg = godlike|Any CPU
		{EECACF96-4BF7-4D40-9A12-0FF640286906}.godlike|Any CPU.Build.0 = godlike|Any CPU
		{EECACF96-4BF7-4D40-9A12-0FF640286906}.Release|Any CPU.ActiveCfg = Release|Any CPU
		{EECACF96-4BF7-4D40-9A12-0FF640286906}.Release|Any CPU.Build.0 = Release|Any CPU
	EndGlobalSection
	GlobalSection(SolutionProperties) = preSolution
		HideSolutionNode = FALSE
	EndGlobalSection
EndGlobal
