
Microsoft Visual Studio Solution File, Format Version 12.00
# Visual Studio 2013
VisualStudioVersion = 12.0.40629.0
MinimumVisualStudioVersion = 10.0.40219.1
Project("{FAE04EC0-301F-11D3-BF4B-00C04F79EFBC}") = "FxtDataAcquisition.Common", "FxtDataAcquisition.Common\FxtDataAcquisition.Common.csproj", "{A9966A0A-146D-4143-B2AE-454DFBD5C346}"
EndProject
Project("{FAE04EC0-301F-11D3-BF4B-00C04F79EFBC}") = "FxtDataAcquisition.Web", "FxtDataAcquisition.Web\FxtDataAcquisition.Web.csproj", "{2B26DDE5-9597-42CD-9AAB-1B79BF11EA0F}"
EndProject
Project("{FAE04EC0-301F-11D3-BF4B-00C04F79EFBC}") = "FxtDataAcquisition.API.Service", "FxtDataAcquisition.API.Service\FxtDataAcquisition.API.Service.csproj", "{9D1783C8-852A-436C-A8E3-D520E557A172}"
EndProject
Project("{FAE04EC0-301F-11D3-BF4B-00C04F79EFBC}") = "FxtDataAcquisition.API.Hosting", "FxtDataAcquisition.API.Hosting\FxtDataAcquisition.API.Hosting.csproj", "{6C2C96AF-0615-48A1-B672-292A6D7BCF18}"
EndProject
Project("{FAE04EC0-301F-11D3-BF4B-00C04F79EFBC}") = "FxtDataAcquisition.API.Contract", "FxtDataAcquisition.API.Contract\FxtDataAcquisition.API.Contract.csproj", "{E264B06D-7F6E-4CA1-8095-E1717997F627}"
EndProject
Project("{FAE04EC0-301F-11D3-BF4B-00C04F79EFBC}") = "FxtDataAcquisition.API.Common", "FxtDataAcquisition.API.Common\FxtDataAcquisition.API.Common.csproj", "{DD551B43-E906-4184-B337-3AD325E82C7F}"
EndProject
Project("{FAE04EC0-301F-11D3-BF4B-00C04F79EFBC}") = "FxtDataAcquisition.FxtAPI.FxtUserCenter", "FxtDataAcquisition.FxtAPI.FxtUserCenter\FxtDataAcquisition.FxtAPI.FxtUserCenter.csproj", "{BDA2C863-BD71-4BB9-A1CE-B5FBAD0F1731}"
EndProject
Project("{2150E333-8FDC-42A3-9474-1A3956D46DE8}") = "API", "API", "{392E53AA-6941-41F3-B067-C017E0320FDA}"
EndProject
Project("{2150E333-8FDC-42A3-9474-1A3956D46DE8}") = "FxtAPI", "FxtAPI", "{8EAB4193-B605-4CA8-B68D-422140E30802}"
EndProject
Project("{2150E333-8FDC-42A3-9474-1A3956D46DE8}") = "FxtCommon", "FxtCommon", "{5BE53BCE-7D44-4BE2-BEA9-E6AF95A6C15B}"
EndProject
Project("{FAE04EC0-301F-11D3-BF4B-00C04F79EFBC}") = "FxtDataAcquisition.FxtAPI.FxtDataWcf", "FxtDataAcquisition.FxtAPI.FxtDataWcf\FxtDataAcquisition.FxtAPI.FxtDataWcf.csproj", "{230AFA0F-7757-453A-95CA-EDBC8499BAC9}"
EndProject
Project("{FAE04EC0-301F-11D3-BF4B-00C04F79EFBC}") = "FxtDataAcquisition.FxtAPI.FxtDataCenter", "FxtDataAcquisition.FxtAPI.FxtDataCenter\FxtDataAcquisition.FxtAPI.FxtDataCenter.csproj", "{578E2342-6293-4BE0-AE47-B5A0EB54E066}"
EndProject
Project("{FAE04EC0-301F-11D3-BF4B-00C04F79EFBC}") = "FxtDataAcquisition.FxtAPI.Common", "FxtDataAcquisition.FxtAPI.Common\FxtDataAcquisition.FxtAPI.Common.csproj", "{C65C9EC3-6D6D-4EC6-83DE-95B4495FAC39}"
EndProject
Project("{FAE04EC0-301F-11D3-BF4B-00C04F79EFBC}") = "CAS.Entity", "..\..\..\commonproject\trunk\CAS.Entity\CAS.Entity.csproj", "{2C1CBB22-7CBF-485F-8DED-B2162F65F48F}"
EndProject
Project("{FAE04EC0-301F-11D3-BF4B-00C04F79EFBC}") = "CAS.Common.MVC4", "..\..\..\commonproject\trunk\CAS.Common.MVC4\CAS.Common.MVC4.csproj", "{FA2001F0-7369-4521-924E-05EFF30462F0}"
EndProject
Project("{FAE04EC0-301F-11D3-BF4B-00C04F79EFBC}") = "BaiduAPI", "BaiduAPI\BaiduAPI.csproj", "{18CC4427-AF81-4928-972B-973B32D58EF9}"
EndProject
Project("{2150E333-8FDC-42A3-9474-1A3956D46DE8}") = "3- Domain", "3- Domain", "{33FEB06A-181C-4588-B751-8A0DD55707E5}"
EndProject
Project("{FAE04EC0-301F-11D3-BF4B-00C04F79EFBC}") = "FxtDataAcquisition.Domain", "FxtDataAcquisition.Domain\FxtDataAcquisition.Domain.csproj", "{78DA0A32-26B2-4416-BC5F-3D2472D46724}"
EndProject
Project("{2150E333-8FDC-42A3-9474-1A3956D46DE8}") = "4- Framework", "4- Framework", "{9C8CFBCA-A08E-4550-A4DA-76C9A833B479}"
EndProject
Project("{2150E333-8FDC-42A3-9474-1A3956D46DE8}") = "4.1- Data", "4.1- Data", "{E76F543A-8FB9-4691-BA98-A2473B90AFCA}"
EndProject
Project("{FAE04EC0-301F-11D3-BF4B-00C04F79EFBC}") = "FxtDataAcquisition.Framework.Data", "FxtDataAcquisition.Framework.Data\FxtDataAcquisition.Framework.Data.csproj", "{20FF1E25-A6AA-4F90-BC9C-71FC4587C82B}"
EndProject
Project("{2150E333-8FDC-42A3-9474-1A3956D46DE8}") = "4.2- IOC", "4.2- IOC", "{DF322035-D20F-4E54-B664-2D78B2D7A9EE}"
EndProject
Project("{FAE04EC0-301F-11D3-BF4B-00C04F79EFBC}") = "FxtDataAcquisition.Framework.Ioc", "FxtDataAcquisition.Framework.Ioc\FxtDataAcquisition.Framework.Ioc.csproj", "{31078709-F644-4EBC-91D9-0AB9A6E837A9}"
EndProject
Project("{2150E333-8FDC-42A3-9474-1A3956D46DE8}") = "2- Application", "2- Application", "{3678651F-CFF1-4D28-9805-083FBD2B0C4A}"
EndProject
Project("{FAE04EC0-301F-11D3-BF4B-00C04F79EFBC}") = "FxtDataAcquisition.Application", "FxtDataAcquisition.Application\FxtDataAcquisition.Application.csproj", "{4EAD17B2-2C56-477A-B0B0-0C3F41BBE841}"
EndProject
Project("{2150E333-8FDC-42A3-9474-1A3956D46DE8}") = "1- Presentation", "1- Presentation", "{080EAC32-8B7A-43AE-A00B-FC8FDD4E94C1}"
EndProject
Project("{2150E333-8FDC-42A3-9474-1A3956D46DE8}") = "4.3- Utils", "4.3- Utils", "{C1EFE846-F8D6-40CA-BE92-94DB4B7CCD20}"
EndProject
Project("{FAE04EC0-301F-11D3-BF4B-00C04F79EFBC}") = "CAS.Entity.BaseDAModels", "..\..\..\CommonDll\CAS.Entity.BaseDAModels\CAS.Entity.BaseDAModels.csproj", "{2F0D611E-E9FC-429E-945B-1656F7435761}"
EndProject
Global
	GlobalSection(SolutionConfigurationPlatforms) = preSolution
		Debug|Any CPU = Debug|Any CPU
		Debug|x86 = Debug|x86
		godlike|Any CPU = godlike|Any CPU
		godlike|x86 = godlike|x86
		Release|Any CPU = Release|Any CPU
		Release|x86 = Release|x86
	EndGlobalSection
	GlobalSection(ProjectConfigurationPlatforms) = postSolution
		{A9966A0A-146D-4143-B2AE-454DFBD5C346}.Debug|Any CPU.ActiveCfg = Debug|Any CPU
		{A9966A0A-146D-4143-B2AE-454DFBD5C346}.Debug|Any CPU.Build.0 = Debug|Any CPU
		{A9966A0A-146D-4143-B2AE-454DFBD5C346}.Debug|x86.ActiveCfg = Debug|Any CPU
		{A9966A0A-146D-4143-B2AE-454DFBD5C346}.godlike|Any CPU.ActiveCfg = Release|Any CPU
		{A9966A0A-146D-4143-B2AE-454DFBD5C346}.godlike|Any CPU.Build.0 = Release|Any CPU
		{A9966A0A-146D-4143-B2AE-454DFBD5C346}.godlike|x86.ActiveCfg = Release|Any CPU
		{A9966A0A-146D-4143-B2AE-454DFBD5C346}.Release|Any CPU.ActiveCfg = Release|Any CPU
		{A9966A0A-146D-4143-B2AE-454DFBD5C346}.Release|Any CPU.Build.0 = Release|Any CPU
		{A9966A0A-146D-4143-B2AE-454DFBD5C346}.Release|x86.ActiveCfg = Release|Any CPU
		{2B26DDE5-9597-42CD-9AAB-1B79BF11EA0F}.Debug|Any CPU.ActiveCfg = Debug|Any CPU
		{2B26DDE5-9597-42CD-9AAB-1B79BF11EA0F}.Debug|Any CPU.Build.0 = Debug|Any CPU
		{2B26DDE5-9597-42CD-9AAB-1B79BF11EA0F}.Debug|x86.ActiveCfg = Debug|Any CPU
		{2B26DDE5-9597-42CD-9AAB-1B79BF11EA0F}.godlike|Any CPU.ActiveCfg = Release|Any CPU
		{2B26DDE5-9597-42CD-9AAB-1B79BF11EA0F}.godlike|Any CPU.Build.0 = Release|Any CPU
		{2B26DDE5-9597-42CD-9AAB-1B79BF11EA0F}.godlike|x86.ActiveCfg = Release|Any CPU
		{2B26DDE5-9597-42CD-9AAB-1B79BF11EA0F}.Release|Any CPU.ActiveCfg = Release|Any CPU
		{2B26DDE5-9597-42CD-9AAB-1B79BF11EA0F}.Release|Any CPU.Build.0 = Release|Any CPU
		{2B26DDE5-9597-42CD-9AAB-1B79BF11EA0F}.Release|x86.ActiveCfg = Release|Any CPU
		{9D1783C8-852A-436C-A8E3-D520E557A172}.Debug|Any CPU.ActiveCfg = Debug|Any CPU
		{9D1783C8-852A-436C-A8E3-D520E557A172}.Debug|Any CPU.Build.0 = Debug|Any CPU
		{9D1783C8-852A-436C-A8E3-D520E557A172}.Debug|x86.ActiveCfg = Debug|Any CPU
		{9D1783C8-852A-436C-A8E3-D520E557A172}.godlike|Any CPU.ActiveCfg = Release|Any CPU
		{9D1783C8-852A-436C-A8E3-D520E557A172}.godlike|Any CPU.Build.0 = Release|Any CPU
		{9D1783C8-852A-436C-A8E3-D520E557A172}.godlike|x86.ActiveCfg = Release|Any CPU
		{9D1783C8-852A-436C-A8E3-D520E557A172}.Release|Any CPU.ActiveCfg = Release|Any CPU
		{9D1783C8-852A-436C-A8E3-D520E557A172}.Release|Any CPU.Build.0 = Release|Any CPU
		{9D1783C8-852A-436C-A8E3-D520E557A172}.Release|x86.ActiveCfg = Release|Any CPU
		{6C2C96AF-0615-48A1-B672-292A6D7BCF18}.Debug|Any CPU.ActiveCfg = Debug|Any CPU
		{6C2C96AF-0615-48A1-B672-292A6D7BCF18}.Debug|Any CPU.Build.0 = Debug|Any CPU
		{6C2C96AF-0615-48A1-B672-292A6D7BCF18}.Debug|x86.ActiveCfg = Debug|Any CPU
		{6C2C96AF-0615-48A1-B672-292A6D7BCF18}.godlike|Any CPU.ActiveCfg = Release|Any CPU
		{6C2C96AF-0615-48A1-B672-292A6D7BCF18}.godlike|Any CPU.Build.0 = Release|Any CPU
		{6C2C96AF-0615-48A1-B672-292A6D7BCF18}.godlike|x86.ActiveCfg = Release|Any CPU
		{6C2C96AF-0615-48A1-B672-292A6D7BCF18}.Release|Any CPU.ActiveCfg = Release|Any CPU
		{6C2C96AF-0615-48A1-B672-292A6D7BCF18}.Release|Any CPU.Build.0 = Release|Any CPU
		{6C2C96AF-0615-48A1-B672-292A6D7BCF18}.Release|x86.ActiveCfg = Release|Any CPU
		{E264B06D-7F6E-4CA1-8095-E1717997F627}.Debug|Any CPU.ActiveCfg = Debug|Any CPU
		{E264B06D-7F6E-4CA1-8095-E1717997F627}.Debug|Any CPU.Build.0 = Debug|Any CPU
		{E264B06D-7F6E-4CA1-8095-E1717997F627}.Debug|x86.ActiveCfg = Debug|Any CPU
		{E264B06D-7F6E-4CA1-8095-E1717997F627}.godlike|Any CPU.ActiveCfg = Release|Any CPU
		{E264B06D-7F6E-4CA1-8095-E1717997F627}.godlike|Any CPU.Build.0 = Release|Any CPU
		{E264B06D-7F6E-4CA1-8095-E1717997F627}.godlike|x86.ActiveCfg = Release|Any CPU
		{E264B06D-7F6E-4CA1-8095-E1717997F627}.Release|Any CPU.ActiveCfg = Release|Any CPU
		{E264B06D-7F6E-4CA1-8095-E1717997F627}.Release|Any CPU.Build.0 = Release|Any CPU
		{E264B06D-7F6E-4CA1-8095-E1717997F627}.Release|x86.ActiveCfg = Release|Any CPU
		{DD551B43-E906-4184-B337-3AD325E82C7F}.Debug|Any CPU.ActiveCfg = Debug|Any CPU
		{DD551B43-E906-4184-B337-3AD325E82C7F}.Debug|Any CPU.Build.0 = Debug|Any CPU
		{DD551B43-E906-4184-B337-3AD325E82C7F}.Debug|x86.ActiveCfg = Debug|Any CPU
		{DD551B43-E906-4184-B337-3AD325E82C7F}.godlike|Any CPU.ActiveCfg = Release|Any CPU
		{DD551B43-E906-4184-B337-3AD325E82C7F}.godlike|Any CPU.Build.0 = Release|Any CPU
		{DD551B43-E906-4184-B337-3AD325E82C7F}.godlike|x86.ActiveCfg = Release|Any CPU
		{DD551B43-E906-4184-B337-3AD325E82C7F}.Release|Any CPU.ActiveCfg = Release|Any CPU
		{DD551B43-E906-4184-B337-3AD325E82C7F}.Release|Any CPU.Build.0 = Release|Any CPU
		{DD551B43-E906-4184-B337-3AD325E82C7F}.Release|x86.ActiveCfg = Release|Any CPU
		{BDA2C863-BD71-4BB9-A1CE-B5FBAD0F1731}.Debug|Any CPU.ActiveCfg = Debug|Any CPU
		{BDA2C863-BD71-4BB9-A1CE-B5FBAD0F1731}.Debug|Any CPU.Build.0 = Debug|Any CPU
		{BDA2C863-BD71-4BB9-A1CE-B5FBAD0F1731}.Debug|x86.ActiveCfg = Debug|Any CPU
		{BDA2C863-BD71-4BB9-A1CE-B5FBAD0F1731}.godlike|Any CPU.ActiveCfg = Release|Any CPU
		{BDA2C863-BD71-4BB9-A1CE-B5FBAD0F1731}.godlike|Any CPU.Build.0 = Release|Any CPU
		{BDA2C863-BD71-4BB9-A1CE-B5FBAD0F1731}.godlike|x86.ActiveCfg = Release|Any CPU
		{BDA2C863-BD71-4BB9-A1CE-B5FBAD0F1731}.Release|Any CPU.ActiveCfg = Release|Any CPU
		{BDA2C863-BD71-4BB9-A1CE-B5FBAD0F1731}.Release|Any CPU.Build.0 = Release|Any CPU
		{BDA2C863-BD71-4BB9-A1CE-B5FBAD0F1731}.Release|x86.ActiveCfg = Release|Any CPU
		{230AFA0F-7757-453A-95CA-EDBC8499BAC9}.Debug|Any CPU.ActiveCfg = Debug|Any CPU
		{230AFA0F-7757-453A-95CA-EDBC8499BAC9}.Debug|Any CPU.Build.0 = Debug|Any CPU
		{230AFA0F-7757-453A-95CA-EDBC8499BAC9}.Debug|x86.ActiveCfg = Debug|Any CPU
		{230AFA0F-7757-453A-95CA-EDBC8499BAC9}.godlike|Any CPU.ActiveCfg = Release|Any CPU
		{230AFA0F-7757-453A-95CA-EDBC8499BAC9}.godlike|Any CPU.Build.0 = Release|Any CPU
		{230AFA0F-7757-453A-95CA-EDBC8499BAC9}.godlike|x86.ActiveCfg = Release|Any CPU
		{230AFA0F-7757-453A-95CA-EDBC8499BAC9}.Release|Any CPU.ActiveCfg = Release|Any CPU
		{230AFA0F-7757-453A-95CA-EDBC8499BAC9}.Release|Any CPU.Build.0 = Release|Any CPU
		{230AFA0F-7757-453A-95CA-EDBC8499BAC9}.Release|x86.ActiveCfg = Release|Any CPU
		{578E2342-6293-4BE0-AE47-B5A0EB54E066}.Debug|Any CPU.ActiveCfg = Debug|Any CPU
		{578E2342-6293-4BE0-AE47-B5A0EB54E066}.Debug|Any CPU.Build.0 = Debug|Any CPU
		{578E2342-6293-4BE0-AE47-B5A0EB54E066}.Debug|x86.ActiveCfg = Debug|Any CPU
		{578E2342-6293-4BE0-AE47-B5A0EB54E066}.godlike|Any CPU.ActiveCfg = Release|Any CPU
		{578E2342-6293-4BE0-AE47-B5A0EB54E066}.godlike|Any CPU.Build.0 = Release|Any CPU
		{578E2342-6293-4BE0-AE47-B5A0EB54E066}.godlike|x86.ActiveCfg = Release|Any CPU
		{578E2342-6293-4BE0-AE47-B5A0EB54E066}.Release|Any CPU.ActiveCfg = Release|Any CPU
		{578E2342-6293-4BE0-AE47-B5A0EB54E066}.Release|Any CPU.Build.0 = Release|Any CPU
		{578E2342-6293-4BE0-AE47-B5A0EB54E066}.Release|x86.ActiveCfg = Release|Any CPU
		{C65C9EC3-6D6D-4EC6-83DE-95B4495FAC39}.Debug|Any CPU.ActiveCfg = Debug|Any CPU
		{C65C9EC3-6D6D-4EC6-83DE-95B4495FAC39}.Debug|Any CPU.Build.0 = Debug|Any CPU
		{C65C9EC3-6D6D-4EC6-83DE-95B4495FAC39}.Debug|x86.ActiveCfg = Debug|Any CPU
		{C65C9EC3-6D6D-4EC6-83DE-95B4495FAC39}.godlike|Any CPU.ActiveCfg = Release|Any CPU
		{C65C9EC3-6D6D-4EC6-83DE-95B4495FAC39}.godlike|Any CPU.Build.0 = Release|Any CPU
		{C65C9EC3-6D6D-4EC6-83DE-95B4495FAC39}.godlike|x86.ActiveCfg = Release|Any CPU
		{C65C9EC3-6D6D-4EC6-83DE-95B4495FAC39}.Release|Any CPU.ActiveCfg = Release|Any CPU
		{C65C9EC3-6D6D-4EC6-83DE-95B4495FAC39}.Release|Any CPU.Build.0 = Release|Any CPU
		{C65C9EC3-6D6D-4EC6-83DE-95B4495FAC39}.Release|x86.ActiveCfg = Release|Any CPU
		{2C1CBB22-7CBF-485F-8DED-B2162F65F48F}.Debug|Any CPU.ActiveCfg = Debug|Any CPU
		{2C1CBB22-7CBF-485F-8DED-B2162F65F48F}.Debug|Any CPU.Build.0 = Debug|Any CPU
		{2C1CBB22-7CBF-485F-8DED-B2162F65F48F}.Debug|x86.ActiveCfg = Debug|Any CPU
		{2C1CBB22-7CBF-485F-8DED-B2162F65F48F}.godlike|Any CPU.ActiveCfg = godlike|Any CPU
		{2C1CBB22-7CBF-485F-8DED-B2162F65F48F}.godlike|Any CPU.Build.0 = godlike|Any CPU
		{2C1CBB22-7CBF-485F-8DED-B2162F65F48F}.godlike|x86.ActiveCfg = godlike|Any CPU
		{2C1CBB22-7CBF-485F-8DED-B2162F65F48F}.Release|Any CPU.ActiveCfg = Release|Any CPU
		{2C1CBB22-7CBF-485F-8DED-B2162F65F48F}.Release|Any CPU.Build.0 = Release|Any CPU
		{2C1CBB22-7CBF-485F-8DED-B2162F65F48F}.Release|x86.ActiveCfg = Release|Any CPU
		{FA2001F0-7369-4521-924E-05EFF30462F0}.Debug|Any CPU.ActiveCfg = Debug|Any CPU
		{FA2001F0-7369-4521-924E-05EFF30462F0}.Debug|Any CPU.Build.0 = Debug|Any CPU
		{FA2001F0-7369-4521-924E-05EFF30462F0}.Debug|x86.ActiveCfg = Debug|Any CPU
		{FA2001F0-7369-4521-924E-05EFF30462F0}.Debug|x86.Build.0 = Debug|Any CPU
		{FA2001F0-7369-4521-924E-05EFF30462F0}.godlike|Any CPU.ActiveCfg = godlike|Any CPU
		{FA2001F0-7369-4521-924E-05EFF30462F0}.godlike|Any CPU.Build.0 = godlike|Any CPU
		{FA2001F0-7369-4521-924E-05EFF30462F0}.godlike|x86.ActiveCfg = godlike|x86
		{FA2001F0-7369-4521-924E-05EFF30462F0}.godlike|x86.Build.0 = godlike|x86
		{FA2001F0-7369-4521-924E-05EFF30462F0}.Release|Any CPU.ActiveCfg = Release|Any CPU
		{FA2001F0-7369-4521-924E-05EFF30462F0}.Release|Any CPU.Build.0 = Release|Any CPU
		{FA2001F0-7369-4521-924E-05EFF30462F0}.Release|x86.ActiveCfg = Release|x86
		{FA2001F0-7369-4521-924E-05EFF30462F0}.Release|x86.Build.0 = Release|x86
		{18CC4427-AF81-4928-972B-973B32D58EF9}.Debug|Any CPU.ActiveCfg = Debug|Any CPU
		{18CC4427-AF81-4928-972B-973B32D58EF9}.Debug|Any CPU.Build.0 = Debug|Any CPU
		{18CC4427-AF81-4928-972B-973B32D58EF9}.Debug|x86.ActiveCfg = Debug|Any CPU
		{18CC4427-AF81-4928-972B-973B32D58EF9}.godlike|Any CPU.ActiveCfg = Release|Any CPU
		{18CC4427-AF81-4928-972B-973B32D58EF9}.godlike|Any CPU.Build.0 = Release|Any CPU
		{18CC4427-AF81-4928-972B-973B32D58EF9}.godlike|x86.ActiveCfg = Release|Any CPU
		{18CC4427-AF81-4928-972B-973B32D58EF9}.Release|Any CPU.ActiveCfg = Release|Any CPU
		{18CC4427-AF81-4928-972B-973B32D58EF9}.Release|Any CPU.Build.0 = Release|Any CPU
		{18CC4427-AF81-4928-972B-973B32D58EF9}.Release|x86.ActiveCfg = Release|Any CPU
		{78DA0A32-26B2-4416-BC5F-3D2472D46724}.Debug|Any CPU.ActiveCfg = Debug|Any CPU
		{78DA0A32-26B2-4416-BC5F-3D2472D46724}.Debug|Any CPU.Build.0 = Debug|Any CPU
		{78DA0A32-26B2-4416-BC5F-3D2472D46724}.Debug|x86.ActiveCfg = Debug|Any CPU
		{78DA0A32-26B2-4416-BC5F-3D2472D46724}.godlike|Any CPU.ActiveCfg = Release|Any CPU
		{78DA0A32-26B2-4416-BC5F-3D2472D46724}.godlike|Any CPU.Build.0 = Release|Any CPU
		{78DA0A32-26B2-4416-BC5F-3D2472D46724}.godlike|x86.ActiveCfg = Release|Any CPU
		{78DA0A32-26B2-4416-BC5F-3D2472D46724}.Release|Any CPU.ActiveCfg = Release|Any CPU
		{78DA0A32-26B2-4416-BC5F-3D2472D46724}.Release|Any CPU.Build.0 = Release|Any CPU
		{78DA0A32-26B2-4416-BC5F-3D2472D46724}.Release|x86.ActiveCfg = Release|Any CPU
		{20FF1E25-A6AA-4F90-BC9C-71FC4587C82B}.Debug|Any CPU.ActiveCfg = Debug|Any CPU
		{20FF1E25-A6AA-4F90-BC9C-71FC4587C82B}.Debug|Any CPU.Build.0 = Debug|Any CPU
		{20FF1E25-A6AA-4F90-BC9C-71FC4587C82B}.Debug|x86.ActiveCfg = Debug|Any CPU
		{20FF1E25-A6AA-4F90-BC9C-71FC4587C82B}.godlike|Any CPU.ActiveCfg = Release|Any CPU
		{20FF1E25-A6AA-4F90-BC9C-71FC4587C82B}.godlike|Any CPU.Build.0 = Release|Any CPU
		{20FF1E25-A6AA-4F90-BC9C-71FC4587C82B}.godlike|x86.ActiveCfg = Release|Any CPU
		{20FF1E25-A6AA-4F90-BC9C-71FC4587C82B}.Release|Any CPU.ActiveCfg = Release|Any CPU
		{20FF1E25-A6AA-4F90-BC9C-71FC4587C82B}.Release|Any CPU.Build.0 = Release|Any CPU
		{20FF1E25-A6AA-4F90-BC9C-71FC4587C82B}.Release|x86.ActiveCfg = Release|Any CPU
		{31078709-F644-4EBC-91D9-0AB9A6E837A9}.Debug|Any CPU.ActiveCfg = Debug|Any CPU
		{31078709-F644-4EBC-91D9-0AB9A6E837A9}.Debug|Any CPU.Build.0 = Debug|Any CPU
		{31078709-F644-4EBC-91D9-0AB9A6E837A9}.Debug|x86.ActiveCfg = Debug|Any CPU
		{31078709-F644-4EBC-91D9-0AB9A6E837A9}.godlike|Any CPU.ActiveCfg = Release|Any CPU
		{31078709-F644-4EBC-91D9-0AB9A6E837A9}.godlike|Any CPU.Build.0 = Release|Any CPU
		{31078709-F644-4EBC-91D9-0AB9A6E837A9}.godlike|x86.ActiveCfg = Release|Any CPU
		{31078709-F644-4EBC-91D9-0AB9A6E837A9}.Release|Any CPU.ActiveCfg = Release|Any CPU
		{31078709-F644-4EBC-91D9-0AB9A6E837A9}.Release|Any CPU.Build.0 = Release|Any CPU
		{31078709-F644-4EBC-91D9-0AB9A6E837A9}.Release|x86.ActiveCfg = Release|Any CPU
		{4EAD17B2-2C56-477A-B0B0-0C3F41BBE841}.Debug|Any CPU.ActiveCfg = Debug|Any CPU
		{4EAD17B2-2C56-477A-B0B0-0C3F41BBE841}.Debug|Any CPU.Build.0 = Debug|Any CPU
		{4EAD17B2-2C56-477A-B0B0-0C3F41BBE841}.Debug|x86.ActiveCfg = Debug|Any CPU
		{4EAD17B2-2C56-477A-B0B0-0C3F41BBE841}.godlike|Any CPU.ActiveCfg = Release|Any CPU
		{4EAD17B2-2C56-477A-B0B0-0C3F41BBE841}.godlike|Any CPU.Build.0 = Release|Any CPU
		{4EAD17B2-2C56-477A-B0B0-0C3F41BBE841}.godlike|x86.ActiveCfg = Release|Any CPU
		{4EAD17B2-2C56-477A-B0B0-0C3F41BBE841}.Release|Any CPU.ActiveCfg = Release|Any CPU
		{4EAD17B2-2C56-477A-B0B0-0C3F41BBE841}.Release|Any CPU.Build.0 = Release|Any CPU
		{4EAD17B2-2C56-477A-B0B0-0C3F41BBE841}.Release|x86.ActiveCfg = Release|Any CPU
		{2F0D611E-E9FC-429E-945B-1656F7435761}.Debug|Any CPU.ActiveCfg = Debug|Any CPU
		{2F0D611E-E9FC-429E-945B-1656F7435761}.Debug|Any CPU.Build.0 = Debug|Any CPU
		{2F0D611E-E9FC-429E-945B-1656F7435761}.Debug|x86.ActiveCfg = Debug|Any CPU
		{2F0D611E-E9FC-429E-945B-1656F7435761}.godlike|Any CPU.ActiveCfg = Release|Any CPU
		{2F0D611E-E9FC-429E-945B-1656F7435761}.godlike|Any CPU.Build.0 = Release|Any CPU
		{2F0D611E-E9FC-429E-945B-1656F7435761}.godlike|x86.ActiveCfg = Release|Any CPU
		{2F0D611E-E9FC-429E-945B-1656F7435761}.Release|Any CPU.ActiveCfg = Release|Any CPU
		{2F0D611E-E9FC-429E-945B-1656F7435761}.Release|Any CPU.Build.0 = Release|Any CPU
		{2F0D611E-E9FC-429E-945B-1656F7435761}.Release|x86.ActiveCfg = Release|Any CPU
	EndGlobalSection
	GlobalSection(SolutionProperties) = preSolution
		HideSolutionNode = FALSE
	EndGlobalSection
	GlobalSection(NestedProjects) = preSolution
		{A9966A0A-146D-4143-B2AE-454DFBD5C346} = {C1EFE846-F8D6-40CA-BE92-94DB4B7CCD20}
		{2B26DDE5-9597-42CD-9AAB-1B79BF11EA0F} = {080EAC32-8B7A-43AE-A00B-FC8FDD4E94C1}
		{9D1783C8-852A-436C-A8E3-D520E557A172} = {392E53AA-6941-41F3-B067-C017E0320FDA}
		{6C2C96AF-0615-48A1-B672-292A6D7BCF18} = {392E53AA-6941-41F3-B067-C017E0320FDA}
		{E264B06D-7F6E-4CA1-8095-E1717997F627} = {392E53AA-6941-41F3-B067-C017E0320FDA}
		{DD551B43-E906-4184-B337-3AD325E82C7F} = {392E53AA-6941-41F3-B067-C017E0320FDA}
		{BDA2C863-BD71-4BB9-A1CE-B5FBAD0F1731} = {8EAB4193-B605-4CA8-B68D-422140E30802}
		{392E53AA-6941-41F3-B067-C017E0320FDA} = {080EAC32-8B7A-43AE-A00B-FC8FDD4E94C1}
		{8EAB4193-B605-4CA8-B68D-422140E30802} = {C1EFE846-F8D6-40CA-BE92-94DB4B7CCD20}
		{5BE53BCE-7D44-4BE2-BEA9-E6AF95A6C15B} = {C1EFE846-F8D6-40CA-BE92-94DB4B7CCD20}
		{230AFA0F-7757-453A-95CA-EDBC8499BAC9} = {8EAB4193-B605-4CA8-B68D-422140E30802}
		{578E2342-6293-4BE0-AE47-B5A0EB54E066} = {8EAB4193-B605-4CA8-B68D-422140E30802}
		{C65C9EC3-6D6D-4EC6-83DE-95B4495FAC39} = {8EAB4193-B605-4CA8-B68D-422140E30802}
		{2C1CBB22-7CBF-485F-8DED-B2162F65F48F} = {5BE53BCE-7D44-4BE2-BEA9-E6AF95A6C15B}
		{FA2001F0-7369-4521-924E-05EFF30462F0} = {5BE53BCE-7D44-4BE2-BEA9-E6AF95A6C15B}
		{18CC4427-AF81-4928-972B-973B32D58EF9} = {8EAB4193-B605-4CA8-B68D-422140E30802}
		{78DA0A32-26B2-4416-BC5F-3D2472D46724} = {33FEB06A-181C-4588-B751-8A0DD55707E5}
		{E76F543A-8FB9-4691-BA98-A2473B90AFCA} = {9C8CFBCA-A08E-4550-A4DA-76C9A833B479}
		{20FF1E25-A6AA-4F90-BC9C-71FC4587C82B} = {E76F543A-8FB9-4691-BA98-A2473B90AFCA}
		{DF322035-D20F-4E54-B664-2D78B2D7A9EE} = {9C8CFBCA-A08E-4550-A4DA-76C9A833B479}
		{31078709-F644-4EBC-91D9-0AB9A6E837A9} = {DF322035-D20F-4E54-B664-2D78B2D7A9EE}
		{4EAD17B2-2C56-477A-B0B0-0C3F41BBE841} = {3678651F-CFF1-4D28-9805-083FBD2B0C4A}
		{C1EFE846-F8D6-40CA-BE92-94DB4B7CCD20} = {9C8CFBCA-A08E-4550-A4DA-76C9A833B479}
		{2F0D611E-E9FC-429E-945B-1656F7435761} = {5BE53BCE-7D44-4BE2-BEA9-E6AF95A6C15B}
	EndGlobalSection
EndGlobal
